// !$*UTF8*$!
{
	archiveVersion = 1;
	classes = {
	};
	objectVersion = 54;
	objects = {

/* Begin PBXBuildFile section */
		1991AB412653AE1E00FA4E1F /* CentreDataDisclaimerCell.swift in Sources */ = {isa = PBXBuildFile; fileRef = 1991AB3F2653AE1E00FA4E1F /* CentreDataDisclaimerCell.swift */; };
		1991AB422653AE1E00FA4E1F /* CentreDataDisclaimerCell.xib in Resources */ = {isa = PBXBuildFile; fileRef = 1991AB402653AE1E00FA4E1F /* CentreDataDisclaimerCell.xib */; };
		5160FE4227903879000BEAD6 /* UIDevice+common.swift in Sources */ = {isa = PBXBuildFile; fileRef = 5160FE4127903879000BEAD6 /* UIDevice+common.swift */; };
		516C10E0265E8EE70056CBB0 /* SettingsTitleCell.swift in Sources */ = {isa = PBXBuildFile; fileRef = 516C10DA265E8EE70056CBB0 /* SettingsTitleCell.swift */; };
		516C10E1265E8EE70056CBB0 /* SettingsCell.xib in Resources */ = {isa = PBXBuildFile; fileRef = 516C10DB265E8EE70056CBB0 /* SettingsCell.xib */; };
		516C10E2265E8EE70056CBB0 /* SettingsCell.swift in Sources */ = {isa = PBXBuildFile; fileRef = 516C10DC265E8EE70056CBB0 /* SettingsCell.swift */; };
		516C10E3265E8EE70056CBB0 /* SettingsTitleCell.xib in Resources */ = {isa = PBXBuildFile; fileRef = 516C10DD265E8EE70056CBB0 /* SettingsTitleCell.xib */; };
		516C10E4265E8EE70056CBB0 /* SettingsViewController.storyboard in Resources */ = {isa = PBXBuildFile; fileRef = 516C10DE265E8EE70056CBB0 /* SettingsViewController.storyboard */; };
		516C10E5265E8EE70056CBB0 /* SettingsViewController.swift in Sources */ = {isa = PBXBuildFile; fileRef = 516C10DF265E8EE70056CBB0 /* SettingsViewController.swift */; };
		516C10EE265E967C0056CBB0 /* UIFont+TextSizes.swift in Sources */ = {isa = PBXBuildFile; fileRef = 516C10ED265E967C0056CBB0 /* UIFont+TextSizes.swift */; };
		518CD6962782360E001768FE /* CentresListFilterOption.swift in Sources */ = {isa = PBXBuildFile; fileRef = 518CD6952782360E001768FE /* CentresListFilterOption.swift */; };
		51B778882780B6700064CC94 /* AccessibilityString.swift in Sources */ = {isa = PBXBuildFile; fileRef = 51B778872780B6700064CC94 /* AccessibilityString.swift */; };
		51C367CC2653AB9400ABB203 /* Settings.bundle in Resources */ = {isa = PBXBuildFile; fileRef = 51C367CB2653AB9400ABB203 /* Settings.bundle */; };
		51C9791D278220450054A2EB /* CentreActionCell.xib in Resources */ = {isa = PBXBuildFile; fileRef = 51C9791B278220450054A2EB /* CentreActionCell.xib */; };
		51C9791E278220450054A2EB /* CentreActionCell.swift in Sources */ = {isa = PBXBuildFile; fileRef = 51C9791C278220450054A2EB /* CentreActionCell.swift */; };
		51E0CA472783CAC7004E0AF7 /* VaccineType.swift in Sources */ = {isa = PBXBuildFile; fileRef = 51E0CA462783CAC7004E0AF7 /* VaccineType.swift */; };
		51F7BFCF2780BFA50028BC89 /* UIContentSizeCategory+Commons.swift in Sources */ = {isa = PBXBuildFile; fileRef = 51F7BFCE2780BFA50028BC89 /* UIContentSizeCategory+Commons.swift */; };
		5702B5D7263595FF00C51F47 /* HomeViewModelDelegateSpy.swift in Sources */ = {isa = PBXBuildFile; fileRef = 5702B5D6263595FF00C51F47 /* HomeViewModelDelegateSpy.swift */; };
		5702B5DB2635965C00C51F47 /* BaseAPIServiceMock.swift in Sources */ = {isa = PBXBuildFile; fileRef = 5702B5DA2635965C00C51F47 /* BaseAPIServiceMock.swift */; };
		57044416263F0D1000F802F2 /* LocationSearchResult.swift in Sources */ = {isa = PBXBuildFile; fileRef = 57044415263F0D1000F802F2 /* LocationSearchResult.swift */; };
		570E94E22640B16E0068E5FC /* Array+Commons.swift in Sources */ = {isa = PBXBuildFile; fileRef = 570E94E12640B16E0068E5FC /* Array+Commons.swift */; };
		572B06492648107900BB04DB /* Logger.swift in Sources */ = {isa = PBXBuildFile; fileRef = 572B06482648107900BB04DB /* Logger.swift */; };
		572B064C264811BE00BB04DB /* FCMHelper.swift in Sources */ = {isa = PBXBuildFile; fileRef = 572B064B264811BE00BB04DB /* FCMHelper.swift */; };
		572B0654264813DE00BB04DB /* CentresListSortOption.swift in Sources */ = {isa = PBXBuildFile; fileRef = 572B0653264813DE00BB04DB /* CentresListSortOption.swift */; };
		572B06572648160800BB04DB /* OnboardingManager.swift in Sources */ = {isa = PBXBuildFile; fileRef = 572B06562648160800BB04DB /* OnboardingManager.swift */; };
		572B065A2648251400BB04DB /* CentresListViewModelProvider.swift in Sources */ = {isa = PBXBuildFile; fileRef = 572B06592648251400BB04DB /* CentresListViewModelProvider.swift */; };
		5747142A262B6BA300535DF1 /* LocationSearchResultCell.swift in Sources */ = {isa = PBXBuildFile; fileRef = 57471428262B6BA300535DF1 /* LocationSearchResultCell.swift */; };
		5747142B262B6BA300535DF1 /* LocationSearchResultCell.xib in Resources */ = {isa = PBXBuildFile; fileRef = 57471429262B6BA300535DF1 /* LocationSearchResultCell.xib */; };
		57493FDD26403F5100F7E662 /* AppConstant.swift in Sources */ = {isa = PBXBuildFile; fileRef = 57493FDC26403F5100F7E662 /* AppConstant.swift */; };
		5752DC63263F33D2004BA4BC /* PromiseKit in Frameworks */ = {isa = PBXBuildFile; productRef = 5752DC62263F33D2004BA4BC /* PromiseKit */; };
		5753E6BA275BFB6B00C386EC /* Bool+Commons.swift in Sources */ = {isa = PBXBuildFile; fileRef = 5753E6B9275BFB6B00C386EC /* Bool+Commons.swift */; };
		5753E6BC275BFD4B00C386EC /* DepartmentSlots.swift in Sources */ = {isa = PBXBuildFile; fileRef = 5753E6BB275BFD4B00C386EC /* DepartmentSlots.swift */; };
		5753E6BE275BFE0C00C386EC /* DailySlot.swift in Sources */ = {isa = PBXBuildFile; fileRef = 5753E6BD275BFE0C00C386EC /* DailySlot.swift */; };
		575CC211262AD8F7008D1869 /* PhoneNumberKit in Frameworks */ = {isa = PBXBuildFile; productRef = 575CC210262AD8F7008D1869 /* PhoneNumberKit */; };
		575CC224262AECA7008D1869 /* HomeTitleCell.swift in Sources */ = {isa = PBXBuildFile; fileRef = 575CC223262AECA7008D1869 /* HomeTitleCell.swift */; };
		575CC22F262AF4E1008D1869 /* HomeSearchBarCell.swift in Sources */ = {isa = PBXBuildFile; fileRef = 575CC22D262AF4E0008D1869 /* HomeSearchBarCell.swift */; };
		575CC230262AF4E1008D1869 /* HomeSearchBarCell.xib in Resources */ = {isa = PBXBuildFile; fileRef = 575CC22E262AF4E1008D1869 /* HomeSearchBarCell.xib */; };
		57613EFD2625085000AB6F2F /* SwiftDate in Frameworks */ = {isa = PBXBuildFile; productRef = 57613EFC2625085000AB6F2F /* SwiftDate */; };
		57613EFF2625085000AB6F2F /* SwiftDateStatic in Frameworks */ = {isa = PBXBuildFile; productRef = 57613EFE2625085000AB6F2F /* SwiftDateStatic */; };
		57613F03262510D700AB6F2F /* PartnerLogo.swift in Sources */ = {isa = PBXBuildFile; fileRef = 57613F02262510D700AB6F2F /* PartnerLogo.swift */; };
		576550E9264750D000399E19 /* BLTNBoard in Frameworks */ = {isa = PBXBuildFile; productRef = 576550E8264750D000399E19 /* BLTNBoard */; };
		576738C0261E329C004A700D /* AppDelegate.swift in Sources */ = {isa = PBXBuildFile; fileRef = 576738BF261E329C004A700D /* AppDelegate.swift */; };
		576738C2261E329C004A700D /* SceneDelegate.swift in Sources */ = {isa = PBXBuildFile; fileRef = 576738C1261E329C004A700D /* SceneDelegate.swift */; };
		576738C9261E32A2004A700D /* Assets.xcassets in Resources */ = {isa = PBXBuildFile; fileRef = 576738C8261E32A2004A700D /* Assets.xcassets */; };
		576738CC261E32A2004A700D /* LaunchScreen.storyboard in Resources */ = {isa = PBXBuildFile; fileRef = 576738CA261E32A2004A700D /* LaunchScreen.storyboard */; };
		576738FB261E374A004A700D /* URL+Commons.swift in Sources */ = {isa = PBXBuildFile; fileRef = 576738FA261E374A004A700D /* URL+Commons.swift */; };
		57673903261E3783004A700D /* Data+Commons.swift in Sources */ = {isa = PBXBuildFile; fileRef = 57673902261E3783004A700D /* Data+Commons.swift */; };
		57673912261E3962004A700D /* VaccinationCentre.swift in Sources */ = {isa = PBXBuildFile; fileRef = 57673911261E3962004A700D /* VaccinationCentre.swift */; };
		57673917261E3B1A004A700D /* UITableView+Commons.swift in Sources */ = {isa = PBXBuildFile; fileRef = 57673916261E3B1A004A700D /* UITableView+Commons.swift */; };
		5767391C261E3B40004A700D /* Storyboard+Common.swift in Sources */ = {isa = PBXBuildFile; fileRef = 5767391B261E3B40004A700D /* Storyboard+Common.swift */; };
		57673921261E3B59004A700D /* Collection+Commons.swift in Sources */ = {isa = PBXBuildFile; fileRef = 57673920261E3B59004A700D /* Collection+Commons.swift */; };
		57673926261E3B6C004A700D /* UIView+Common.swift in Sources */ = {isa = PBXBuildFile; fileRef = 57673925261E3B6C004A700D /* UIView+Common.swift */; };
		57673938261E3BDE004A700D /* HomeViewController.storyboard in Resources */ = {isa = PBXBuildFile; fileRef = 57673937261E3BDE004A700D /* HomeViewController.storyboard */; };
		5767393F261E3C1F004A700D /* HomeViewModel.swift in Sources */ = {isa = PBXBuildFile; fileRef = 5767393E261E3C1F004A700D /* HomeViewModel.swift */; };
		57673955261E4145004A700D /* ClassNameProtocol.swift in Sources */ = {isa = PBXBuildFile; fileRef = 57673954261E4145004A700D /* ClassNameProtocol.swift */; };
		577265C02634D77A009B707C /* HomeViewModelTests.swift in Sources */ = {isa = PBXBuildFile; fileRef = 577265BF2634D77A009B707C /* HomeViewModelTests.swift */; };
		577A7F5E262C6D6400B1D03C /* ErrorDisplayable.swift in Sources */ = {isa = PBXBuildFile; fileRef = 577A7F5D262C6D6400B1D03C /* ErrorDisplayable.swift */; };
		577A7F62262C6D7E00B1D03C /* UIViewController+ErrorDisplayable.swift in Sources */ = {isa = PBXBuildFile; fileRef = 577A7F61262C6D7E00B1D03C /* UIViewController+ErrorDisplayable.swift */; };
		5781C1D5264773B800F394B9 /* FirebaseAnalytics in Frameworks */ = {isa = PBXBuildFile; productRef = 5781C1D4264773B800F394B9 /* FirebaseAnalytics */; };
		5781C1D7264773B800F394B9 /* FirebaseCrashlytics in Frameworks */ = {isa = PBXBuildFile; productRef = 5781C1D6264773B800F394B9 /* FirebaseCrashlytics */; };
		5781C1D9264773B800F394B9 /* FirebaseMessaging in Frameworks */ = {isa = PBXBuildFile; productRef = 5781C1D8264773B800F394B9 /* FirebaseMessaging */; };
		5781C1DB264773B800F394B9 /* FirebaseRemoteConfig in Frameworks */ = {isa = PBXBuildFile; productRef = 5781C1DA264773B800F394B9 /* FirebaseRemoteConfig */; };
		5785314E26441A64005302DB /* CentresSortOptionsCell.swift in Sources */ = {isa = PBXBuildFile; fileRef = 5785314D26441A64005302DB /* CentresSortOptionsCell.swift */; };
		5785315226441B07005302DB /* CentresSortOptionsCell.xib in Resources */ = {isa = PBXBuildFile; fileRef = 5785315126441B07005302DB /* CentresSortOptionsCell.xib */; };
		5785E60F263F3F7200E655FF /* NearDepartments.swift in Sources */ = {isa = PBXBuildFile; fileRef = 5785E60E263F3F7200E655FF /* NearDepartments.swift */; };
		5785E612263F43EB00E655FF /* Departments.swift in Sources */ = {isa = PBXBuildFile; fileRef = 5785E611263F43EB00E655FF /* Departments.swift */; };
		5785E615263F446300E655FF /* departments.json in Resources */ = {isa = PBXBuildFile; fileRef = 5785E614263F446300E655FF /* departments.json */; };
		5785E619263F448F00E655FF /* near_departments.json in Resources */ = {isa = PBXBuildFile; fileRef = 5785E618263F448F00E655FF /* near_departments.json */; };
		5793482F2621E1E200F8A4A0 /* HomeStatsCell.xib in Resources */ = {isa = PBXBuildFile; fileRef = 5793482E2621E1E200F8A4A0 /* HomeStatsCell.xib */; };
		5793483C2621E2F100F8A4A0 /* HomeStatsCell.swift in Sources */ = {isa = PBXBuildFile; fileRef = 5793483B2621E2F100F8A4A0 /* HomeStatsCell.swift */; };
		579348472621E41400F8A4A0 /* UICollectionView+Commons.swift in Sources */ = {isa = PBXBuildFile; fileRef = 579348462621E41400F8A4A0 /* UICollectionView+Commons.swift */; };
		5793484C262241B900F8A4A0 /* Stats.swift in Sources */ = {isa = PBXBuildFile; fileRef = 5793484B262241B900F8A4A0 /* Stats.swift */; };
		5793E6E0264891DA0042F64F /* HomeFollowedCentresCell.swift in Sources */ = {isa = PBXBuildFile; fileRef = 5793E6DF264891DA0042F64F /* HomeFollowedCentresCell.swift */; };
		5793E6E3264891E80042F64F /* HomeFollowedCentresCell.xib in Resources */ = {isa = PBXBuildFile; fileRef = 5793E6E2264891E80042F64F /* HomeFollowedCentresCell.xib */; };
		57954763263E1A1700AD5DFD /* Moya in Frameworks */ = {isa = PBXBuildFile; productRef = 57954762263E1A1700AD5DFD /* Moya */; };
		57954766263E1B2600AD5DFD /* GeoAPIService.swift in Sources */ = {isa = PBXBuildFile; fileRef = 57954765263E1B2600AD5DFD /* GeoAPIService.swift */; };
		57954769263E1B3D00AD5DFD /* BaseAPIService.swift in Sources */ = {isa = PBXBuildFile; fileRef = 57954768263E1B3D00AD5DFD /* BaseAPIService.swift */; };
		5795476D263E1C1B00AD5DFD /* City.swift in Sources */ = {isa = PBXBuildFile; fileRef = 5795476C263E1C1B00AD5DFD /* City.swift */; };
		57954771263E1D1D00AD5DFD /* CachePolicyPlugin.swift in Sources */ = {isa = PBXBuildFile; fileRef = 57954770263E1D1D00AD5DFD /* CachePolicyPlugin.swift */; };
		5795BE102633540C00A44849 /* String+Commons.swift in Sources */ = {isa = PBXBuildFile; fileRef = 5795BE0F2633540C00A44849 /* String+Commons.swift */; };
		579D713226373A030021CB56 /* GoogleService-Info-debug.plist in Resources */ = {isa = PBXBuildFile; fileRef = 579D713126373A030021CB56 /* GoogleService-Info-debug.plist */; };
		57AD21C8261FD47B00ED2B95 /* NSMutableAttributedString+Commons.swift in Sources */ = {isa = PBXBuildFile; fileRef = 57AD21C7261FD47B00ED2B95 /* NSMutableAttributedString+Commons.swift */; };
		57AD21CD262102F700ED2B95 /* UIViewControllerController+Commons.swift in Sources */ = {isa = PBXBuildFile; fileRef = 57AD21CC262102F700ED2B95 /* UIViewControllerController+Commons.swift */; };
		57AD21D62621041200ED2B95 /* CentresListViewController.swift in Sources */ = {isa = PBXBuildFile; fileRef = 57AD21D52621041200ED2B95 /* CentresListViewController.swift */; };
		57AD21DE2621042700ED2B95 /* CentresListViewController.storyboard in Resources */ = {isa = PBXBuildFile; fileRef = 57AD21DD2621042700ED2B95 /* CentresListViewController.storyboard */; };
		57AD21EE2621073200ED2B95 /* LocationSearchViewController.storyboard in Resources */ = {isa = PBXBuildFile; fileRef = 57AD21ED2621073200ED2B95 /* LocationSearchViewController.storyboard */; };
		57AD21F62621097A00ED2B95 /* CentresListViewModel.swift in Sources */ = {isa = PBXBuildFile; fileRef = 57AD21F52621097A00ED2B95 /* CentresListViewModel.swift */; };
		57AF504A262CDB3D0085E3C1 /* CentresStatsCell.swift in Sources */ = {isa = PBXBuildFile; fileRef = 57AF5048262CDB3D0085E3C1 /* CentresStatsCell.swift */; };
		57AF504B262CDB3D0085E3C1 /* CentresStatsCell.xib in Resources */ = {isa = PBXBuildFile; fileRef = 57AF5049262CDB3D0085E3C1 /* CentresStatsCell.xib */; };
		57AF504F262CDD5A0085E3C1 /* CentresTitleCell.swift in Sources */ = {isa = PBXBuildFile; fileRef = 57AF504E262CDD5A0085E3C1 /* CentresTitleCell.swift */; };
		57AF5055262CE28E0085E3C1 /* CentresTitleCell.xib in Resources */ = {isa = PBXBuildFile; fileRef = 57AF5054262CE28E0085E3C1 /* CentresTitleCell.xib */; };
		57B2BCA02633AC5B001B3D61 /* Localization.swift in Sources */ = {isa = PBXBuildFile; fileRef = 57B2BC9F2633AC5B001B3D61 /* Localization.swift */; };
		57B2BCA32633B254001B3D61 /* Localizable.strings in Resources */ = {isa = PBXBuildFile; fileRef = 57B2BCA52633B254001B3D61 /* Localizable.strings */; };
		57B6BEA42636060200D9AAC1 /* MaintenanceViewController.swift in Sources */ = {isa = PBXBuildFile; fileRef = 57B6BEA32636060200D9AAC1 /* MaintenanceViewController.swift */; };
		57B6BEAA2636153000D9AAC1 /* maintenance.html in Resources */ = {isa = PBXBuildFile; fileRef = 57B6BEA92636153000D9AAC1 /* maintenance.html */; };
		57B7CD50262E28460065DD80 /* Haptica in Frameworks */ = {isa = PBXBuildFile; productRef = 57B7CD4F262E28460065DD80 /* Haptica */; };
		57C38B602627826B00FE63B0 /* NSTextAttachment+Commons.swift in Sources */ = {isa = PBXBuildFile; fileRef = 57C38B5F2627826B00FE63B0 /* NSTextAttachment+Commons.swift */; };
		57C4017626235B6200EFFCA3 /* HomePartnersFooterView.swift in Sources */ = {isa = PBXBuildFile; fileRef = 57C4017426235B6200EFFCA3 /* HomePartnersFooterView.swift */; };
		57C4017726235B6200EFFCA3 /* HomePartnersFooterView.xib in Resources */ = {isa = PBXBuildFile; fileRef = 57C4017526235B6200EFFCA3 /* HomePartnersFooterView.xib */; };
		57C4017C262383DA00EFFCA3 /* UIImage+Commons.swift in Sources */ = {isa = PBXBuildFile; fileRef = 57C4017B262383D900EFFCA3 /* UIImage+Commons.swift */; };
		57C4018126238ABC00EFFCA3 /* UIFont+Commons.swift in Sources */ = {isa = PBXBuildFile; fileRef = 57C4018026238ABC00EFFCA3 /* UIFont+Commons.swift */; };
		57C4018F26238E5300EFFCA3 /* LocationSearchHeaderView.xib in Resources */ = {isa = PBXBuildFile; fileRef = 57C4018E26238E5300EFFCA3 /* LocationSearchHeaderView.xib */; };
		57C401962623929800EFFCA3 /* HomeSearchResultCell.swift in Sources */ = {isa = PBXBuildFile; fileRef = 57C401942623929800EFFCA3 /* HomeSearchResultCell.swift */; };
		57C401972623929800EFFCA3 /* HomeSearchResultCell.xib in Resources */ = {isa = PBXBuildFile; fileRef = 57C401952623929800EFFCA3 /* HomeSearchResultCell.xib */; };
		57C401AA262426B100EFFCA3 /* CentreCell.swift in Sources */ = {isa = PBXBuildFile; fileRef = 57C401A8262426B100EFFCA3 /* CentreCell.swift */; };
		57C401AB262426B100EFFCA3 /* CentreCell.xib in Resources */ = {isa = PBXBuildFile; fileRef = 57C401A9262426B100EFFCA3 /* CentreCell.xib */; };
		57CB253426460501004776CA /* FollowedCentre.swift in Sources */ = {isa = PBXBuildFile; fileRef = 57CB253326460501004776CA /* FollowedCentre.swift */; };
		57CB25382646B905004776CA /* FollowedCentresViewModel.swift in Sources */ = {isa = PBXBuildFile; fileRef = 57CB25372646B905004776CA /* FollowedCentresViewModel.swift */; };
		57DEAA03263444BB005E8628 /* Localizable.stringsdict in Resources */ = {isa = PBXBuildFile; fileRef = 57DEAA05263444BB005E8628 /* Localizable.stringsdict */; };
		57DEAA1326346D9D005E8628 /* FormatterUtils.swift in Sources */ = {isa = PBXBuildFile; fileRef = 57DEAA1226346D9D005E8628 /* FormatterUtils.swift */; };
		57EC46FF262B1DC500FBA991 /* HomeTitleCell.xib in Resources */ = {isa = PBXBuildFile; fileRef = 57EC46FE262B1DC500FBA991 /* HomeTitleCell.xib */; };
		57ECA227262B031F001B368F /* UserDefaultsUtils.swift in Sources */ = {isa = PBXBuildFile; fileRef = 57ECA226262B031F001B368F /* UserDefaultsUtils.swift */; };
		57FE5C0F261FA84D0012B66D /* UIColor+ViteMaDose.swift in Sources */ = {isa = PBXBuildFile; fileRef = 57FE5C0E261FA84D0012B66D /* UIColor+ViteMaDose.swift */; };
		6A8E4905265929C300484668 /* LocationSearchViewController.swift in Sources */ = {isa = PBXBuildFile; fileRef = DA4D9952261E6B6A00D28AD0 /* LocationSearchViewController.swift */; };
		6AD0CC18262EC128001F8807 /* Kingfisher in Frameworks */ = {isa = PBXBuildFile; productRef = 6AD0CC17262EC128001F8807 /* Kingfisher */; };
		6AD0CC28262EC1AB001F8807 /* CreditCell.swift in Sources */ = {isa = PBXBuildFile; fileRef = 6AD0CC27262EC1AB001F8807 /* CreditCell.swift */; };
		6AD0CC2C262EC202001F8807 /* CreditCell.xib in Resources */ = {isa = PBXBuildFile; fileRef = 6AD0CC2B262EC202001F8807 /* CreditCell.xib */; };
		6AD0CC30262EC535001F8807 /* CreditViewController.swift in Sources */ = {isa = PBXBuildFile; fileRef = 6AD0CC2F262EC535001F8807 /* CreditViewController.swift */; };
		6AD0CC34262EC58D001F8807 /* Credit.swift in Sources */ = {isa = PBXBuildFile; fileRef = 6AD0CC33262EC58D001F8807 /* Credit.swift */; };
		6AD0CC3A262EC82F001F8807 /* CreditHeaderView.swift in Sources */ = {isa = PBXBuildFile; fileRef = 6AD0CC39262EC82F001F8807 /* CreditHeaderView.swift */; };
		6AD0CC3E262EC8D0001F8807 /* CreditHeaderView.xib in Resources */ = {isa = PBXBuildFile; fileRef = 6AD0CC3D262EC8D0001F8807 /* CreditHeaderView.xib */; };
		6AD0CC42262EC957001F8807 /* CreditViewController.storyboard in Resources */ = {isa = PBXBuildFile; fileRef = 6AD0CC41262EC957001F8807 /* CreditViewController.storyboard */; };
		6AD0CC47262EC9B2001F8807 /* CreditViewModel.swift in Sources */ = {isa = PBXBuildFile; fileRef = 6AD0CC46262EC9B2001F8807 /* CreditViewModel.swift */; };
		6AF7D48C2647062F000E8042 /* HomeViewController.swift in Sources */ = {isa = PBXBuildFile; fileRef = 5767392F261E3BC5004A700D /* HomeViewController.swift */; };
		6AF7D48E26470677000E8042 /* LocationSearchHeaderView.swift in Sources */ = {isa = PBXBuildFile; fileRef = 57C4018626238E4900EFFCA3 /* LocationSearchHeaderView.swift */; };
		6AF7D48F2647068A000E8042 /* GoogleService-Info-prod.plist in Resources */ = {isa = PBXBuildFile; fileRef = 577A7F6B262CA3D000B1D03C /* GoogleService-Info-prod.plist */; };
		DA234DC32626494600D6F71C /* remote-configuration.plist in Resources */ = {isa = PBXBuildFile; fileRef = DA234DC22626494600D6F71C /* remote-configuration.plist */; };
		DA234DD12626506600D6F71C /* RemoteConfig.swift in Sources */ = {isa = PBXBuildFile; fileRef = DA234DD02626506600D6F71C /* RemoteConfig.swift */; };
		DA4D995E261E6D6300D28AD0 /* LocationSearchViewModel.swift in Sources */ = {isa = PBXBuildFile; fileRef = DA4D995D261E6D6300D28AD0 /* LocationSearchViewModel.swift */; };
		DA68647B2627A1CA005B2AC2 /* AppAnalytics.swift in Sources */ = {isa = PBXBuildFile; fileRef = DA68647A2627A1CA005B2AC2 /* AppAnalytics.swift */; };
/* End PBXBuildFile section */

/* Begin PBXContainerItemProxy section */
		576738D3261E32A3004A700D /* PBXContainerItemProxy */ = {
			isa = PBXContainerItemProxy;
			containerPortal = 576738B4261E329C004A700D /* Project object */;
			proxyType = 1;
			remoteGlobalIDString = 576738BB261E329C004A700D;
			remoteInfo = ViteMaDose;
		};
/* End PBXContainerItemProxy section */

/* Begin PBXCopyFilesBuildPhase section */
		57613EF8262507C800AB6F2F /* Embed Frameworks */ = {
			isa = PBXCopyFilesBuildPhase;
			buildActionMask = 2147483647;
			dstPath = "";
			dstSubfolderSpec = 10;
			files = (
			);
			name = "Embed Frameworks";
			runOnlyForDeploymentPostprocessing = 0;
		};
/* End PBXCopyFilesBuildPhase section */

/* Begin PBXFileReference section */
		1991AB3F2653AE1E00FA4E1F /* CentreDataDisclaimerCell.swift */ = {isa = PBXFileReference; lastKnownFileType = sourcecode.swift; path = CentreDataDisclaimerCell.swift; sourceTree = "<group>"; };
		1991AB402653AE1E00FA4E1F /* CentreDataDisclaimerCell.xib */ = {isa = PBXFileReference; lastKnownFileType = file.xib; path = CentreDataDisclaimerCell.xib; sourceTree = "<group>"; };
		5160FE4127903879000BEAD6 /* UIDevice+common.swift */ = {isa = PBXFileReference; lastKnownFileType = sourcecode.swift; path = "UIDevice+common.swift"; sourceTree = "<group>"; };
		516C10DA265E8EE70056CBB0 /* SettingsTitleCell.swift */ = {isa = PBXFileReference; fileEncoding = 4; lastKnownFileType = sourcecode.swift; path = SettingsTitleCell.swift; sourceTree = "<group>"; };
		516C10DB265E8EE70056CBB0 /* SettingsCell.xib */ = {isa = PBXFileReference; fileEncoding = 4; lastKnownFileType = file.xib; path = SettingsCell.xib; sourceTree = "<group>"; };
		516C10DC265E8EE70056CBB0 /* SettingsCell.swift */ = {isa = PBXFileReference; fileEncoding = 4; lastKnownFileType = sourcecode.swift; path = SettingsCell.swift; sourceTree = "<group>"; };
		516C10DD265E8EE70056CBB0 /* SettingsTitleCell.xib */ = {isa = PBXFileReference; fileEncoding = 4; lastKnownFileType = file.xib; path = SettingsTitleCell.xib; sourceTree = "<group>"; };
		516C10DE265E8EE70056CBB0 /* SettingsViewController.storyboard */ = {isa = PBXFileReference; fileEncoding = 4; lastKnownFileType = file.storyboard; path = SettingsViewController.storyboard; sourceTree = "<group>"; };
		516C10DF265E8EE70056CBB0 /* SettingsViewController.swift */ = {isa = PBXFileReference; fileEncoding = 4; lastKnownFileType = sourcecode.swift; path = SettingsViewController.swift; sourceTree = "<group>"; };
		516C10ED265E967C0056CBB0 /* UIFont+TextSizes.swift */ = {isa = PBXFileReference; lastKnownFileType = sourcecode.swift; path = "UIFont+TextSizes.swift"; sourceTree = "<group>"; };
		518CD6952782360E001768FE /* CentresListFilterOption.swift */ = {isa = PBXFileReference; lastKnownFileType = sourcecode.swift; path = CentresListFilterOption.swift; sourceTree = "<group>"; };
		51B778872780B6700064CC94 /* AccessibilityString.swift */ = {isa = PBXFileReference; lastKnownFileType = sourcecode.swift; path = AccessibilityString.swift; sourceTree = "<group>"; };
		51C367CB2653AB9400ABB203 /* Settings.bundle */ = {isa = PBXFileReference; lastKnownFileType = "wrapper.plug-in"; name = Settings.bundle; path = ViteMaDose/Settings.bundle; sourceTree = "<group>"; };
		51C9791B278220450054A2EB /* CentreActionCell.xib */ = {isa = PBXFileReference; fileEncoding = 4; lastKnownFileType = file.xib; path = CentreActionCell.xib; sourceTree = "<group>"; };
		51C9791C278220450054A2EB /* CentreActionCell.swift */ = {isa = PBXFileReference; fileEncoding = 4; lastKnownFileType = sourcecode.swift; path = CentreActionCell.swift; sourceTree = "<group>"; };
		51E0CA462783CAC7004E0AF7 /* VaccineType.swift */ = {isa = PBXFileReference; lastKnownFileType = sourcecode.swift; path = VaccineType.swift; sourceTree = "<group>"; };
		51F7BFCE2780BFA50028BC89 /* UIContentSizeCategory+Commons.swift */ = {isa = PBXFileReference; lastKnownFileType = sourcecode.swift; path = "UIContentSizeCategory+Commons.swift"; sourceTree = "<group>"; };
		51FA546C2664D6EB0023CDD1 /* UIFont+TextSizes.swift */ = {isa = PBXFileReference; fileEncoding = 4; lastKnownFileType = sourcecode.swift; path = "UIFont+TextSizes.swift"; sourceTree = "<group>"; };
		5702B5D6263595FF00C51F47 /* HomeViewModelDelegateSpy.swift */ = {isa = PBXFileReference; lastKnownFileType = sourcecode.swift; path = HomeViewModelDelegateSpy.swift; sourceTree = "<group>"; };
		5702B5DA2635965C00C51F47 /* BaseAPIServiceMock.swift */ = {isa = PBXFileReference; lastKnownFileType = sourcecode.swift; path = BaseAPIServiceMock.swift; sourceTree = "<group>"; };
		57044415263F0D1000F802F2 /* LocationSearchResult.swift */ = {isa = PBXFileReference; lastKnownFileType = sourcecode.swift; path = LocationSearchResult.swift; sourceTree = "<group>"; };
		570E4273263893E5004A47F9 /* ViteMaDoseDebug.entitlements */ = {isa = PBXFileReference; lastKnownFileType = text.plist.entitlements; path = ViteMaDoseDebug.entitlements; sourceTree = "<group>"; };
		570E94E12640B16E0068E5FC /* Array+Commons.swift */ = {isa = PBXFileReference; lastKnownFileType = sourcecode.swift; path = "Array+Commons.swift"; sourceTree = "<group>"; };
		572B06482648107900BB04DB /* Logger.swift */ = {isa = PBXFileReference; lastKnownFileType = sourcecode.swift; path = Logger.swift; sourceTree = "<group>"; };
		572B064B264811BE00BB04DB /* FCMHelper.swift */ = {isa = PBXFileReference; lastKnownFileType = sourcecode.swift; path = FCMHelper.swift; sourceTree = "<group>"; };
		572B0653264813DE00BB04DB /* CentresListSortOption.swift */ = {isa = PBXFileReference; lastKnownFileType = sourcecode.swift; path = CentresListSortOption.swift; sourceTree = "<group>"; };
		572B06562648160800BB04DB /* OnboardingManager.swift */ = {isa = PBXFileReference; lastKnownFileType = sourcecode.swift; path = OnboardingManager.swift; sourceTree = "<group>"; };
		572B06592648251400BB04DB /* CentresListViewModelProvider.swift */ = {isa = PBXFileReference; lastKnownFileType = sourcecode.swift; path = CentresListViewModelProvider.swift; sourceTree = "<group>"; };
		57471428262B6BA300535DF1 /* LocationSearchResultCell.swift */ = {isa = PBXFileReference; lastKnownFileType = sourcecode.swift; path = LocationSearchResultCell.swift; sourceTree = "<group>"; };
		57471429262B6BA300535DF1 /* LocationSearchResultCell.xib */ = {isa = PBXFileReference; lastKnownFileType = file.xib; path = LocationSearchResultCell.xib; sourceTree = "<group>"; };
		57493FDC26403F5100F7E662 /* AppConstant.swift */ = {isa = PBXFileReference; lastKnownFileType = sourcecode.swift; path = AppConstant.swift; sourceTree = "<group>"; };
		5753E6B9275BFB6B00C386EC /* Bool+Commons.swift */ = {isa = PBXFileReference; lastKnownFileType = sourcecode.swift; path = "Bool+Commons.swift"; sourceTree = "<group>"; };
		5753E6BB275BFD4B00C386EC /* DepartmentSlots.swift */ = {isa = PBXFileReference; lastKnownFileType = sourcecode.swift; path = DepartmentSlots.swift; sourceTree = "<group>"; };
		5753E6BD275BFE0C00C386EC /* DailySlot.swift */ = {isa = PBXFileReference; lastKnownFileType = sourcecode.swift; path = DailySlot.swift; sourceTree = "<group>"; };
		575CC223262AECA7008D1869 /* HomeTitleCell.swift */ = {isa = PBXFileReference; lastKnownFileType = sourcecode.swift; path = HomeTitleCell.swift; sourceTree = "<group>"; };
		575CC22D262AF4E0008D1869 /* HomeSearchBarCell.swift */ = {isa = PBXFileReference; lastKnownFileType = sourcecode.swift; path = HomeSearchBarCell.swift; sourceTree = "<group>"; };
		575CC22E262AF4E1008D1869 /* HomeSearchBarCell.xib */ = {isa = PBXFileReference; lastKnownFileType = file.xib; path = HomeSearchBarCell.xib; sourceTree = "<group>"; };
		57613F02262510D700AB6F2F /* PartnerLogo.swift */ = {isa = PBXFileReference; lastKnownFileType = sourcecode.swift; path = PartnerLogo.swift; sourceTree = "<group>"; };
		576738BC261E329C004A700D /* ViteMaDose.app */ = {isa = PBXFileReference; explicitFileType = wrapper.application; includeInIndex = 0; path = ViteMaDose.app; sourceTree = BUILT_PRODUCTS_DIR; };
		576738BF261E329C004A700D /* AppDelegate.swift */ = {isa = PBXFileReference; lastKnownFileType = sourcecode.swift; path = AppDelegate.swift; sourceTree = "<group>"; };
		576738C1261E329C004A700D /* SceneDelegate.swift */ = {isa = PBXFileReference; lastKnownFileType = sourcecode.swift; path = SceneDelegate.swift; sourceTree = "<group>"; };
		576738C8261E32A2004A700D /* Assets.xcassets */ = {isa = PBXFileReference; lastKnownFileType = folder.assetcatalog; path = Assets.xcassets; sourceTree = "<group>"; };
		576738CB261E32A2004A700D /* Base */ = {isa = PBXFileReference; lastKnownFileType = file.storyboard; name = Base; path = Base.lproj/LaunchScreen.storyboard; sourceTree = "<group>"; };
		576738CD261E32A2004A700D /* Info.plist */ = {isa = PBXFileReference; lastKnownFileType = text.plist.xml; path = Info.plist; sourceTree = "<group>"; };
		576738D2261E32A3004A700D /* ViteMaDoseTests.xctest */ = {isa = PBXFileReference; explicitFileType = wrapper.cfbundle; includeInIndex = 0; path = ViteMaDoseTests.xctest; sourceTree = BUILT_PRODUCTS_DIR; };
		576738D8261E32A3004A700D /* Info.plist */ = {isa = PBXFileReference; lastKnownFileType = text.plist.xml; path = Info.plist; sourceTree = "<group>"; };
		576738FA261E374A004A700D /* URL+Commons.swift */ = {isa = PBXFileReference; lastKnownFileType = sourcecode.swift; path = "URL+Commons.swift"; sourceTree = "<group>"; };
		57673902261E3783004A700D /* Data+Commons.swift */ = {isa = PBXFileReference; lastKnownFileType = sourcecode.swift; path = "Data+Commons.swift"; sourceTree = "<group>"; };
		57673911261E3962004A700D /* VaccinationCentre.swift */ = {isa = PBXFileReference; lastKnownFileType = sourcecode.swift; path = VaccinationCentre.swift; sourceTree = "<group>"; };
		57673916261E3B1A004A700D /* UITableView+Commons.swift */ = {isa = PBXFileReference; lastKnownFileType = sourcecode.swift; path = "UITableView+Commons.swift"; sourceTree = "<group>"; };
		5767391B261E3B40004A700D /* Storyboard+Common.swift */ = {isa = PBXFileReference; lastKnownFileType = sourcecode.swift; path = "Storyboard+Common.swift"; sourceTree = "<group>"; };
		57673920261E3B59004A700D /* Collection+Commons.swift */ = {isa = PBXFileReference; lastKnownFileType = sourcecode.swift; path = "Collection+Commons.swift"; sourceTree = "<group>"; };
		57673925261E3B6C004A700D /* UIView+Common.swift */ = {isa = PBXFileReference; lastKnownFileType = sourcecode.swift; path = "UIView+Common.swift"; sourceTree = "<group>"; };
		5767392F261E3BC5004A700D /* HomeViewController.swift */ = {isa = PBXFileReference; lastKnownFileType = sourcecode.swift; path = HomeViewController.swift; sourceTree = "<group>"; };
		57673937261E3BDE004A700D /* HomeViewController.storyboard */ = {isa = PBXFileReference; lastKnownFileType = file.storyboard; path = HomeViewController.storyboard; sourceTree = "<group>"; };
		5767393E261E3C1F004A700D /* HomeViewModel.swift */ = {isa = PBXFileReference; lastKnownFileType = sourcecode.swift; path = HomeViewModel.swift; sourceTree = "<group>"; };
		57673954261E4145004A700D /* ClassNameProtocol.swift */ = {isa = PBXFileReference; lastKnownFileType = sourcecode.swift; path = ClassNameProtocol.swift; sourceTree = "<group>"; };
		577265BE2634D779009B707C /* ViteMaDoseTests-Bridging-Header.h */ = {isa = PBXFileReference; lastKnownFileType = sourcecode.c.h; path = "ViteMaDoseTests-Bridging-Header.h"; sourceTree = "<group>"; };
		577265BF2634D77A009B707C /* HomeViewModelTests.swift */ = {isa = PBXFileReference; lastKnownFileType = sourcecode.swift; path = HomeViewModelTests.swift; sourceTree = "<group>"; };
		577A7F5D262C6D6400B1D03C /* ErrorDisplayable.swift */ = {isa = PBXFileReference; lastKnownFileType = sourcecode.swift; path = ErrorDisplayable.swift; sourceTree = "<group>"; };
		577A7F61262C6D7E00B1D03C /* UIViewController+ErrorDisplayable.swift */ = {isa = PBXFileReference; lastKnownFileType = sourcecode.swift; path = "UIViewController+ErrorDisplayable.swift"; sourceTree = "<group>"; };
		577A7F6B262CA3D000B1D03C /* GoogleService-Info-prod.plist */ = {isa = PBXFileReference; fileEncoding = 4; lastKnownFileType = text.plist.xml; path = "GoogleService-Info-prod.plist"; sourceTree = "<group>"; };
		5785314D26441A64005302DB /* CentresSortOptionsCell.swift */ = {isa = PBXFileReference; lastKnownFileType = sourcecode.swift; path = CentresSortOptionsCell.swift; sourceTree = "<group>"; };
		5785315126441B07005302DB /* CentresSortOptionsCell.xib */ = {isa = PBXFileReference; lastKnownFileType = file.xib; path = CentresSortOptionsCell.xib; sourceTree = "<group>"; };
		5785E60E263F3F7200E655FF /* NearDepartments.swift */ = {isa = PBXFileReference; lastKnownFileType = sourcecode.swift; path = NearDepartments.swift; sourceTree = "<group>"; };
		5785E611263F43EB00E655FF /* Departments.swift */ = {isa = PBXFileReference; lastKnownFileType = sourcecode.swift; path = Departments.swift; sourceTree = "<group>"; };
		5785E614263F446300E655FF /* departments.json */ = {isa = PBXFileReference; lastKnownFileType = text.json; path = departments.json; sourceTree = "<group>"; };
		5785E618263F448F00E655FF /* near_departments.json */ = {isa = PBXFileReference; lastKnownFileType = text.json; path = near_departments.json; sourceTree = "<group>"; };
		5793482E2621E1E200F8A4A0 /* HomeStatsCell.xib */ = {isa = PBXFileReference; lastKnownFileType = file.xib; path = HomeStatsCell.xib; sourceTree = "<group>"; };
		5793483B2621E2F100F8A4A0 /* HomeStatsCell.swift */ = {isa = PBXFileReference; lastKnownFileType = sourcecode.swift; path = HomeStatsCell.swift; sourceTree = "<group>"; };
		579348462621E41400F8A4A0 /* UICollectionView+Commons.swift */ = {isa = PBXFileReference; lastKnownFileType = sourcecode.swift; path = "UICollectionView+Commons.swift"; sourceTree = "<group>"; };
		5793484B262241B900F8A4A0 /* Stats.swift */ = {isa = PBXFileReference; lastKnownFileType = sourcecode.swift; path = Stats.swift; sourceTree = "<group>"; };
		5793E6DF264891DA0042F64F /* HomeFollowedCentresCell.swift */ = {isa = PBXFileReference; lastKnownFileType = sourcecode.swift; path = HomeFollowedCentresCell.swift; sourceTree = "<group>"; };
		5793E6E2264891E80042F64F /* HomeFollowedCentresCell.xib */ = {isa = PBXFileReference; lastKnownFileType = file.xib; path = HomeFollowedCentresCell.xib; sourceTree = "<group>"; };
		57954765263E1B2600AD5DFD /* GeoAPIService.swift */ = {isa = PBXFileReference; lastKnownFileType = sourcecode.swift; path = GeoAPIService.swift; sourceTree = "<group>"; };
		57954768263E1B3D00AD5DFD /* BaseAPIService.swift */ = {isa = PBXFileReference; lastKnownFileType = sourcecode.swift; path = BaseAPIService.swift; sourceTree = "<group>"; };
		5795476C263E1C1B00AD5DFD /* City.swift */ = {isa = PBXFileReference; lastKnownFileType = sourcecode.swift; path = City.swift; sourceTree = "<group>"; };
		57954770263E1D1D00AD5DFD /* CachePolicyPlugin.swift */ = {isa = PBXFileReference; lastKnownFileType = sourcecode.swift; path = CachePolicyPlugin.swift; sourceTree = "<group>"; };
		5795BE0F2633540C00A44849 /* String+Commons.swift */ = {isa = PBXFileReference; lastKnownFileType = sourcecode.swift; path = "String+Commons.swift"; sourceTree = "<group>"; };
		579D713126373A030021CB56 /* GoogleService-Info-debug.plist */ = {isa = PBXFileReference; fileEncoding = 4; lastKnownFileType = text.plist.xml; path = "GoogleService-Info-debug.plist"; sourceTree = "<group>"; };
		57AD21C7261FD47B00ED2B95 /* NSMutableAttributedString+Commons.swift */ = {isa = PBXFileReference; lastKnownFileType = sourcecode.swift; path = "NSMutableAttributedString+Commons.swift"; sourceTree = "<group>"; };
		57AD21CC262102F700ED2B95 /* UIViewControllerController+Commons.swift */ = {isa = PBXFileReference; lastKnownFileType = sourcecode.swift; path = "UIViewControllerController+Commons.swift"; sourceTree = "<group>"; };
		57AD21D52621041200ED2B95 /* CentresListViewController.swift */ = {isa = PBXFileReference; lastKnownFileType = sourcecode.swift; path = CentresListViewController.swift; sourceTree = "<group>"; };
		57AD21DD2621042700ED2B95 /* CentresListViewController.storyboard */ = {isa = PBXFileReference; lastKnownFileType = file.storyboard; path = CentresListViewController.storyboard; sourceTree = "<group>"; };
		57AD21ED2621073200ED2B95 /* LocationSearchViewController.storyboard */ = {isa = PBXFileReference; lastKnownFileType = file.storyboard; path = LocationSearchViewController.storyboard; sourceTree = "<group>"; };
		57AD21F52621097A00ED2B95 /* CentresListViewModel.swift */ = {isa = PBXFileReference; lastKnownFileType = sourcecode.swift; path = CentresListViewModel.swift; sourceTree = "<group>"; };
		57AF5048262CDB3D0085E3C1 /* CentresStatsCell.swift */ = {isa = PBXFileReference; lastKnownFileType = sourcecode.swift; path = CentresStatsCell.swift; sourceTree = "<group>"; };
		57AF5049262CDB3D0085E3C1 /* CentresStatsCell.xib */ = {isa = PBXFileReference; lastKnownFileType = file.xib; path = CentresStatsCell.xib; sourceTree = "<group>"; };
		57AF504E262CDD5A0085E3C1 /* CentresTitleCell.swift */ = {isa = PBXFileReference; lastKnownFileType = sourcecode.swift; path = CentresTitleCell.swift; sourceTree = "<group>"; };
		57AF5054262CE28E0085E3C1 /* CentresTitleCell.xib */ = {isa = PBXFileReference; lastKnownFileType = file.xib; path = CentresTitleCell.xib; sourceTree = "<group>"; };
		57B2BC9F2633AC5B001B3D61 /* Localization.swift */ = {isa = PBXFileReference; lastKnownFileType = sourcecode.swift; path = Localization.swift; sourceTree = "<group>"; };
		57B2BCA42633B254001B3D61 /* fr */ = {isa = PBXFileReference; lastKnownFileType = text.plist.strings; name = fr; path = fr.lproj/Localizable.strings; sourceTree = "<group>"; };
		57B6BEA32636060200D9AAC1 /* MaintenanceViewController.swift */ = {isa = PBXFileReference; lastKnownFileType = sourcecode.swift; path = MaintenanceViewController.swift; sourceTree = "<group>"; };
		57B6BEA92636153000D9AAC1 /* maintenance.html */ = {isa = PBXFileReference; fileEncoding = 4; lastKnownFileType = text.html; path = maintenance.html; sourceTree = "<group>"; };
		57C38B5F2627826B00FE63B0 /* NSTextAttachment+Commons.swift */ = {isa = PBXFileReference; lastKnownFileType = sourcecode.swift; path = "NSTextAttachment+Commons.swift"; sourceTree = "<group>"; };
		57C4017426235B6200EFFCA3 /* HomePartnersFooterView.swift */ = {isa = PBXFileReference; lastKnownFileType = sourcecode.swift; path = HomePartnersFooterView.swift; sourceTree = "<group>"; };
		57C4017526235B6200EFFCA3 /* HomePartnersFooterView.xib */ = {isa = PBXFileReference; lastKnownFileType = file.xib; path = HomePartnersFooterView.xib; sourceTree = "<group>"; };
		57C4017B262383D900EFFCA3 /* UIImage+Commons.swift */ = {isa = PBXFileReference; lastKnownFileType = sourcecode.swift; path = "UIImage+Commons.swift"; sourceTree = "<group>"; };
		57C4018026238ABC00EFFCA3 /* UIFont+Commons.swift */ = {isa = PBXFileReference; lastKnownFileType = sourcecode.swift; path = "UIFont+Commons.swift"; sourceTree = "<group>"; };
		57C4018626238E4900EFFCA3 /* LocationSearchHeaderView.swift */ = {isa = PBXFileReference; lastKnownFileType = sourcecode.swift; path = LocationSearchHeaderView.swift; sourceTree = "<group>"; };
		57C4018E26238E5300EFFCA3 /* LocationSearchHeaderView.xib */ = {isa = PBXFileReference; lastKnownFileType = file.xib; path = LocationSearchHeaderView.xib; sourceTree = "<group>"; };
		57C401942623929800EFFCA3 /* HomeSearchResultCell.swift */ = {isa = PBXFileReference; lastKnownFileType = sourcecode.swift; path = HomeSearchResultCell.swift; sourceTree = "<group>"; };
		57C401952623929800EFFCA3 /* HomeSearchResultCell.xib */ = {isa = PBXFileReference; lastKnownFileType = file.xib; path = HomeSearchResultCell.xib; sourceTree = "<group>"; };
		57C401A8262426B100EFFCA3 /* CentreCell.swift */ = {isa = PBXFileReference; lastKnownFileType = sourcecode.swift; path = CentreCell.swift; sourceTree = "<group>"; };
		57C401A9262426B100EFFCA3 /* CentreCell.xib */ = {isa = PBXFileReference; lastKnownFileType = file.xib; path = CentreCell.xib; sourceTree = "<group>"; };
		57CB253326460501004776CA /* FollowedCentre.swift */ = {isa = PBXFileReference; lastKnownFileType = sourcecode.swift; path = FollowedCentre.swift; sourceTree = "<group>"; };
		57CB25372646B905004776CA /* FollowedCentresViewModel.swift */ = {isa = PBXFileReference; lastKnownFileType = sourcecode.swift; path = FollowedCentresViewModel.swift; sourceTree = "<group>"; };
		57DEAA04263444BB005E8628 /* fr */ = {isa = PBXFileReference; lastKnownFileType = text.plist.stringsdict; name = fr; path = fr.lproj/Localizable.stringsdict; sourceTree = "<group>"; };
		57DEAA1226346D9D005E8628 /* FormatterUtils.swift */ = {isa = PBXFileReference; lastKnownFileType = sourcecode.swift; path = FormatterUtils.swift; sourceTree = "<group>"; };
		57EC46FE262B1DC500FBA991 /* HomeTitleCell.xib */ = {isa = PBXFileReference; lastKnownFileType = file.xib; path = HomeTitleCell.xib; sourceTree = "<group>"; };
		57ECA226262B031F001B368F /* UserDefaultsUtils.swift */ = {isa = PBXFileReference; lastKnownFileType = sourcecode.swift; path = UserDefaultsUtils.swift; sourceTree = "<group>"; };
		57FE5C0E261FA84D0012B66D /* UIColor+ViteMaDose.swift */ = {isa = PBXFileReference; lastKnownFileType = sourcecode.swift; path = "UIColor+ViteMaDose.swift"; sourceTree = "<group>"; };
		6A28354B262DC06C00FA6456 /* ViteMaDose.entitlements */ = {isa = PBXFileReference; lastKnownFileType = text.plist.entitlements; path = ViteMaDose.entitlements; sourceTree = "<group>"; };
		6AD0CC27262EC1AB001F8807 /* CreditCell.swift */ = {isa = PBXFileReference; lastKnownFileType = sourcecode.swift; path = CreditCell.swift; sourceTree = "<group>"; };
		6AD0CC2B262EC202001F8807 /* CreditCell.xib */ = {isa = PBXFileReference; lastKnownFileType = file.xib; path = CreditCell.xib; sourceTree = "<group>"; };
		6AD0CC2F262EC535001F8807 /* CreditViewController.swift */ = {isa = PBXFileReference; lastKnownFileType = sourcecode.swift; path = CreditViewController.swift; sourceTree = "<group>"; };
		6AD0CC33262EC58D001F8807 /* Credit.swift */ = {isa = PBXFileReference; lastKnownFileType = sourcecode.swift; path = Credit.swift; sourceTree = "<group>"; };
		6AD0CC39262EC82F001F8807 /* CreditHeaderView.swift */ = {isa = PBXFileReference; lastKnownFileType = sourcecode.swift; path = CreditHeaderView.swift; sourceTree = "<group>"; };
		6AD0CC3D262EC8D0001F8807 /* CreditHeaderView.xib */ = {isa = PBXFileReference; lastKnownFileType = file.xib; path = CreditHeaderView.xib; sourceTree = "<group>"; };
		6AD0CC41262EC957001F8807 /* CreditViewController.storyboard */ = {isa = PBXFileReference; lastKnownFileType = file.storyboard; path = CreditViewController.storyboard; sourceTree = "<group>"; };
		6AD0CC46262EC9B2001F8807 /* CreditViewModel.swift */ = {isa = PBXFileReference; lastKnownFileType = sourcecode.swift; path = CreditViewModel.swift; sourceTree = "<group>"; };
		889B9A49263307EC00175E24 /* .swiftlint.yml */ = {isa = PBXFileReference; lastKnownFileType = text.yaml; path = .swiftlint.yml; sourceTree = "<group>"; };
		DA234DC22626494600D6F71C /* remote-configuration.plist */ = {isa = PBXFileReference; lastKnownFileType = text.plist.xml; path = "remote-configuration.plist"; sourceTree = "<group>"; };
		DA234DD02626506600D6F71C /* RemoteConfig.swift */ = {isa = PBXFileReference; lastKnownFileType = sourcecode.swift; path = RemoteConfig.swift; sourceTree = "<group>"; };
		DA4D9952261E6B6A00D28AD0 /* LocationSearchViewController.swift */ = {isa = PBXFileReference; lastKnownFileType = sourcecode.swift; path = LocationSearchViewController.swift; sourceTree = "<group>"; };
		DA4D995D261E6D6300D28AD0 /* LocationSearchViewModel.swift */ = {isa = PBXFileReference; lastKnownFileType = sourcecode.swift; path = LocationSearchViewModel.swift; sourceTree = "<group>"; };
		DA68647A2627A1CA005B2AC2 /* AppAnalytics.swift */ = {isa = PBXFileReference; lastKnownFileType = sourcecode.swift; path = AppAnalytics.swift; sourceTree = "<group>"; };
/* End PBXFileReference section */

/* Begin PBXFrameworksBuildPhase section */
		576738B9261E329C004A700D /* Frameworks */ = {
			isa = PBXFrameworksBuildPhase;
			buildActionMask = 2147483647;
			files = (
				5781C1DB264773B800F394B9 /* FirebaseRemoteConfig in Frameworks */,
				576550E9264750D000399E19 /* BLTNBoard in Frameworks */,
				57613EFF2625085000AB6F2F /* SwiftDateStatic in Frameworks */,
				5781C1D9264773B800F394B9 /* FirebaseMessaging in Frameworks */,
				5781C1D5264773B800F394B9 /* FirebaseAnalytics in Frameworks */,
				5752DC63263F33D2004BA4BC /* PromiseKit in Frameworks */,
				57B7CD50262E28460065DD80 /* Haptica in Frameworks */,
				6AD0CC18262EC128001F8807 /* Kingfisher in Frameworks */,
				57954763263E1A1700AD5DFD /* Moya in Frameworks */,
				5781C1D7264773B800F394B9 /* FirebaseCrashlytics in Frameworks */,
				575CC211262AD8F7008D1869 /* PhoneNumberKit in Frameworks */,
				57613EFD2625085000AB6F2F /* SwiftDate in Frameworks */,
			);
			runOnlyForDeploymentPostprocessing = 0;
		};
		576738CF261E32A3004A700D /* Frameworks */ = {
			isa = PBXFrameworksBuildPhase;
			buildActionMask = 2147483647;
			files = (
			);
			runOnlyForDeploymentPostprocessing = 0;
		};
/* End PBXFrameworksBuildPhase section */

/* Begin PBXGroup section */
		516C10D8265E8EE60056CBB0 /* Settings */ = {
			isa = PBXGroup;
			children = (
				516C10D9265E8EE70056CBB0 /* Cells */,
				516C10DE265E8EE70056CBB0 /* SettingsViewController.storyboard */,
				516C10DF265E8EE70056CBB0 /* SettingsViewController.swift */,
			);
			path = Settings;
			sourceTree = "<group>";
		};
		516C10D9265E8EE70056CBB0 /* Cells */ = {
			isa = PBXGroup;
			children = (
				516C10DA265E8EE70056CBB0 /* SettingsTitleCell.swift */,
				516C10DB265E8EE70056CBB0 /* SettingsCell.xib */,
				516C10DC265E8EE70056CBB0 /* SettingsCell.swift */,
				516C10DD265E8EE70056CBB0 /* SettingsTitleCell.xib */,
			);
			path = Cells;
			sourceTree = "<group>";
		};
		5702B5D92635963100C51F47 /* Networking */ = {
			isa = PBXGroup;
			children = (
				5702B5DA2635965C00C51F47 /* BaseAPIServiceMock.swift */,
			);
			path = Networking;
			sourceTree = "<group>";
		};
		571720A52634D9B300896A0D /* Frameworks */ = {
			isa = PBXGroup;
			children = (
			);
			name = Frameworks;
			sourceTree = "<group>";
		};
		57471427262B6B7500535DF1 /* Cells */ = {
			isa = PBXGroup;
			children = (
				57471428262B6BA300535DF1 /* LocationSearchResultCell.swift */,
				57471429262B6BA300535DF1 /* LocationSearchResultCell.xib */,
			);
			path = Cells;
			sourceTree = "<group>";
		};
		576738B3261E329C004A700D = {
			isa = PBXGroup;
			children = (
				51C367CB2653AB9400ABB203 /* Settings.bundle */,
				889B9A49263307EC00175E24 /* .swiftlint.yml */,
				576738BE261E329C004A700D /* ViteMaDose */,
				576738D5261E32A3004A700D /* ViteMaDoseTests */,
				576738BD261E329C004A700D /* Products */,
				571720A52634D9B300896A0D /* Frameworks */,
			);
			sourceTree = "<group>";
		};
		576738BD261E329C004A700D /* Products */ = {
			isa = PBXGroup;
			children = (
				576738BC261E329C004A700D /* ViteMaDose.app */,
				576738D2261E32A3004A700D /* ViteMaDoseTests.xctest */,
			);
			name = Products;
			sourceTree = "<group>";
		};
		576738BE261E329C004A700D /* ViteMaDose */ = {
			isa = PBXGroup;
			children = (
				57673986261E5AF3004A700D /* Application */,
				5767392A261E3B99004A700D /* Views */,
				5767393C261E3BFD004A700D /* ViewModels */,
				57673908261E383D004A700D /* Models */,
				57673907261E37F8004A700D /* Networking */,
				576738F9261E3709004A700D /* Helpers */,
				57673977261E5A37004A700D /* Resources */,
			);
			path = ViteMaDose;
			sourceTree = "<group>";
		};
		576738D5261E32A3004A700D /* ViteMaDoseTests */ = {
			isa = PBXGroup;
			children = (
				577265C32634D798009B707C /* ViewModels */,
				5702B5D92635963100C51F47 /* Networking */,
				576738D8261E32A3004A700D /* Info.plist */,
				577265BE2634D779009B707C /* ViteMaDoseTests-Bridging-Header.h */,
			);
			path = ViteMaDoseTests;
			sourceTree = "<group>";
		};
		576738F9261E3709004A700D /* Helpers */ = {
			isa = PBXGroup;
			children = (
				57CB253D2646E1F5004776CA /* Classes */,
				DA6864792627A1BC005B2AC2 /* Utils */,
				5767397D261E5A81004A700D /* Protocols */,
				5767397C261E5A7A004A700D /* Extensions */,
			);
			path = Helpers;
			sourceTree = "<group>";
		};
		57673907261E37F8004A700D /* Networking */ = {
			isa = PBXGroup;
			children = (
				DA234DD02626506600D6F71C /* RemoteConfig.swift */,
				57954768263E1B3D00AD5DFD /* BaseAPIService.swift */,
				57954765263E1B2600AD5DFD /* GeoAPIService.swift */,
				57954770263E1D1D00AD5DFD /* CachePolicyPlugin.swift */,
			);
			path = Networking;
			sourceTree = "<group>";
		};
		57673908261E383D004A700D /* Models */ = {
			isa = PBXGroup;
			children = (
				6AD0CC33262EC58D001F8807 /* Credit.swift */,
				5785E611263F43EB00E655FF /* Departments.swift */,
				5785E60E263F3F7200E655FF /* NearDepartments.swift */,
				57673911261E3962004A700D /* VaccinationCentre.swift */,
				5793484B262241B900F8A4A0 /* Stats.swift */,
				57613F02262510D700AB6F2F /* PartnerLogo.swift */,
				5795476C263E1C1B00AD5DFD /* City.swift */,
				57044415263F0D1000F802F2 /* LocationSearchResult.swift */,
				57CB253326460501004776CA /* FollowedCentre.swift */,
				5753E6BB275BFD4B00C386EC /* DepartmentSlots.swift */,
				5753E6BD275BFE0C00C386EC /* DailySlot.swift */,
				51E0CA462783CAC7004E0AF7 /* VaccineType.swift */,
			);
			path = Models;
			sourceTree = "<group>";
		};
		5767392A261E3B99004A700D /* Views */ = {
			isa = PBXGroup;
			children = (
				516C10D8265E8EE60056CBB0 /* Settings */,
				5767392E261E3BB2004A700D /* Home */,
				57AD21E22621067D00ED2B95 /* LocationSearch */,
				57AD21D4262103F000ED2B95 /* CentresList */,
				6AD0CC1C262EC141001F8807 /* Credits */,
				57B6BEA2263605DE00D9AAC1 /* Maintenance */,
			);
			path = Views;
			sourceTree = "<group>";
		};
		5767392E261E3BB2004A700D /* Home */ = {
			isa = PBXGroup;
			children = (
				579348282621DA9D00F8A4A0 /* Cells */,
				57EC4706262B629B00FBA991 /* Footer */,
				5767392F261E3BC5004A700D /* HomeViewController.swift */,
				57673937261E3BDE004A700D /* HomeViewController.storyboard */,
			);
			path = Home;
			sourceTree = "<group>";
		};
		5767393C261E3BFD004A700D /* ViewModels */ = {
			isa = PBXGroup;
			children = (
				5767393D261E3C10004A700D /* Home */,
				57AD21E9262106E100ED2B95 /* LocationSearch */,
				57AD21FA2621098500ED2B95 /* CentresList */,
				6AD0CC45262EC994001F8807 /* Credit */,
				57CB25362646B8E9004776CA /* FollowedCentres */,
			);
			path = ViewModels;
			sourceTree = "<group>";
		};
		5767393D261E3C10004A700D /* Home */ = {
			isa = PBXGroup;
			children = (
				5767393E261E3C1F004A700D /* HomeViewModel.swift */,
			);
			path = Home;
			sourceTree = "<group>";
		};
		57673977261E5A37004A700D /* Resources */ = {
			isa = PBXGroup;
			children = (
				576738C8261E32A2004A700D /* Assets.xcassets */,
				57B6BEA92636153000D9AAC1 /* maintenance.html */,
				57DEAA1826346FA7005E8628 /* Localization */,
				5785E614263F446300E655FF /* departments.json */,
				5785E618263F448F00E655FF /* near_departments.json */,
				57493FDC26403F5100F7E662 /* AppConstant.swift */,
			);
			path = Resources;
			sourceTree = "<group>";
		};
		5767397C261E5A7A004A700D /* Extensions */ = {
			isa = PBXGroup;
			children = (
				576738FA261E374A004A700D /* URL+Commons.swift */,
				5753E6B9275BFB6B00C386EC /* Bool+Commons.swift */,
				57673902261E3783004A700D /* Data+Commons.swift */,
				57673916261E3B1A004A700D /* UITableView+Commons.swift */,
				579348462621E41400F8A4A0 /* UICollectionView+Commons.swift */,
				5767391B261E3B40004A700D /* Storyboard+Common.swift */,
				57673920261E3B59004A700D /* Collection+Commons.swift */,
				51FA546C2664D6EB0023CDD1 /* UIFont+TextSizes.swift */,
				57673925261E3B6C004A700D /* UIView+Common.swift */,
				57FE5C0E261FA84D0012B66D /* UIColor+ViteMaDose.swift */,
				57AD21C7261FD47B00ED2B95 /* NSMutableAttributedString+Commons.swift */,
				57AD21CC262102F700ED2B95 /* UIViewControllerController+Commons.swift */,
				57C4017B262383D900EFFCA3 /* UIImage+Commons.swift */,
				57C4018026238ABC00EFFCA3 /* UIFont+Commons.swift */,
				516C10ED265E967C0056CBB0 /* UIFont+TextSizes.swift */,
				57C38B5F2627826B00FE63B0 /* NSTextAttachment+Commons.swift */,
				577A7F61262C6D7E00B1D03C /* UIViewController+ErrorDisplayable.swift */,
				5795BE0F2633540C00A44849 /* String+Commons.swift */,
				570E94E12640B16E0068E5FC /* Array+Commons.swift */,
				51F7BFCE2780BFA50028BC89 /* UIContentSizeCategory+Commons.swift */,
				5160FE4127903879000BEAD6 /* UIDevice+common.swift */,
			);
			path = Extensions;
			sourceTree = "<group>";
		};
		5767397D261E5A81004A700D /* Protocols */ = {
			isa = PBXGroup;
			children = (
				57673954261E4145004A700D /* ClassNameProtocol.swift */,
				577A7F5D262C6D6400B1D03C /* ErrorDisplayable.swift */,
			);
			path = Protocols;
			sourceTree = "<group>";
		};
		57673986261E5AF3004A700D /* Application */ = {
			isa = PBXGroup;
			children = (
				570E4273263893E5004A47F9 /* ViteMaDoseDebug.entitlements */,
				6A28354B262DC06C00FA6456 /* ViteMaDose.entitlements */,
				579D713126373A030021CB56 /* GoogleService-Info-debug.plist */,
				577A7F6B262CA3D000B1D03C /* GoogleService-Info-prod.plist */,
				576738BF261E329C004A700D /* AppDelegate.swift */,
				576738C1261E329C004A700D /* SceneDelegate.swift */,
				576738CA261E32A2004A700D /* LaunchScreen.storyboard */,
				576738CD261E32A2004A700D /* Info.plist */,
				DA234DC22626494600D6F71C /* remote-configuration.plist */,
			);
			name = Application;
			sourceTree = "<group>";
		};
		577265C32634D798009B707C /* ViewModels */ = {
			isa = PBXGroup;
			children = (
				577265C42634D7AA009B707C /* Home */,
			);
			path = ViewModels;
			sourceTree = "<group>";
		};
		577265C42634D7AA009B707C /* Home */ = {
			isa = PBXGroup;
			children = (
				577265BF2634D77A009B707C /* HomeViewModelTests.swift */,
				5702B5D6263595FF00C51F47 /* HomeViewModelDelegateSpy.swift */,
			);
			path = Home;
			sourceTree = "<group>";
		};
		579348282621DA9D00F8A4A0 /* Cells */ = {
			isa = PBXGroup;
			children = (
				575CC223262AECA7008D1869 /* HomeTitleCell.swift */,
				57EC46FE262B1DC500FBA991 /* HomeTitleCell.xib */,
				5793483B2621E2F100F8A4A0 /* HomeStatsCell.swift */,
				5793482E2621E1E200F8A4A0 /* HomeStatsCell.xib */,
				575CC22D262AF4E0008D1869 /* HomeSearchBarCell.swift */,
				575CC22E262AF4E1008D1869 /* HomeSearchBarCell.xib */,
				57C401942623929800EFFCA3 /* HomeSearchResultCell.swift */,
				57C401952623929800EFFCA3 /* HomeSearchResultCell.xib */,
				5793E6DF264891DA0042F64F /* HomeFollowedCentresCell.swift */,
				5793E6E2264891E80042F64F /* HomeFollowedCentresCell.xib */,
			);
			path = Cells;
			sourceTree = "<group>";
		};
		57AD21D4262103F000ED2B95 /* CentresList */ = {
			isa = PBXGroup;
			children = (
				57C401A72624266800EFFCA3 /* Cells */,
				57AD21D52621041200ED2B95 /* CentresListViewController.swift */,
				57AD21DD2621042700ED2B95 /* CentresListViewController.storyboard */,
			);
			path = CentresList;
			sourceTree = "<group>";
		};
		57AD21E22621067D00ED2B95 /* LocationSearch */ = {
			isa = PBXGroup;
			children = (
				57471427262B6B7500535DF1 /* Cells */,
				57C4018526238E2200EFFCA3 /* Header */,
				DA4D9952261E6B6A00D28AD0 /* LocationSearchViewController.swift */,
				57AD21ED2621073200ED2B95 /* LocationSearchViewController.storyboard */,
			);
			path = LocationSearch;
			sourceTree = "<group>";
		};
		57AD21E9262106E100ED2B95 /* LocationSearch */ = {
			isa = PBXGroup;
			children = (
				DA4D995D261E6D6300D28AD0 /* LocationSearchViewModel.swift */,
			);
			path = LocationSearch;
			sourceTree = "<group>";
		};
		57AD21FA2621098500ED2B95 /* CentresList */ = {
			isa = PBXGroup;
			children = (
				57AD21F52621097A00ED2B95 /* CentresListViewModel.swift */,
				572B06592648251400BB04DB /* CentresListViewModelProvider.swift */,
				572B0653264813DE00BB04DB /* CentresListSortOption.swift */,
				518CD6952782360E001768FE /* CentresListFilterOption.swift */,
			);
			path = CentresList;
			sourceTree = "<group>";
		};
		57B6BEA2263605DE00D9AAC1 /* Maintenance */ = {
			isa = PBXGroup;
			children = (
				57B6BEA32636060200D9AAC1 /* MaintenanceViewController.swift */,
			);
			path = Maintenance;
			sourceTree = "<group>";
		};
		57C4018526238E2200EFFCA3 /* Header */ = {
			isa = PBXGroup;
			children = (
				57C4018626238E4900EFFCA3 /* LocationSearchHeaderView.swift */,
				57C4018E26238E5300EFFCA3 /* LocationSearchHeaderView.xib */,
			);
			path = Header;
			sourceTree = "<group>";
		};
		57C401A72624266800EFFCA3 /* Cells */ = {
			isa = PBXGroup;
			children = (
				51C9791C278220450054A2EB /* CentreActionCell.swift */,
				51C9791B278220450054A2EB /* CentreActionCell.xib */,
				57AF504E262CDD5A0085E3C1 /* CentresTitleCell.swift */,
				57AF5054262CE28E0085E3C1 /* CentresTitleCell.xib */,
				57AF5048262CDB3D0085E3C1 /* CentresStatsCell.swift */,
				57AF5049262CDB3D0085E3C1 /* CentresStatsCell.xib */,
				57C401A8262426B100EFFCA3 /* CentreCell.swift */,
				57C401A9262426B100EFFCA3 /* CentreCell.xib */,
				5785314D26441A64005302DB /* CentresSortOptionsCell.swift */,
				5785315126441B07005302DB /* CentresSortOptionsCell.xib */,
				1991AB3F2653AE1E00FA4E1F /* CentreDataDisclaimerCell.swift */,
				1991AB402653AE1E00FA4E1F /* CentreDataDisclaimerCell.xib */,
			);
			path = Cells;
			sourceTree = "<group>";
		};
		57CB25362646B8E9004776CA /* FollowedCentres */ = {
			isa = PBXGroup;
			children = (
				57CB25372646B905004776CA /* FollowedCentresViewModel.swift */,
			);
			path = FollowedCentres;
			sourceTree = "<group>";
		};
		57CB253D2646E1F5004776CA /* Classes */ = {
			isa = PBXGroup;
			children = (
				572B06482648107900BB04DB /* Logger.swift */,
				51B778872780B6700064CC94 /* AccessibilityString.swift */,
			);
			path = Classes;
			sourceTree = "<group>";
		};
		57DEAA1826346FA7005E8628 /* Localization */ = {
			isa = PBXGroup;
			children = (
				57B2BCA52633B254001B3D61 /* Localizable.strings */,
				57DEAA05263444BB005E8628 /* Localizable.stringsdict */,
				57B2BC9F2633AC5B001B3D61 /* Localization.swift */,
			);
			path = Localization;
			sourceTree = "<group>";
		};
		57EC4706262B629B00FBA991 /* Footer */ = {
			isa = PBXGroup;
			children = (
				57C4017426235B6200EFFCA3 /* HomePartnersFooterView.swift */,
				57C4017526235B6200EFFCA3 /* HomePartnersFooterView.xib */,
			);
			path = Footer;
			sourceTree = "<group>";
		};
		6AD0CC1C262EC141001F8807 /* Credits */ = {
			isa = PBXGroup;
			children = (
				6AD0CC23262EC163001F8807 /* Cells */,
				6AD0CC24262EC17E001F8807 /* Header */,
				6AD0CC2F262EC535001F8807 /* CreditViewController.swift */,
				6AD0CC41262EC957001F8807 /* CreditViewController.storyboard */,
			);
			path = Credits;
			sourceTree = "<group>";
		};
		6AD0CC23262EC163001F8807 /* Cells */ = {
			isa = PBXGroup;
			children = (
				6AD0CC27262EC1AB001F8807 /* CreditCell.swift */,
				6AD0CC2B262EC202001F8807 /* CreditCell.xib */,
			);
			path = Cells;
			sourceTree = "<group>";
		};
		6AD0CC24262EC17E001F8807 /* Header */ = {
			isa = PBXGroup;
			children = (
				6AD0CC39262EC82F001F8807 /* CreditHeaderView.swift */,
				6AD0CC3D262EC8D0001F8807 /* CreditHeaderView.xib */,
			);
			path = Header;
			sourceTree = "<group>";
		};
		6AD0CC45262EC994001F8807 /* Credit */ = {
			isa = PBXGroup;
			children = (
				6AD0CC46262EC9B2001F8807 /* CreditViewModel.swift */,
			);
			path = Credit;
			sourceTree = "<group>";
		};
		DA6864792627A1BC005B2AC2 /* Utils */ = {
			isa = PBXGroup;
			children = (
				57ECA226262B031F001B368F /* UserDefaultsUtils.swift */,
				DA68647A2627A1CA005B2AC2 /* AppAnalytics.swift */,
				57DEAA1226346D9D005E8628 /* FormatterUtils.swift */,
				572B064B264811BE00BB04DB /* FCMHelper.swift */,
				572B06562648160800BB04DB /* OnboardingManager.swift */,
			);
			path = Utils;
			sourceTree = "<group>";
		};
/* End PBXGroup section */

/* Begin PBXNativeTarget section */
		576738BB261E329C004A700D /* ViteMaDose */ = {
			isa = PBXNativeTarget;
			buildConfigurationList = 576738E6261E32A3004A700D /* Build configuration list for PBXNativeTarget "ViteMaDose" */;
			buildPhases = (
				889B9A48263307BC00175E24 /* Swiftlint */,
				576738B8261E329C004A700D /* Sources */,
				576738B9261E329C004A700D /* Frameworks */,
				576738BA261E329C004A700D /* Resources */,
				57613EF8262507C800AB6F2F /* Embed Frameworks */,
				579D712C263738E20021CB56 /* Firebase Configuration */,
				DA68646626276624005B2AC2 /* Crashlytics */,
				577A7F2B262B8AB600B1D03C /* Firebase SPM  */,
				57B7CD53262E36A60065DD80 /* Build Number */,
			);
			buildRules = (
			);
			dependencies = (
				576550E026474F1200399E19 /* PBXTargetDependency */,
				576550E226474F1200399E19 /* PBXTargetDependency */,
				577A7F39262B900200B1D03C /* PBXTargetDependency */,
				576550DE26474EF500399E19 /* PBXTargetDependency */,
				577A7F3B262B900200B1D03C /* PBXTargetDependency */,
				5774773A2647482B000CC89E /* PBXTargetDependency */,
				577A7F33262B8FF200B1D03C /* PBXTargetDependency */,
				577A7F35262B8FF200B1D03C /* PBXTargetDependency */,
				577A7F37262B8FF200B1D03C /* PBXTargetDependency */,
			);
			name = ViteMaDose;
			packageProductDependencies = (
				57613EFC2625085000AB6F2F /* SwiftDate */,
				57613EFE2625085000AB6F2F /* SwiftDateStatic */,
				575CC210262AD8F7008D1869 /* PhoneNumberKit */,
				57B7CD4F262E28460065DD80 /* Haptica */,
				6AD0CC17262EC128001F8807 /* Kingfisher */,
				57954762263E1A1700AD5DFD /* Moya */,
				5752DC62263F33D2004BA4BC /* PromiseKit */,
				576550E8264750D000399E19 /* BLTNBoard */,
				5781C1D4264773B800F394B9 /* FirebaseAnalytics */,
				5781C1D6264773B800F394B9 /* FirebaseCrashlytics */,
				5781C1D8264773B800F394B9 /* FirebaseMessaging */,
				5781C1DA264773B800F394B9 /* FirebaseRemoteConfig */,
			);
			productName = ViteMaDose;
			productReference = 576738BC261E329C004A700D /* ViteMaDose.app */;
			productType = "com.apple.product-type.application";
		};
		576738D1261E32A3004A700D /* ViteMaDoseTests */ = {
			isa = PBXNativeTarget;
			buildConfigurationList = 576738E9261E32A3004A700D /* Build configuration list for PBXNativeTarget "ViteMaDoseTests" */;
			buildPhases = (
				576738CE261E32A3004A700D /* Sources */,
				576738CF261E32A3004A700D /* Frameworks */,
				576738D0261E32A3004A700D /* Resources */,
			);
			buildRules = (
			);
			dependencies = (
				576738D4261E32A3004A700D /* PBXTargetDependency */,
			);
			name = ViteMaDoseTests;
			productName = ViteMaDoseTests;
			productReference = 576738D2261E32A3004A700D /* ViteMaDoseTests.xctest */;
			productType = "com.apple.product-type.bundle.unit-test";
		};
/* End PBXNativeTarget section */

/* Begin PBXProject section */
		576738B4261E329C004A700D /* Project object */ = {
			isa = PBXProject;
			attributes = {
				LastSwiftUpdateCheck = 1240;
				LastUpgradeCheck = 1310;
				TargetAttributes = {
					576738BB261E329C004A700D = {
						CreatedOnToolsVersion = 12.4;
					};
					576738D1261E32A3004A700D = {
						CreatedOnToolsVersion = 12.4;
						LastSwiftMigration = 1240;
						TestTargetID = 576738BB261E329C004A700D;
					};
				};
			};
			buildConfigurationList = 576738B7261E329C004A700D /* Build configuration list for PBXProject "ViteMaDose" */;
			compatibilityVersion = "Xcode 9.3";
			developmentRegion = fr;
			hasScannedForEncodings = 0;
			knownRegions = (
				fr,
				Base,
			);
			mainGroup = 576738B3261E329C004A700D;
			packageReferences = (
				57613EFB2625085000AB6F2F /* XCRemoteSwiftPackageReference "SwiftDate" */,
				575CC20F262AD8F6008D1869 /* XCRemoteSwiftPackageReference "PhoneNumberKit" */,
				57B7CD4E262E28460065DD80 /* XCRemoteSwiftPackageReference "Haptica" */,
				6AD0CC16262EC128001F8807 /* XCRemoteSwiftPackageReference "Kingfisher" */,
				57954761263E1A1600AD5DFD /* XCRemoteSwiftPackageReference "Moya" */,
				5752DC61263F33D2004BA4BC /* XCRemoteSwiftPackageReference "PromiseKit" */,
				576550E7264750D000399E19 /* XCRemoteSwiftPackageReference "BulletinBoard" */,
				5781C1D3264773B800F394B9 /* XCRemoteSwiftPackageReference "firebase-ios-sdk" */,
			);
			productRefGroup = 576738BD261E329C004A700D /* Products */;
			projectDirPath = "";
			projectRoot = "";
			targets = (
				576738BB261E329C004A700D /* ViteMaDose */,
				576738D1261E32A3004A700D /* ViteMaDoseTests */,
			);
		};
/* End PBXProject section */

/* Begin PBXResourcesBuildPhase section */
		576738BA261E329C004A700D /* Resources */ = {
			isa = PBXResourcesBuildPhase;
			buildActionMask = 2147483647;
			files = (
				6AD0CC42262EC957001F8807 /* CreditViewController.storyboard in Resources */,
				57AD21DE2621042700ED2B95 /* CentresListViewController.storyboard in Resources */,
				5747142B262B6BA300535DF1 /* LocationSearchResultCell.xib in Resources */,
				51C367CC2653AB9400ABB203 /* Settings.bundle in Resources */,
				5793E6E3264891E80042F64F /* HomeFollowedCentresCell.xib in Resources */,
				516C10E1265E8EE70056CBB0 /* SettingsCell.xib in Resources */,
				57B6BEAA2636153000D9AAC1 /* maintenance.html in Resources */,
				516C10E3265E8EE70056CBB0 /* SettingsTitleCell.xib in Resources */,
				57C4018F26238E5300EFFCA3 /* LocationSearchHeaderView.xib in Resources */,
				57C4017726235B6200EFFCA3 /* HomePartnersFooterView.xib in Resources */,
				57673938261E3BDE004A700D /* HomeViewController.storyboard in Resources */,
				57AD21EE2621073200ED2B95 /* LocationSearchViewController.storyboard in Resources */,
				51C9791D278220450054A2EB /* CentreActionCell.xib in Resources */,
				5785E615263F446300E655FF /* departments.json in Resources */,
				DA234DC32626494600D6F71C /* remote-configuration.plist in Resources */,
				57C401972623929800EFFCA3 /* HomeSearchResultCell.xib in Resources */,
				57C401AB262426B100EFFCA3 /* CentreCell.xib in Resources */,
				6AD0CC3E262EC8D0001F8807 /* CreditHeaderView.xib in Resources */,
				1991AB422653AE1E00FA4E1F /* CentreDataDisclaimerCell.xib in Resources */,
				5785315226441B07005302DB /* CentresSortOptionsCell.xib in Resources */,
				57AF5055262CE28E0085E3C1 /* CentresTitleCell.xib in Resources */,
				6AF7D48F2647068A000E8042 /* GoogleService-Info-prod.plist in Resources */,
				579D713226373A030021CB56 /* GoogleService-Info-debug.plist in Resources */,
				576738CC261E32A2004A700D /* LaunchScreen.storyboard in Resources */,
				575CC230262AF4E1008D1869 /* HomeSearchBarCell.xib in Resources */,
				57B2BCA32633B254001B3D61 /* Localizable.strings in Resources */,
				57DEAA03263444BB005E8628 /* Localizable.stringsdict in Resources */,
				57AF504B262CDB3D0085E3C1 /* CentresStatsCell.xib in Resources */,
				57EC46FF262B1DC500FBA991 /* HomeTitleCell.xib in Resources */,
				5793482F2621E1E200F8A4A0 /* HomeStatsCell.xib in Resources */,
				6AD0CC2C262EC202001F8807 /* CreditCell.xib in Resources */,
				576738C9261E32A2004A700D /* Assets.xcassets in Resources */,
				516C10E4265E8EE70056CBB0 /* SettingsViewController.storyboard in Resources */,
				5785E619263F448F00E655FF /* near_departments.json in Resources */,
			);
			runOnlyForDeploymentPostprocessing = 0;
		};
		576738D0261E32A3004A700D /* Resources */ = {
			isa = PBXResourcesBuildPhase;
			buildActionMask = 2147483647;
			files = (
			);
			runOnlyForDeploymentPostprocessing = 0;
		};
/* End PBXResourcesBuildPhase section */

/* Begin PBXShellScriptBuildPhase section */
		577A7F2B262B8AB600B1D03C /* Firebase SPM  */ = {
			isa = PBXShellScriptBuildPhase;
			buildActionMask = 2147483647;
			files = (
			);
			inputFileListPaths = (
			);
			inputPaths = (
			);
			name = "Firebase SPM ";
			outputFileListPaths = (
			);
			outputPaths = (
			);
			runOnlyForDeploymentPostprocessing = 0;
			shellPath = /bin/sh;
			shellScript = "$SRCROOT/Scripts/firebase-spm.sh\n";
		};
		579D712C263738E20021CB56 /* Firebase Configuration */ = {
			isa = PBXShellScriptBuildPhase;
			buildActionMask = 2147483647;
			files = (
			);
			inputFileListPaths = (
			);
			inputPaths = (
			);
			name = "Firebase Configuration";
			outputFileListPaths = (
			);
			outputPaths = (
			);
			runOnlyForDeploymentPostprocessing = 0;
			shellPath = /bin/sh;
			shellScript = "$SRCROOT/Scripts/set-google-plist.sh\n\n";
		};
		57B7CD53262E36A60065DD80 /* Build Number */ = {
			isa = PBXShellScriptBuildPhase;
			buildActionMask = 2147483647;
			files = (
			);
			inputFileListPaths = (
			);
			inputPaths = (
			);
			name = "Build Number";
			outputFileListPaths = (
			);
			outputPaths = (
			);
			runOnlyForDeploymentPostprocessing = 0;
			shellPath = /bin/sh;
			shellScript = "$SRCROOT/Scripts/set_build_number.sh\n";
		};
		889B9A48263307BC00175E24 /* Swiftlint */ = {
			isa = PBXShellScriptBuildPhase;
			buildActionMask = 2147483647;
			files = (
			);
			inputFileListPaths = (
			);
			inputPaths = (
			);
			name = Swiftlint;
			outputFileListPaths = (
			);
			outputPaths = (
			);
			runOnlyForDeploymentPostprocessing = 0;
			shellPath = /bin/sh;
			shellScript = "# Adds support for Apple Silicon brew directory\nexport PATH=\"$PATH:/opt/homebrew/bin\"\n\nif which swiftlint >/dev/null; then\n  swiftlint\nelse\n  echo \"warning: SwiftLint not installed, download from https://github.com/realm/SwiftLint\"\nfi\n";
		};
		DA68646626276624005B2AC2 /* Crashlytics */ = {
			isa = PBXShellScriptBuildPhase;
			alwaysOutOfDate = 1;
			buildActionMask = 12;
			files = (
			);
			inputFileListPaths = (
			);
			inputPaths = (
			);
			name = Crashlytics;
			outputFileListPaths = (
			);
			outputPaths = (
			);
			runOnlyForDeploymentPostprocessing = 0;
			shellPath = /bin/sh;
			shellScript = "${BUILD_DIR%Build/*}/SourcePackages/checkouts/firebase-ios-sdk/Crashlytics/run\n";
		};
/* End PBXShellScriptBuildPhase section */

/* Begin PBXSourcesBuildPhase section */
		576738B8261E329C004A700D /* Sources */ = {
			isa = PBXSourcesBuildPhase;
			buildActionMask = 2147483647;
			files = (
				5753E6BA275BFB6B00C386EC /* Bool+Commons.swift in Sources */,
				57B6BEA42636060200D9AAC1 /* MaintenanceViewController.swift in Sources */,
				516C10EE265E967C0056CBB0 /* UIFont+TextSizes.swift in Sources */,
				576738FB261E374A004A700D /* URL+Commons.swift in Sources */,
				57613F03262510D700AB6F2F /* PartnerLogo.swift in Sources */,
				575CC22F262AF4E1008D1869 /* HomeSearchBarCell.swift in Sources */,
				516C10E2265E8EE70056CBB0 /* SettingsCell.swift in Sources */,
				57954769263E1B3D00AD5DFD /* BaseAPIService.swift in Sources */,
				518CD6962782360E001768FE /* CentresListFilterOption.swift in Sources */,
				516C10E0265E8EE70056CBB0 /* SettingsTitleCell.swift in Sources */,
				5793483C2621E2F100F8A4A0 /* HomeStatsCell.swift in Sources */,
				57DEAA1326346D9D005E8628 /* FormatterUtils.swift in Sources */,
				5785E612263F43EB00E655FF /* Departments.swift in Sources */,
				5795BE102633540C00A44849 /* String+Commons.swift in Sources */,
				577A7F5E262C6D6400B1D03C /* ErrorDisplayable.swift in Sources */,
				57673917261E3B1A004A700D /* UITableView+Commons.swift in Sources */,
				5767391C261E3B40004A700D /* Storyboard+Common.swift in Sources */,
				57C4018126238ABC00EFFCA3 /* UIFont+Commons.swift in Sources */,
				57673921261E3B59004A700D /* Collection+Commons.swift in Sources */,
				6AD0CC34262EC58D001F8807 /* Credit.swift in Sources */,
				57CB253426460501004776CA /* FollowedCentre.swift in Sources */,
				57044416263F0D1000F802F2 /* LocationSearchResult.swift in Sources */,
				572B065A2648251400BB04DB /* CentresListViewModelProvider.swift in Sources */,
				5793E6E0264891DA0042F64F /* HomeFollowedCentresCell.swift in Sources */,
				57AD21F62621097A00ED2B95 /* CentresListViewModel.swift in Sources */,
				570E94E22640B16E0068E5FC /* Array+Commons.swift in Sources */,
				5795476D263E1C1B00AD5DFD /* City.swift in Sources */,
				6AF7D48C2647062F000E8042 /* HomeViewController.swift in Sources */,
				57AF504A262CDB3D0085E3C1 /* CentresStatsCell.swift in Sources */,
				51C9791E278220450054A2EB /* CentreActionCell.swift in Sources */,
				57673912261E3962004A700D /* VaccinationCentre.swift in Sources */,
				57CB25382646B905004776CA /* FollowedCentresViewModel.swift in Sources */,
				57C4017C262383DA00EFFCA3 /* UIImage+Commons.swift in Sources */,
				57AD21C8261FD47B00ED2B95 /* NSMutableAttributedString+Commons.swift in Sources */,
				57FE5C0F261FA84D0012B66D /* UIColor+ViteMaDose.swift in Sources */,
				57673903261E3783004A700D /* Data+Commons.swift in Sources */,
				572B0654264813DE00BB04DB /* CentresListSortOption.swift in Sources */,
				DA234DD12626506600D6F71C /* RemoteConfig.swift in Sources */,
				576738C0261E329C004A700D /* AppDelegate.swift in Sources */,
				5160FE4227903879000BEAD6 /* UIDevice+common.swift in Sources */,
				575CC224262AECA7008D1869 /* HomeTitleCell.swift in Sources */,
				6AD0CC28262EC1AB001F8807 /* CreditCell.swift in Sources */,
				516C10E5265E8EE70056CBB0 /* SettingsViewController.swift in Sources */,
				572B064C264811BE00BB04DB /* FCMHelper.swift in Sources */,
				5753E6BC275BFD4B00C386EC /* DepartmentSlots.swift in Sources */,
				57B2BCA02633AC5B001B3D61 /* Localization.swift in Sources */,
				1991AB412653AE1E00FA4E1F /* CentreDataDisclaimerCell.swift in Sources */,
				5785E60F263F3F7200E655FF /* NearDepartments.swift in Sources */,
				5747142A262B6BA300535DF1 /* LocationSearchResultCell.swift in Sources */,
				DA4D995E261E6D6300D28AD0 /* LocationSearchViewModel.swift in Sources */,
				5767393F261E3C1F004A700D /* HomeViewModel.swift in Sources */,
				57954771263E1D1D00AD5DFD /* CachePolicyPlugin.swift in Sources */,
				6A8E4905265929C300484668 /* LocationSearchViewController.swift in Sources */,
				57954766263E1B2600AD5DFD /* GeoAPIService.swift in Sources */,
				57673955261E4145004A700D /* ClassNameProtocol.swift in Sources */,
				57C38B602627826B00FE63B0 /* NSTextAttachment+Commons.swift in Sources */,
				51E0CA472783CAC7004E0AF7 /* VaccineType.swift in Sources */,
				6AF7D48E26470677000E8042 /* LocationSearchHeaderView.swift in Sources */,
				5793484C262241B900F8A4A0 /* Stats.swift in Sources */,
				6AD0CC3A262EC82F001F8807 /* CreditHeaderView.swift in Sources */,
				57AD21CD262102F700ED2B95 /* UIViewControllerController+Commons.swift in Sources */,
				DA68647B2627A1CA005B2AC2 /* AppAnalytics.swift in Sources */,
				51F7BFCF2780BFA50028BC89 /* UIContentSizeCategory+Commons.swift in Sources */,
				57C4017626235B6200EFFCA3 /* HomePartnersFooterView.swift in Sources */,
				576738C2261E329C004A700D /* SceneDelegate.swift in Sources */,
				51B778882780B6700064CC94 /* AccessibilityString.swift in Sources */,
				57AD21D62621041200ED2B95 /* CentresListViewController.swift in Sources */,
				57493FDD26403F5100F7E662 /* AppConstant.swift in Sources */,
				57C401AA262426B100EFFCA3 /* CentreCell.swift in Sources */,
				572B06492648107900BB04DB /* Logger.swift in Sources */,
				57C401962623929800EFFCA3 /* HomeSearchResultCell.swift in Sources */,
				572B06572648160800BB04DB /* OnboardingManager.swift in Sources */,
				5785314E26441A64005302DB /* CentresSortOptionsCell.swift in Sources */,
				57ECA227262B031F001B368F /* UserDefaultsUtils.swift in Sources */,
				579348472621E41400F8A4A0 /* UICollectionView+Commons.swift in Sources */,
				6AD0CC47262EC9B2001F8807 /* CreditViewModel.swift in Sources */,
				5753E6BE275BFE0C00C386EC /* DailySlot.swift in Sources */,
				577A7F62262C6D7E00B1D03C /* UIViewController+ErrorDisplayable.swift in Sources */,
				57AF504F262CDD5A0085E3C1 /* CentresTitleCell.swift in Sources */,
				57673926261E3B6C004A700D /* UIView+Common.swift in Sources */,
				6AD0CC30262EC535001F8807 /* CreditViewController.swift in Sources */,
			);
			runOnlyForDeploymentPostprocessing = 0;
		};
		576738CE261E32A3004A700D /* Sources */ = {
			isa = PBXSourcesBuildPhase;
			buildActionMask = 2147483647;
			files = (
				577265C02634D77A009B707C /* HomeViewModelTests.swift in Sources */,
				5702B5D7263595FF00C51F47 /* HomeViewModelDelegateSpy.swift in Sources */,
				5702B5DB2635965C00C51F47 /* BaseAPIServiceMock.swift in Sources */,
			);
			runOnlyForDeploymentPostprocessing = 0;
		};
/* End PBXSourcesBuildPhase section */

/* Begin PBXTargetDependency section */
		576550DE26474EF500399E19 /* PBXTargetDependency */ = {
			isa = PBXTargetDependency;
			productRef = 576550DD26474EF500399E19 /* PromiseKit */;
		};
		576550E026474F1200399E19 /* PBXTargetDependency */ = {
			isa = PBXTargetDependency;
			productRef = 576550DF26474F1200399E19 /* Haptica */;
		};
		576550E226474F1200399E19 /* PBXTargetDependency */ = {
			isa = PBXTargetDependency;
			productRef = 576550E126474F1200399E19 /* Moya */;
		};
		576738D4261E32A3004A700D /* PBXTargetDependency */ = {
			isa = PBXTargetDependency;
			target = 576738BB261E329C004A700D /* ViteMaDose */;
			targetProxy = 576738D3261E32A3004A700D /* PBXContainerItemProxy */;
		};
		5774773A2647482B000CC89E /* PBXTargetDependency */ = {
			isa = PBXTargetDependency;
			productRef = 577477392647482B000CC89E /* FirebaseMessaging */;
		};
		577A7F33262B8FF200B1D03C /* PBXTargetDependency */ = {
			isa = PBXTargetDependency;
			productRef = 577A7F32262B8FF200B1D03C /* FirebaseAnalytics */;
		};
		577A7F35262B8FF200B1D03C /* PBXTargetDependency */ = {
			isa = PBXTargetDependency;
			productRef = 577A7F34262B8FF200B1D03C /* FirebaseCrashlytics */;
		};
		577A7F37262B8FF200B1D03C /* PBXTargetDependency */ = {
			isa = PBXTargetDependency;
			productRef = 577A7F36262B8FF200B1D03C /* FirebaseRemoteConfig */;
		};
		577A7F39262B900200B1D03C /* PBXTargetDependency */ = {
			isa = PBXTargetDependency;
			productRef = 577A7F38262B900200B1D03C /* SwiftDate */;
		};
		577A7F3B262B900200B1D03C /* PBXTargetDependency */ = {
			isa = PBXTargetDependency;
			productRef = 577A7F3A262B900200B1D03C /* PhoneNumberKit */;
		};
/* End PBXTargetDependency section */

/* Begin PBXVariantGroup section */
		576738CA261E32A2004A700D /* LaunchScreen.storyboard */ = {
			isa = PBXVariantGroup;
			children = (
				576738CB261E32A2004A700D /* Base */,
			);
			name = LaunchScreen.storyboard;
			sourceTree = "<group>";
		};
		57B2BCA52633B254001B3D61 /* Localizable.strings */ = {
			isa = PBXVariantGroup;
			children = (
				57B2BCA42633B254001B3D61 /* fr */,
			);
			name = Localizable.strings;
			sourceTree = "<group>";
		};
		57DEAA05263444BB005E8628 /* Localizable.stringsdict */ = {
			isa = PBXVariantGroup;
			children = (
				57DEAA04263444BB005E8628 /* fr */,
			);
			name = Localizable.stringsdict;
			sourceTree = "<group>";
		};
/* End PBXVariantGroup section */

/* Begin XCBuildConfiguration section */
		576738E4261E32A3004A700D /* Debug */ = {
			isa = XCBuildConfiguration;
			buildSettings = {
				ALWAYS_SEARCH_USER_PATHS = NO;
				CLANG_ANALYZER_NONNULL = YES;
				CLANG_ANALYZER_NUMBER_OBJECT_CONVERSION = YES_AGGRESSIVE;
				CLANG_CXX_LANGUAGE_STANDARD = "gnu++14";
				CLANG_CXX_LIBRARY = "libc++";
				CLANG_ENABLE_MODULES = YES;
				CLANG_ENABLE_OBJC_ARC = YES;
				CLANG_ENABLE_OBJC_WEAK = YES;
				CLANG_WARN_BLOCK_CAPTURE_AUTORELEASING = YES;
				CLANG_WARN_BOOL_CONVERSION = YES;
				CLANG_WARN_COMMA = YES;
				CLANG_WARN_CONSTANT_CONVERSION = YES;
				CLANG_WARN_DEPRECATED_OBJC_IMPLEMENTATIONS = YES;
				CLANG_WARN_DIRECT_OBJC_ISA_USAGE = YES_ERROR;
				CLANG_WARN_DOCUMENTATION_COMMENTS = YES;
				CLANG_WARN_EMPTY_BODY = YES;
				CLANG_WARN_ENUM_CONVERSION = YES;
				CLANG_WARN_INFINITE_RECURSION = YES;
				CLANG_WARN_INT_CONVERSION = YES;
				CLANG_WARN_NON_LITERAL_NULL_CONVERSION = YES;
				CLANG_WARN_OBJC_IMPLICIT_RETAIN_SELF = YES;
				CLANG_WARN_OBJC_LITERAL_CONVERSION = YES;
				CLANG_WARN_OBJC_ROOT_CLASS = YES_ERROR;
				CLANG_WARN_QUOTED_INCLUDE_IN_FRAMEWORK_HEADER = YES;
				CLANG_WARN_RANGE_LOOP_ANALYSIS = YES;
				CLANG_WARN_STRICT_PROTOTYPES = YES;
				CLANG_WARN_SUSPICIOUS_MOVE = YES;
				CLANG_WARN_UNGUARDED_AVAILABILITY = YES_AGGRESSIVE;
				CLANG_WARN_UNREACHABLE_CODE = YES;
				CLANG_WARN__DUPLICATE_METHOD_MATCH = YES;
				COPY_PHASE_STRIP = NO;
				DEBUG_INFORMATION_FORMAT = dwarf;
				ENABLE_STRICT_OBJC_MSGSEND = YES;
				ENABLE_TESTABILITY = YES;
				GCC_C_LANGUAGE_STANDARD = gnu11;
				GCC_DYNAMIC_NO_PIC = NO;
				GCC_NO_COMMON_BLOCKS = YES;
				GCC_OPTIMIZATION_LEVEL = 0;
				GCC_PREPROCESSOR_DEFINITIONS = (
					"DEBUG=1",
					"$(inherited)",
				);
				GCC_WARN_64_TO_32_BIT_CONVERSION = YES;
				GCC_WARN_ABOUT_RETURN_TYPE = YES_ERROR;
				GCC_WARN_UNDECLARED_SELECTOR = YES;
				GCC_WARN_UNINITIALIZED_AUTOS = YES_AGGRESSIVE;
				GCC_WARN_UNUSED_FUNCTION = YES;
				GCC_WARN_UNUSED_VARIABLE = YES;
				IPHONEOS_DEPLOYMENT_TARGET = 13.0;
				MTL_ENABLE_DEBUG_INFO = INCLUDE_SOURCE;
				MTL_FAST_MATH = YES;
				ONLY_ACTIVE_ARCH = YES;
				OTHER_LDFLAGS = "-ObjC";
				SDKROOT = iphoneos;
				SWIFT_ACTIVE_COMPILATION_CONDITIONS = DEBUG;
				SWIFT_OPTIMIZATION_LEVEL = "-Onone";
			};
			name = Debug;
		};
		576738E5261E32A3004A700D /* Release */ = {
			isa = XCBuildConfiguration;
			buildSettings = {
				ALWAYS_SEARCH_USER_PATHS = NO;
				CLANG_ANALYZER_NONNULL = YES;
				CLANG_ANALYZER_NUMBER_OBJECT_CONVERSION = YES_AGGRESSIVE;
				CLANG_CXX_LANGUAGE_STANDARD = "gnu++14";
				CLANG_CXX_LIBRARY = "libc++";
				CLANG_ENABLE_MODULES = YES;
				CLANG_ENABLE_OBJC_ARC = YES;
				CLANG_ENABLE_OBJC_WEAK = YES;
				CLANG_WARN_BLOCK_CAPTURE_AUTORELEASING = YES;
				CLANG_WARN_BOOL_CONVERSION = YES;
				CLANG_WARN_COMMA = YES;
				CLANG_WARN_CONSTANT_CONVERSION = YES;
				CLANG_WARN_DEPRECATED_OBJC_IMPLEMENTATIONS = YES;
				CLANG_WARN_DIRECT_OBJC_ISA_USAGE = YES_ERROR;
				CLANG_WARN_DOCUMENTATION_COMMENTS = YES;
				CLANG_WARN_EMPTY_BODY = YES;
				CLANG_WARN_ENUM_CONVERSION = YES;
				CLANG_WARN_INFINITE_RECURSION = YES;
				CLANG_WARN_INT_CONVERSION = YES;
				CLANG_WARN_NON_LITERAL_NULL_CONVERSION = YES;
				CLANG_WARN_OBJC_IMPLICIT_RETAIN_SELF = YES;
				CLANG_WARN_OBJC_LITERAL_CONVERSION = YES;
				CLANG_WARN_OBJC_ROOT_CLASS = YES_ERROR;
				CLANG_WARN_QUOTED_INCLUDE_IN_FRAMEWORK_HEADER = YES;
				CLANG_WARN_RANGE_LOOP_ANALYSIS = YES;
				CLANG_WARN_STRICT_PROTOTYPES = YES;
				CLANG_WARN_SUSPICIOUS_MOVE = YES;
				CLANG_WARN_UNGUARDED_AVAILABILITY = YES_AGGRESSIVE;
				CLANG_WARN_UNREACHABLE_CODE = YES;
				CLANG_WARN__DUPLICATE_METHOD_MATCH = YES;
				COPY_PHASE_STRIP = NO;
				DEBUG_INFORMATION_FORMAT = "dwarf-with-dsym";
				ENABLE_NS_ASSERTIONS = NO;
				ENABLE_STRICT_OBJC_MSGSEND = YES;
				GCC_C_LANGUAGE_STANDARD = gnu11;
				GCC_NO_COMMON_BLOCKS = YES;
				GCC_WARN_64_TO_32_BIT_CONVERSION = YES;
				GCC_WARN_ABOUT_RETURN_TYPE = YES_ERROR;
				GCC_WARN_UNDECLARED_SELECTOR = YES;
				GCC_WARN_UNINITIALIZED_AUTOS = YES_AGGRESSIVE;
				GCC_WARN_UNUSED_FUNCTION = YES;
				GCC_WARN_UNUSED_VARIABLE = YES;
				IPHONEOS_DEPLOYMENT_TARGET = 13.0;
				MTL_ENABLE_DEBUG_INFO = NO;
				MTL_FAST_MATH = YES;
				OTHER_LDFLAGS = "-ObjC";
				SDKROOT = iphoneos;
				SWIFT_COMPILATION_MODE = wholemodule;
				SWIFT_OPTIMIZATION_LEVEL = "-O";
				VALIDATE_PRODUCT = YES;
			};
			name = Release;
		};
		576738E7261E32A3004A700D /* Debug */ = {
			isa = XCBuildConfiguration;
			buildSettings = {
				ASSETCATALOG_COMPILER_APPICON_NAME = AppIconDebug;
				ASSETCATALOG_COMPILER_GLOBAL_ACCENT_COLOR_NAME = AccentColor;
				CODE_SIGN_ENTITLEMENTS = ViteMaDose/ViteMaDoseDebug.entitlements;
				CODE_SIGN_IDENTITY = "Apple Development";
				CODE_SIGN_STYLE = Automatic;
				CURRENT_PROJECT_VERSION = 841539;
				DEBUG_INFORMATION_FORMAT = "dwarf-with-dsym";
				DEVELOPMENT_TEAM = ZL9396WK65;
				INFOPLIST_FILE = ViteMaDose/Info.plist;
				LD_RUNPATH_SEARCH_PATHS = (
					"$(inherited)",
					"@executable_path/Frameworks",
				);
				MARKETING_VERSION = 1.0;
				PRODUCT_BUNDLE_IDENTIFIER = app.vitemadose.debug;
				PRODUCT_NAME = "$(TARGET_NAME)";
				PROVISIONING_PROFILE_SPECIFIER = "";
				SWIFT_VERSION = 5.0;
				TARGETED_DEVICE_FAMILY = "1,2";
			};
			name = Debug;
		};
		576738E8261E32A3004A700D /* Release */ = {
			isa = XCBuildConfiguration;
			buildSettings = {
				ASSETCATALOG_COMPILER_APPICON_NAME = AppIcon;
				ASSETCATALOG_COMPILER_GLOBAL_ACCENT_COLOR_NAME = AccentColor;
				CODE_SIGN_ENTITLEMENTS = ViteMaDose/ViteMaDose.entitlements;
				CODE_SIGN_STYLE = Manual;
				CURRENT_PROJECT_VERSION = 841539;
				DEVELOPMENT_TEAM = "";
				INFOPLIST_FILE = ViteMaDose/Info.plist;
				LD_RUNPATH_SEARCH_PATHS = (
					"$(inherited)",
					"@executable_path/Frameworks",
				);
				MARKETING_VERSION = 1.0;
				PRODUCT_BUNDLE_IDENTIFIER = app.vitemadose;
				PRODUCT_NAME = "$(TARGET_NAME)";
				PROVISIONING_PROFILE_SPECIFIER = "";
				SWIFT_VERSION = 5.0;
				TARGETED_DEVICE_FAMILY = "1,2";
			};
			name = Release;
		};
		576738EA261E32A3004A700D /* Debug */ = {
			isa = XCBuildConfiguration;
			buildSettings = {
				ALWAYS_EMBED_SWIFT_STANDARD_LIBRARIES = YES;
				BUNDLE_LOADER = "$(TEST_HOST)";
				CLANG_ENABLE_MODULES = YES;
				CODE_SIGN_STYLE = Automatic;
				INFOPLIST_FILE = ViteMaDoseTests/Info.plist;
				IPHONEOS_DEPLOYMENT_TARGET = 14.4;
				LD_RUNPATH_SEARCH_PATHS = (
					"$(inherited)",
					"@executable_path/Frameworks",
					"@loader_path/Frameworks",
				);
				PRODUCT_BUNDLE_IDENTIFIER = fr.victorsarda.ViteMaDoseTests;
				PRODUCT_NAME = "$(TARGET_NAME)";
				SWIFT_OBJC_BRIDGING_HEADER = "ViteMaDoseTests/ViteMaDoseTests-Bridging-Header.h";
				SWIFT_OPTIMIZATION_LEVEL = "-Onone";
				SWIFT_VERSION = 5.0;
				TARGETED_DEVICE_FAMILY = "1,2";
				TEST_HOST = "$(BUILT_PRODUCTS_DIR)/ViteMaDose.app/ViteMaDose";
			};
			name = Debug;
		};
		576738EB261E32A3004A700D /* Release */ = {
			isa = XCBuildConfiguration;
			buildSettings = {
				ALWAYS_EMBED_SWIFT_STANDARD_LIBRARIES = YES;
				BUNDLE_LOADER = "$(TEST_HOST)";
				CLANG_ENABLE_MODULES = YES;
				CODE_SIGN_STYLE = Automatic;
				INFOPLIST_FILE = ViteMaDoseTests/Info.plist;
				IPHONEOS_DEPLOYMENT_TARGET = 14.4;
				LD_RUNPATH_SEARCH_PATHS = (
					"$(inherited)",
					"@executable_path/Frameworks",
					"@loader_path/Frameworks",
				);
				PRODUCT_BUNDLE_IDENTIFIER = fr.victorsarda.ViteMaDoseTests;
				PRODUCT_NAME = "$(TARGET_NAME)";
				SWIFT_OBJC_BRIDGING_HEADER = "ViteMaDoseTests/ViteMaDoseTests-Bridging-Header.h";
				SWIFT_VERSION = 5.0;
				TARGETED_DEVICE_FAMILY = "1,2";
				TEST_HOST = "$(BUILT_PRODUCTS_DIR)/ViteMaDose.app/ViteMaDose";
			};
			name = Release;
		};
/* End XCBuildConfiguration section */

/* Begin XCConfigurationList section */
		576738B7261E329C004A700D /* Build configuration list for PBXProject "ViteMaDose" */ = {
			isa = XCConfigurationList;
			buildConfigurations = (
				576738E4261E32A3004A700D /* Debug */,
				576738E5261E32A3004A700D /* Release */,
			);
			defaultConfigurationIsVisible = 0;
			defaultConfigurationName = Release;
		};
		576738E6261E32A3004A700D /* Build configuration list for PBXNativeTarget "ViteMaDose" */ = {
			isa = XCConfigurationList;
			buildConfigurations = (
				576738E7261E32A3004A700D /* Debug */,
				576738E8261E32A3004A700D /* Release */,
			);
			defaultConfigurationIsVisible = 0;
			defaultConfigurationName = Release;
		};
		576738E9261E32A3004A700D /* Build configuration list for PBXNativeTarget "ViteMaDoseTests" */ = {
			isa = XCConfigurationList;
			buildConfigurations = (
				576738EA261E32A3004A700D /* Debug */,
				576738EB261E32A3004A700D /* Release */,
			);
			defaultConfigurationIsVisible = 0;
			defaultConfigurationName = Release;
		};
/* End XCConfigurationList section */

/* Begin XCRemoteSwiftPackageReference section */
		5752DC61263F33D2004BA4BC /* XCRemoteSwiftPackageReference "PromiseKit" */ = {
			isa = XCRemoteSwiftPackageReference;
			repositoryURL = "https://github.com/mxcl/PromiseKit";
			requirement = {
				kind = upToNextMajorVersion;
				minimumVersion = 6.16.2;
			};
		};
		575CC20F262AD8F6008D1869 /* XCRemoteSwiftPackageReference "PhoneNumberKit" */ = {
			isa = XCRemoteSwiftPackageReference;
			repositoryURL = "https://github.com/marmelroy/PhoneNumberKit.git";
			requirement = {
				kind = upToNextMajorVersion;
				minimumVersion = 3.3.3;
			};
		};
		575CC216262ADA0D008D1869 /* XCRemoteSwiftPackageReference "firebase-ios-sdk" */ = {
			isa = XCRemoteSwiftPackageReference;
			repositoryURL = "https://github.com/firebase/firebase-ios-sdk.git";
			requirement = {
				kind = upToNextMajorVersion;
				minimumVersion = 7.10.0;
			};
		};
		57613EFB2625085000AB6F2F /* XCRemoteSwiftPackageReference "SwiftDate" */ = {
			isa = XCRemoteSwiftPackageReference;
			repositoryURL = "https://github.com/malcommac/SwiftDate.git";
			requirement = {
				kind = upToNextMajorVersion;
				minimumVersion = 6.3.1;
			};
		};
		576550E7264750D000399E19 /* XCRemoteSwiftPackageReference "BulletinBoard" */ = {
			isa = XCRemoteSwiftPackageReference;
			repositoryURL = "https://github.com/alexisakers/BulletinBoard";
			requirement = {
				kind = upToNextMajorVersion;
				minimumVersion = 5.0.0;
			};
		};
		5781C1D3264773B800F394B9 /* XCRemoteSwiftPackageReference "firebase-ios-sdk" */ = {
			isa = XCRemoteSwiftPackageReference;
			repositoryURL = "https://github.com/firebase/firebase-ios-sdk.git";
			requirement = {
				kind = upToNextMajorVersion;
				minimumVersion = 8.10.0;
			};
		};
		57954761263E1A1600AD5DFD /* XCRemoteSwiftPackageReference "Moya" */ = {
			isa = XCRemoteSwiftPackageReference;
			repositoryURL = "https://github.com/Moya/Moya.git";
			requirement = {
				kind = upToNextMajorVersion;
				minimumVersion = 14.0.1;
			};
		};
		57B7CD4E262E28460065DD80 /* XCRemoteSwiftPackageReference "Haptica" */ = {
			isa = XCRemoteSwiftPackageReference;
			repositoryURL = "https://github.com/efremidze/Haptica.git";
			requirement = {
				kind = upToNextMajorVersion;
				minimumVersion = 3.0.3;
			};
		};
		6AD0CC16262EC128001F8807 /* XCRemoteSwiftPackageReference "Kingfisher" */ = {
			isa = XCRemoteSwiftPackageReference;
			repositoryURL = "https://github.com/onevcat/Kingfisher.git";
			requirement = {
				kind = upToNextMajorVersion;
				minimumVersion = 7.1.2;
			};
		};
/* End XCRemoteSwiftPackageReference section */

/* Begin XCSwiftPackageProductDependency section */
		5752DC62263F33D2004BA4BC /* PromiseKit */ = {
			isa = XCSwiftPackageProductDependency;
			package = 5752DC61263F33D2004BA4BC /* XCRemoteSwiftPackageReference "PromiseKit" */;
			productName = PromiseKit;
		};
		575CC210262AD8F7008D1869 /* PhoneNumberKit */ = {
			isa = XCSwiftPackageProductDependency;
			package = 575CC20F262AD8F6008D1869 /* XCRemoteSwiftPackageReference "PhoneNumberKit" */;
			productName = PhoneNumberKit;
		};
		57613EFC2625085000AB6F2F /* SwiftDate */ = {
			isa = XCSwiftPackageProductDependency;
			package = 57613EFB2625085000AB6F2F /* XCRemoteSwiftPackageReference "SwiftDate" */;
			productName = SwiftDate;
		};
		57613EFE2625085000AB6F2F /* SwiftDateStatic */ = {
			isa = XCSwiftPackageProductDependency;
			package = 57613EFB2625085000AB6F2F /* XCRemoteSwiftPackageReference "SwiftDate" */;
			productName = SwiftDateStatic;
		};
		576550DD26474EF500399E19 /* PromiseKit */ = {
			isa = XCSwiftPackageProductDependency;
			package = 5752DC61263F33D2004BA4BC /* XCRemoteSwiftPackageReference "PromiseKit" */;
			productName = PromiseKit;
		};
		576550DF26474F1200399E19 /* Haptica */ = {
			isa = XCSwiftPackageProductDependency;
			package = 57B7CD4E262E28460065DD80 /* XCRemoteSwiftPackageReference "Haptica" */;
			productName = Haptica;
		};
		576550E126474F1200399E19 /* Moya */ = {
			isa = XCSwiftPackageProductDependency;
			package = 57954761263E1A1600AD5DFD /* XCRemoteSwiftPackageReference "Moya" */;
			productName = Moya;
		};
		576550E8264750D000399E19 /* BLTNBoard */ = {
			isa = XCSwiftPackageProductDependency;
			package = 576550E7264750D000399E19 /* XCRemoteSwiftPackageReference "BulletinBoard" */;
			productName = BLTNBoard;
		};
		577477392647482B000CC89E /* FirebaseMessaging */ = {
			isa = XCSwiftPackageProductDependency;
			package = 575CC216262ADA0D008D1869 /* XCRemoteSwiftPackageReference "firebase-ios-sdk" */;
			productName = FirebaseMessaging;
		};
		577A7F32262B8FF200B1D03C /* FirebaseAnalytics */ = {
			isa = XCSwiftPackageProductDependency;
			package = 575CC216262ADA0D008D1869 /* XCRemoteSwiftPackageReference "firebase-ios-sdk" */;
			productName = FirebaseAnalytics;
		};
		577A7F34262B8FF200B1D03C /* FirebaseCrashlytics */ = {
			isa = XCSwiftPackageProductDependency;
			package = 575CC216262ADA0D008D1869 /* XCRemoteSwiftPackageReference "firebase-ios-sdk" */;
			productName = FirebaseCrashlytics;
		};
		577A7F36262B8FF200B1D03C /* FirebaseRemoteConfig */ = {
			isa = XCSwiftPackageProductDependency;
			package = 575CC216262ADA0D008D1869 /* XCRemoteSwiftPackageReference "firebase-ios-sdk" */;
			productName = FirebaseRemoteConfig;
		};
		577A7F38262B900200B1D03C /* SwiftDate */ = {
			isa = XCSwiftPackageProductDependency;
			package = 57613EFB2625085000AB6F2F /* XCRemoteSwiftPackageReference "SwiftDate" */;
			productName = SwiftDate;
		};
		577A7F3A262B900200B1D03C /* PhoneNumberKit */ = {
			isa = XCSwiftPackageProductDependency;
			package = 575CC20F262AD8F6008D1869 /* XCRemoteSwiftPackageReference "PhoneNumberKit" */;
			productName = PhoneNumberKit;
		};
		5781C1D4264773B800F394B9 /* FirebaseAnalytics */ = {
			isa = XCSwiftPackageProductDependency;
			package = 5781C1D3264773B800F394B9 /* XCRemoteSwiftPackageReference "firebase-ios-sdk" */;
			productName = FirebaseAnalytics;
		};
		5781C1D6264773B800F394B9 /* FirebaseCrashlytics */ = {
			isa = XCSwiftPackageProductDependency;
			package = 5781C1D3264773B800F394B9 /* XCRemoteSwiftPackageReference "firebase-ios-sdk" */;
			productName = FirebaseCrashlytics;
		};
		5781C1D8264773B800F394B9 /* FirebaseMessaging */ = {
			isa = XCSwiftPackageProductDependency;
			package = 5781C1D3264773B800F394B9 /* XCRemoteSwiftPackageReference "firebase-ios-sdk" */;
			productName = FirebaseMessaging;
		};
		5781C1DA264773B800F394B9 /* FirebaseRemoteConfig */ = {
			isa = XCSwiftPackageProductDependency;
			package = 5781C1D3264773B800F394B9 /* XCRemoteSwiftPackageReference "firebase-ios-sdk" */;
			productName = FirebaseRemoteConfig;
		};
		57954762263E1A1700AD5DFD /* Moya */ = {
			isa = XCSwiftPackageProductDependency;
			package = 57954761263E1A1600AD5DFD /* XCRemoteSwiftPackageReference "Moya" */;
			productName = Moya;
		};
		57B7CD4F262E28460065DD80 /* Haptica */ = {
			isa = XCSwiftPackageProductDependency;
			package = 57B7CD4E262E28460065DD80 /* XCRemoteSwiftPackageReference "Haptica" */;
			productName = Haptica;
		};
		6AD0CC17262EC128001F8807 /* Kingfisher */ = {
			isa = XCSwiftPackageProductDependency;
			package = 6AD0CC16262EC128001F8807 /* XCRemoteSwiftPackageReference "Kingfisher" */;
			productName = Kingfisher;
		};
/* End XCSwiftPackageProductDependency section */
	};
	rootObject = 576738B4261E329C004A700D /* Project object */;
}
