// !$*UTF8*$!
{
	archiveVersion = 1;
	classes = {
	};
	objectVersion = 54;
	objects = {

/* Begin PBXBuildFile section */
		5747142A262B6BA300535DF1 /* CountyCell.swift in Sources */ = {isa = PBXBuildFile; fileRef = 57471428262B6BA300535DF1 /* CountyCell.swift */; };
		5747142B262B6BA300535DF1 /* CountyCell.xib in Resources */ = {isa = PBXBuildFile; fileRef = 57471429262B6BA300535DF1 /* CountyCell.xib */; };
		575CC211262AD8F7008D1869 /* PhoneNumberKit in Frameworks */ = {isa = PBXBuildFile; productRef = 575CC210262AD8F7008D1869 /* PhoneNumberKit */; };
		575CC218262ADA0D008D1869 /* FirebaseRemoteConfig in Frameworks */ = {isa = PBXBuildFile; productRef = 575CC217262ADA0D008D1869 /* FirebaseRemoteConfig */; };
		575CC21A262ADA0D008D1869 /* FirebaseAnalytics in Frameworks */ = {isa = PBXBuildFile; productRef = 575CC219262ADA0D008D1869 /* FirebaseAnalytics */; };
		575CC21C262ADA0D008D1869 /* FirebaseCrashlytics in Frameworks */ = {isa = PBXBuildFile; productRef = 575CC21B262ADA0D008D1869 /* FirebaseCrashlytics */; };
		575CC224262AECA7008D1869 /* HomeTitleCell.swift in Sources */ = {isa = PBXBuildFile; fileRef = 575CC223262AECA7008D1869 /* HomeTitleCell.swift */; };
		575CC22F262AF4E1008D1869 /* HomeCountySelectionCell.swift in Sources */ = {isa = PBXBuildFile; fileRef = 575CC22D262AF4E0008D1869 /* HomeCountySelectionCell.swift */; };
		575CC230262AF4E1008D1869 /* HomeCountySelectionCell.xib in Resources */ = {isa = PBXBuildFile; fileRef = 575CC22E262AF4E1008D1869 /* HomeCountySelectionCell.xib */; };
		57613EFD2625085000AB6F2F /* SwiftDate in Frameworks */ = {isa = PBXBuildFile; productRef = 57613EFC2625085000AB6F2F /* SwiftDate */; };
		57613EFF2625085000AB6F2F /* SwiftDateStatic in Frameworks */ = {isa = PBXBuildFile; productRef = 57613EFE2625085000AB6F2F /* SwiftDateStatic */; };
		57613F03262510D700AB6F2F /* PartnerLogo.swift in Sources */ = {isa = PBXBuildFile; fileRef = 57613F02262510D700AB6F2F /* PartnerLogo.swift */; };
		576738C0261E329C004A700D /* AppDelegate.swift in Sources */ = {isa = PBXBuildFile; fileRef = 576738BF261E329C004A700D /* AppDelegate.swift */; };
		576738C2261E329C004A700D /* SceneDelegate.swift in Sources */ = {isa = PBXBuildFile; fileRef = 576738C1261E329C004A700D /* SceneDelegate.swift */; };
		576738C9261E32A2004A700D /* Assets.xcassets in Resources */ = {isa = PBXBuildFile; fileRef = 576738C8261E32A2004A700D /* Assets.xcassets */; };
		576738CC261E32A2004A700D /* LaunchScreen.storyboard in Resources */ = {isa = PBXBuildFile; fileRef = 576738CA261E32A2004A700D /* LaunchScreen.storyboard */; };
		576738D7261E32A3004A700D /* ViteMaDoseTests.swift in Sources */ = {isa = PBXBuildFile; fileRef = 576738D6261E32A3004A700D /* ViteMaDoseTests.swift */; };
		576738E2261E32A3004A700D /* ViteMaDoseUITests.swift in Sources */ = {isa = PBXBuildFile; fileRef = 576738E1261E32A3004A700D /* ViteMaDoseUITests.swift */; };
		576738F3261E353E004A700D /* APIService.swift in Sources */ = {isa = PBXBuildFile; fileRef = 576738F2261E353D004A700D /* APIService.swift */; };
		576738FB261E374A004A700D /* URL+Commons.swift in Sources */ = {isa = PBXBuildFile; fileRef = 576738FA261E374A004A700D /* URL+Commons.swift */; };
		57673903261E3783004A700D /* Data+Commons.swift in Sources */ = {isa = PBXBuildFile; fileRef = 57673902261E3783004A700D /* Data+Commons.swift */; };
		5767390A261E3875004A700D /* County.swift in Sources */ = {isa = PBXBuildFile; fileRef = 57673909261E3875004A700D /* County.swift */; };
		57673912261E3962004A700D /* VaccinationCentre.swift in Sources */ = {isa = PBXBuildFile; fileRef = 57673911261E3962004A700D /* VaccinationCentre.swift */; };
		57673917261E3B1A004A700D /* UITableView+Commons.swift in Sources */ = {isa = PBXBuildFile; fileRef = 57673916261E3B1A004A700D /* UITableView+Commons.swift */; };
		5767391C261E3B40004A700D /* Storyboard+Common.swift in Sources */ = {isa = PBXBuildFile; fileRef = 5767391B261E3B40004A700D /* Storyboard+Common.swift */; };
		57673921261E3B59004A700D /* Collection+Commons.swift in Sources */ = {isa = PBXBuildFile; fileRef = 57673920261E3B59004A700D /* Collection+Commons.swift */; };
		57673926261E3B6C004A700D /* UIView+Common.swift in Sources */ = {isa = PBXBuildFile; fileRef = 57673925261E3B6C004A700D /* UIView+Common.swift */; };
		57673930261E3BC5004A700D /* HomeViewController.swift in Sources */ = {isa = PBXBuildFile; fileRef = 5767392F261E3BC5004A700D /* HomeViewController.swift */; };
		57673938261E3BDE004A700D /* HomeViewController.storyboard in Resources */ = {isa = PBXBuildFile; fileRef = 57673937261E3BDE004A700D /* HomeViewController.storyboard */; };
		5767393F261E3C1F004A700D /* HomeViewModel.swift in Sources */ = {isa = PBXBuildFile; fileRef = 5767393E261E3C1F004A700D /* HomeViewModel.swift */; };
		57673955261E4145004A700D /* ClassNameProtocol.swift in Sources */ = {isa = PBXBuildFile; fileRef = 57673954261E4145004A700D /* ClassNameProtocol.swift */; };
		577A7F5E262C6D6400B1D03C /* ErrorDisplayable.swift in Sources */ = {isa = PBXBuildFile; fileRef = 577A7F5D262C6D6400B1D03C /* ErrorDisplayable.swift */; };
		577A7F62262C6D7E00B1D03C /* UIViewController+ErrorDisplayable.swift in Sources */ = {isa = PBXBuildFile; fileRef = 577A7F61262C6D7E00B1D03C /* UIViewController+ErrorDisplayable.swift */; };
		577A7F6C262CA3D000B1D03C /* GoogleService-Info-prod.plist in Resources */ = {isa = PBXBuildFile; fileRef = 577A7F6B262CA3D000B1D03C /* GoogleService-Info-prod.plist */; };
		5793482F2621E1E200F8A4A0 /* HomeStatsCell.xib in Resources */ = {isa = PBXBuildFile; fileRef = 5793482E2621E1E200F8A4A0 /* HomeStatsCell.xib */; };
		5793483C2621E2F100F8A4A0 /* HomeStatsCell.swift in Sources */ = {isa = PBXBuildFile; fileRef = 5793483B2621E2F100F8A4A0 /* HomeStatsCell.swift */; };
		579348472621E41400F8A4A0 /* UICollectionView+Commons.swift in Sources */ = {isa = PBXBuildFile; fileRef = 579348462621E41400F8A4A0 /* UICollectionView+Commons.swift */; };
		5793484C262241B900F8A4A0 /* Stats.swift in Sources */ = {isa = PBXBuildFile; fileRef = 5793484B262241B900F8A4A0 /* Stats.swift */; };
		5795BE102633540C00A44849 /* String+Commons.swift in Sources */ = {isa = PBXBuildFile; fileRef = 5795BE0F2633540C00A44849 /* String+Commons.swift */; };
		579D713226373A030021CB56 /* GoogleService-Info-debug.plist in Resources */ = {isa = PBXBuildFile; fileRef = 579D713126373A030021CB56 /* GoogleService-Info-debug.plist */; };
		57AD21C8261FD47B00ED2B95 /* NSMutableAttributedString+Commons.swift in Sources */ = {isa = PBXBuildFile; fileRef = 57AD21C7261FD47B00ED2B95 /* NSMutableAttributedString+Commons.swift */; };
		57AD21CD262102F700ED2B95 /* UIViewControllerController+Commons.swift in Sources */ = {isa = PBXBuildFile; fileRef = 57AD21CC262102F700ED2B95 /* UIViewControllerController+Commons.swift */; };
		57AD21D62621041200ED2B95 /* CentresListViewController.swift in Sources */ = {isa = PBXBuildFile; fileRef = 57AD21D52621041200ED2B95 /* CentresListViewController.swift */; };
		57AD21DE2621042700ED2B95 /* CentresListViewController.storyboard in Resources */ = {isa = PBXBuildFile; fileRef = 57AD21DD2621042700ED2B95 /* CentresListViewController.storyboard */; };
		57AD21EE2621073200ED2B95 /* CountySelectionViewController.storyboard in Resources */ = {isa = PBXBuildFile; fileRef = 57AD21ED2621073200ED2B95 /* CountySelectionViewController.storyboard */; };
		57AD21F62621097A00ED2B95 /* CentresListViewModel.swift in Sources */ = {isa = PBXBuildFile; fileRef = 57AD21F52621097A00ED2B95 /* CentresListViewModel.swift */; };
		57AF504A262CDB3D0085E3C1 /* CentresStatsCell.swift in Sources */ = {isa = PBXBuildFile; fileRef = 57AF5048262CDB3D0085E3C1 /* CentresStatsCell.swift */; };
		57AF504B262CDB3D0085E3C1 /* CentresStatsCell.xib in Resources */ = {isa = PBXBuildFile; fileRef = 57AF5049262CDB3D0085E3C1 /* CentresStatsCell.xib */; };
		57AF504F262CDD5A0085E3C1 /* CentresTitleCell.swift in Sources */ = {isa = PBXBuildFile; fileRef = 57AF504E262CDD5A0085E3C1 /* CentresTitleCell.swift */; };
		57AF5055262CE28E0085E3C1 /* CentresTitleCell.xib in Resources */ = {isa = PBXBuildFile; fileRef = 57AF5054262CE28E0085E3C1 /* CentresTitleCell.xib */; };
		57B2BCA02633AC5B001B3D61 /* Localization.swift in Sources */ = {isa = PBXBuildFile; fileRef = 57B2BC9F2633AC5B001B3D61 /* Localization.swift */; };
		57B2BCA32633B254001B3D61 /* Localizable.strings in Resources */ = {isa = PBXBuildFile; fileRef = 57B2BCA52633B254001B3D61 /* Localizable.strings */; };
		57B6BEA42636060200D9AAC1 /* MaintenanceViewController.swift in Sources */ = {isa = PBXBuildFile; fileRef = 57B6BEA32636060200D9AAC1 /* MaintenanceViewController.swift */; };
		57B6BEAA2636153000D9AAC1 /* maintenance.html in Resources */ = {isa = PBXBuildFile; fileRef = 57B6BEA92636153000D9AAC1 /* maintenance.html */; };
		57B7CD50262E28460065DD80 /* Haptica in Frameworks */ = {isa = PBXBuildFile; productRef = 57B7CD4F262E28460065DD80 /* Haptica */; };
		57C38B602627826B00FE63B0 /* NSTextAttachment+Commons.swift in Sources */ = {isa = PBXBuildFile; fileRef = 57C38B5F2627826B00FE63B0 /* NSTextAttachment+Commons.swift */; };
		57C4017626235B6200EFFCA3 /* HomePartnersFooterView.swift in Sources */ = {isa = PBXBuildFile; fileRef = 57C4017426235B6200EFFCA3 /* HomePartnersFooterView.swift */; };
		57C4017726235B6200EFFCA3 /* HomePartnersFooterView.xib in Resources */ = {isa = PBXBuildFile; fileRef = 57C4017526235B6200EFFCA3 /* HomePartnersFooterView.xib */; };
		57C4017C262383DA00EFFCA3 /* UIImage+Commons.swift in Sources */ = {isa = PBXBuildFile; fileRef = 57C4017B262383D900EFFCA3 /* UIImage+Commons.swift */; };
		57C4018126238ABC00EFFCA3 /* UIFont+Commons.swift in Sources */ = {isa = PBXBuildFile; fileRef = 57C4018026238ABC00EFFCA3 /* UIFont+Commons.swift */; };
		57C4018726238E4900EFFCA3 /* CountySelectionHeaderView.swift in Sources */ = {isa = PBXBuildFile; fileRef = 57C4018626238E4900EFFCA3 /* CountySelectionHeaderView.swift */; };
		57C4018F26238E5300EFFCA3 /* CountySelectionHeaderView.xib in Resources */ = {isa = PBXBuildFile; fileRef = 57C4018E26238E5300EFFCA3 /* CountySelectionHeaderView.xib */; };
		57C401962623929800EFFCA3 /* HomeCountyCell.swift in Sources */ = {isa = PBXBuildFile; fileRef = 57C401942623929800EFFCA3 /* HomeCountyCell.swift */; };
		57C401972623929800EFFCA3 /* HomeCountyCell.xib in Resources */ = {isa = PBXBuildFile; fileRef = 57C401952623929800EFFCA3 /* HomeCountyCell.xib */; };
		57C401AA262426B100EFFCA3 /* CentreCell.swift in Sources */ = {isa = PBXBuildFile; fileRef = 57C401A8262426B100EFFCA3 /* CentreCell.swift */; };
		57C401AB262426B100EFFCA3 /* CentreCell.xib in Resources */ = {isa = PBXBuildFile; fileRef = 57C401A9262426B100EFFCA3 /* CentreCell.xib */; };
		57DEAA03263444BB005E8628 /* Localizable.stringsdict in Resources */ = {isa = PBXBuildFile; fileRef = 57DEAA05263444BB005E8628 /* Localizable.stringsdict */; };
		57DEAA1326346D9D005E8628 /* FormatterUtils.swift in Sources */ = {isa = PBXBuildFile; fileRef = 57DEAA1226346D9D005E8628 /* FormatterUtils.swift */; };
		57EC46FF262B1DC500FBA991 /* HomeTitleCell.xib in Resources */ = {isa = PBXBuildFile; fileRef = 57EC46FE262B1DC500FBA991 /* HomeTitleCell.xib */; };
		57ECA227262B031F001B368F /* UserDefaultsWrapper.swift in Sources */ = {isa = PBXBuildFile; fileRef = 57ECA226262B031F001B368F /* UserDefaultsWrapper.swift */; };
		57FE5C0F261FA84D0012B66D /* UIColor+VideMaDose.swift in Sources */ = {isa = PBXBuildFile; fileRef = 57FE5C0E261FA84D0012B66D /* UIColor+VideMaDose.swift */; };
		6A0FA1A0262CAB6C002D3AA8 /* APIRequest in Frameworks */ = {isa = PBXBuildFile; productRef = 6A0FA19F262CAB6C002D3AA8 /* APIRequest */; };
		DA234DC32626494600D6F71C /* remote-configuration.plist in Resources */ = {isa = PBXBuildFile; fileRef = DA234DC22626494600D6F71C /* remote-configuration.plist */; };
		DA234DD12626506600D6F71C /* RemoteConfig.swift in Sources */ = {isa = PBXBuildFile; fileRef = DA234DD02626506600D6F71C /* RemoteConfig.swift */; };
		DA4D9953261E6B6A00D28AD0 /* CountySelectionViewController.swift in Sources */ = {isa = PBXBuildFile; fileRef = DA4D9952261E6B6A00D28AD0 /* CountySelectionViewController.swift */; };
		DA4D995E261E6D6300D28AD0 /* CountySelectionViewModel.swift in Sources */ = {isa = PBXBuildFile; fileRef = DA4D995D261E6D6300D28AD0 /* CountySelectionViewModel.swift */; };
		DA68647B2627A1CA005B2AC2 /* AppAnalytics.swift in Sources */ = {isa = PBXBuildFile; fileRef = DA68647A2627A1CA005B2AC2 /* AppAnalytics.swift */; };
/* End PBXBuildFile section */

/* Begin PBXContainerItemProxy section */
		576738D3261E32A3004A700D /* PBXContainerItemProxy */ = {
			isa = PBXContainerItemProxy;
			containerPortal = 576738B4261E329C004A700D /* Project object */;
			proxyType = 1;
			remoteGlobalIDString = 576738BB261E329C004A700D;
			remoteInfo = ViteMaDose;
		};
		576738DE261E32A3004A700D /* PBXContainerItemProxy */ = {
			isa = PBXContainerItemProxy;
			containerPortal = 576738B4261E329C004A700D /* Project object */;
			proxyType = 1;
			remoteGlobalIDString = 576738BB261E329C004A700D;
			remoteInfo = ViteMaDose;
		};
/* End PBXContainerItemProxy section */

/* Begin PBXCopyFilesBuildPhase section */
		57613EF8262507C800AB6F2F /* Embed Frameworks */ = {
			isa = PBXCopyFilesBuildPhase;
			buildActionMask = 2147483647;
			dstPath = "";
			dstSubfolderSpec = 10;
			files = (
			);
			name = "Embed Frameworks";
			runOnlyForDeploymentPostprocessing = 0;
		};
/* End PBXCopyFilesBuildPhase section */

/* Begin PBXFileReference section */
		57471428262B6BA300535DF1 /* CountyCell.swift */ = {isa = PBXFileReference; lastKnownFileType = sourcecode.swift; path = CountyCell.swift; sourceTree = "<group>"; };
		57471429262B6BA300535DF1 /* CountyCell.xib */ = {isa = PBXFileReference; lastKnownFileType = file.xib; path = CountyCell.xib; sourceTree = "<group>"; };
		575CC223262AECA7008D1869 /* HomeTitleCell.swift */ = {isa = PBXFileReference; lastKnownFileType = sourcecode.swift; path = HomeTitleCell.swift; sourceTree = "<group>"; };
		575CC22D262AF4E0008D1869 /* HomeCountySelectionCell.swift */ = {isa = PBXFileReference; lastKnownFileType = sourcecode.swift; path = HomeCountySelectionCell.swift; sourceTree = "<group>"; };
		575CC22E262AF4E1008D1869 /* HomeCountySelectionCell.xib */ = {isa = PBXFileReference; lastKnownFileType = file.xib; path = HomeCountySelectionCell.xib; sourceTree = "<group>"; };
		57613F02262510D700AB6F2F /* PartnerLogo.swift */ = {isa = PBXFileReference; lastKnownFileType = sourcecode.swift; path = PartnerLogo.swift; sourceTree = "<group>"; };
		576738BC261E329C004A700D /* ViteMaDose.app */ = {isa = PBXFileReference; explicitFileType = wrapper.application; includeInIndex = 0; path = ViteMaDose.app; sourceTree = BUILT_PRODUCTS_DIR; };
		576738BF261E329C004A700D /* AppDelegate.swift */ = {isa = PBXFileReference; lastKnownFileType = sourcecode.swift; path = AppDelegate.swift; sourceTree = "<group>"; };
		576738C1261E329C004A700D /* SceneDelegate.swift */ = {isa = PBXFileReference; lastKnownFileType = sourcecode.swift; path = SceneDelegate.swift; sourceTree = "<group>"; };
		576738C8261E32A2004A700D /* Assets.xcassets */ = {isa = PBXFileReference; lastKnownFileType = folder.assetcatalog; path = Assets.xcassets; sourceTree = "<group>"; };
		576738CB261E32A2004A700D /* Base */ = {isa = PBXFileReference; lastKnownFileType = file.storyboard; name = Base; path = Base.lproj/LaunchScreen.storyboard; sourceTree = "<group>"; };
		576738CD261E32A2004A700D /* Info.plist */ = {isa = PBXFileReference; lastKnownFileType = text.plist.xml; path = Info.plist; sourceTree = "<group>"; };
		576738D2261E32A3004A700D /* ViteMaDoseTests.xctest */ = {isa = PBXFileReference; explicitFileType = wrapper.cfbundle; includeInIndex = 0; path = ViteMaDoseTests.xctest; sourceTree = BUILT_PRODUCTS_DIR; };
		576738D6261E32A3004A700D /* ViteMaDoseTests.swift */ = {isa = PBXFileReference; lastKnownFileType = sourcecode.swift; path = ViteMaDoseTests.swift; sourceTree = "<group>"; };
		576738D8261E32A3004A700D /* Info.plist */ = {isa = PBXFileReference; lastKnownFileType = text.plist.xml; path = Info.plist; sourceTree = "<group>"; };
		576738DD261E32A3004A700D /* ViteMaDoseUITests.xctest */ = {isa = PBXFileReference; explicitFileType = wrapper.cfbundle; includeInIndex = 0; path = ViteMaDoseUITests.xctest; sourceTree = BUILT_PRODUCTS_DIR; };
		576738E1261E32A3004A700D /* ViteMaDoseUITests.swift */ = {isa = PBXFileReference; lastKnownFileType = sourcecode.swift; path = ViteMaDoseUITests.swift; sourceTree = "<group>"; };
		576738E3261E32A3004A700D /* Info.plist */ = {isa = PBXFileReference; lastKnownFileType = text.plist.xml; path = Info.plist; sourceTree = "<group>"; };
		576738F2261E353D004A700D /* APIService.swift */ = {isa = PBXFileReference; lastKnownFileType = sourcecode.swift; path = APIService.swift; sourceTree = "<group>"; };
		576738FA261E374A004A700D /* URL+Commons.swift */ = {isa = PBXFileReference; lastKnownFileType = sourcecode.swift; path = "URL+Commons.swift"; sourceTree = "<group>"; };
		57673902261E3783004A700D /* Data+Commons.swift */ = {isa = PBXFileReference; lastKnownFileType = sourcecode.swift; path = "Data+Commons.swift"; sourceTree = "<group>"; };
		57673909261E3875004A700D /* County.swift */ = {isa = PBXFileReference; lastKnownFileType = sourcecode.swift; path = County.swift; sourceTree = "<group>"; };
		57673911261E3962004A700D /* VaccinationCentre.swift */ = {isa = PBXFileReference; lastKnownFileType = sourcecode.swift; path = VaccinationCentre.swift; sourceTree = "<group>"; };
		57673916261E3B1A004A700D /* UITableView+Commons.swift */ = {isa = PBXFileReference; lastKnownFileType = sourcecode.swift; path = "UITableView+Commons.swift"; sourceTree = "<group>"; };
		5767391B261E3B40004A700D /* Storyboard+Common.swift */ = {isa = PBXFileReference; lastKnownFileType = sourcecode.swift; path = "Storyboard+Common.swift"; sourceTree = "<group>"; };
		57673920261E3B59004A700D /* Collection+Commons.swift */ = {isa = PBXFileReference; lastKnownFileType = sourcecode.swift; path = "Collection+Commons.swift"; sourceTree = "<group>"; };
		57673925261E3B6C004A700D /* UIView+Common.swift */ = {isa = PBXFileReference; lastKnownFileType = sourcecode.swift; path = "UIView+Common.swift"; sourceTree = "<group>"; };
		5767392F261E3BC5004A700D /* HomeViewController.swift */ = {isa = PBXFileReference; lastKnownFileType = sourcecode.swift; path = HomeViewController.swift; sourceTree = "<group>"; };
		57673937261E3BDE004A700D /* HomeViewController.storyboard */ = {isa = PBXFileReference; lastKnownFileType = file.storyboard; path = HomeViewController.storyboard; sourceTree = "<group>"; };
		5767393E261E3C1F004A700D /* HomeViewModel.swift */ = {isa = PBXFileReference; lastKnownFileType = sourcecode.swift; path = HomeViewModel.swift; sourceTree = "<group>"; };
		57673954261E4145004A700D /* ClassNameProtocol.swift */ = {isa = PBXFileReference; lastKnownFileType = sourcecode.swift; path = ClassNameProtocol.swift; sourceTree = "<group>"; };
		577A7F5D262C6D6400B1D03C /* ErrorDisplayable.swift */ = {isa = PBXFileReference; lastKnownFileType = sourcecode.swift; path = ErrorDisplayable.swift; sourceTree = "<group>"; };
		577A7F61262C6D7E00B1D03C /* UIViewController+ErrorDisplayable.swift */ = {isa = PBXFileReference; lastKnownFileType = sourcecode.swift; path = "UIViewController+ErrorDisplayable.swift"; sourceTree = "<group>"; };
		577A7F6B262CA3D000B1D03C /* GoogleService-Info-prod.plist */ = {isa = PBXFileReference; fileEncoding = 4; lastKnownFileType = text.plist.xml; path = "GoogleService-Info-prod.plist"; sourceTree = "<group>"; };
		5793482E2621E1E200F8A4A0 /* HomeStatsCell.xib */ = {isa = PBXFileReference; lastKnownFileType = file.xib; path = HomeStatsCell.xib; sourceTree = "<group>"; };
		5793483B2621E2F100F8A4A0 /* HomeStatsCell.swift */ = {isa = PBXFileReference; lastKnownFileType = sourcecode.swift; path = HomeStatsCell.swift; sourceTree = "<group>"; };
		579348462621E41400F8A4A0 /* UICollectionView+Commons.swift */ = {isa = PBXFileReference; lastKnownFileType = sourcecode.swift; path = "UICollectionView+Commons.swift"; sourceTree = "<group>"; };
		5793484B262241B900F8A4A0 /* Stats.swift */ = {isa = PBXFileReference; lastKnownFileType = sourcecode.swift; path = Stats.swift; sourceTree = "<group>"; };
		5795BE0F2633540C00A44849 /* String+Commons.swift */ = {isa = PBXFileReference; lastKnownFileType = sourcecode.swift; path = "String+Commons.swift"; sourceTree = "<group>"; };
		579D713126373A030021CB56 /* GoogleService-Info-debug.plist */ = {isa = PBXFileReference; fileEncoding = 4; lastKnownFileType = text.plist.xml; path = "GoogleService-Info-debug.plist"; sourceTree = "<group>"; };
		57AD21C7261FD47B00ED2B95 /* NSMutableAttributedString+Commons.swift */ = {isa = PBXFileReference; lastKnownFileType = sourcecode.swift; path = "NSMutableAttributedString+Commons.swift"; sourceTree = "<group>"; };
		57AD21CC262102F700ED2B95 /* UIViewControllerController+Commons.swift */ = {isa = PBXFileReference; lastKnownFileType = sourcecode.swift; path = "UIViewControllerController+Commons.swift"; sourceTree = "<group>"; };
		57AD21D52621041200ED2B95 /* CentresListViewController.swift */ = {isa = PBXFileReference; lastKnownFileType = sourcecode.swift; path = CentresListViewController.swift; sourceTree = "<group>"; };
		57AD21DD2621042700ED2B95 /* CentresListViewController.storyboard */ = {isa = PBXFileReference; lastKnownFileType = file.storyboard; path = CentresListViewController.storyboard; sourceTree = "<group>"; };
		57AD21ED2621073200ED2B95 /* CountySelectionViewController.storyboard */ = {isa = PBXFileReference; lastKnownFileType = file.storyboard; path = CountySelectionViewController.storyboard; sourceTree = "<group>"; };
		57AD21F52621097A00ED2B95 /* CentresListViewModel.swift */ = {isa = PBXFileReference; lastKnownFileType = sourcecode.swift; path = CentresListViewModel.swift; sourceTree = "<group>"; };
		57AF5048262CDB3D0085E3C1 /* CentresStatsCell.swift */ = {isa = PBXFileReference; lastKnownFileType = sourcecode.swift; path = CentresStatsCell.swift; sourceTree = "<group>"; };
		57AF5049262CDB3D0085E3C1 /* CentresStatsCell.xib */ = {isa = PBXFileReference; lastKnownFileType = file.xib; path = CentresStatsCell.xib; sourceTree = "<group>"; };
		57AF504E262CDD5A0085E3C1 /* CentresTitleCell.swift */ = {isa = PBXFileReference; lastKnownFileType = sourcecode.swift; path = CentresTitleCell.swift; sourceTree = "<group>"; };
		57AF5054262CE28E0085E3C1 /* CentresTitleCell.xib */ = {isa = PBXFileReference; lastKnownFileType = file.xib; path = CentresTitleCell.xib; sourceTree = "<group>"; };
		57B2BC9F2633AC5B001B3D61 /* Localization.swift */ = {isa = PBXFileReference; lastKnownFileType = sourcecode.swift; path = Localization.swift; sourceTree = "<group>"; };
		57B2BCA42633B254001B3D61 /* fr */ = {isa = PBXFileReference; lastKnownFileType = text.plist.strings; name = fr; path = fr.lproj/Localizable.strings; sourceTree = "<group>"; };
		57B6BEA32636060200D9AAC1 /* MaintenanceViewController.swift */ = {isa = PBXFileReference; lastKnownFileType = sourcecode.swift; path = MaintenanceViewController.swift; sourceTree = "<group>"; };
		57B6BEA92636153000D9AAC1 /* maintenance.html */ = {isa = PBXFileReference; fileEncoding = 4; lastKnownFileType = text.html; path = maintenance.html; sourceTree = "<group>"; };
		57C38B5F2627826B00FE63B0 /* NSTextAttachment+Commons.swift */ = {isa = PBXFileReference; lastKnownFileType = sourcecode.swift; path = "NSTextAttachment+Commons.swift"; sourceTree = "<group>"; };
		57C4017426235B6200EFFCA3 /* HomePartnersFooterView.swift */ = {isa = PBXFileReference; lastKnownFileType = sourcecode.swift; path = HomePartnersFooterView.swift; sourceTree = "<group>"; };
		57C4017526235B6200EFFCA3 /* HomePartnersFooterView.xib */ = {isa = PBXFileReference; lastKnownFileType = file.xib; path = HomePartnersFooterView.xib; sourceTree = "<group>"; };
		57C4017B262383D900EFFCA3 /* UIImage+Commons.swift */ = {isa = PBXFileReference; lastKnownFileType = sourcecode.swift; path = "UIImage+Commons.swift"; sourceTree = "<group>"; };
		57C4018026238ABC00EFFCA3 /* UIFont+Commons.swift */ = {isa = PBXFileReference; lastKnownFileType = sourcecode.swift; path = "UIFont+Commons.swift"; sourceTree = "<group>"; };
		57C4018626238E4900EFFCA3 /* CountySelectionHeaderView.swift */ = {isa = PBXFileReference; lastKnownFileType = sourcecode.swift; path = CountySelectionHeaderView.swift; sourceTree = "<group>"; };
		57C4018E26238E5300EFFCA3 /* CountySelectionHeaderView.xib */ = {isa = PBXFileReference; lastKnownFileType = file.xib; path = CountySelectionHeaderView.xib; sourceTree = "<group>"; };
		57C401942623929800EFFCA3 /* HomeCountyCell.swift */ = {isa = PBXFileReference; lastKnownFileType = sourcecode.swift; path = HomeCountyCell.swift; sourceTree = "<group>"; };
		57C401952623929800EFFCA3 /* HomeCountyCell.xib */ = {isa = PBXFileReference; lastKnownFileType = file.xib; path = HomeCountyCell.xib; sourceTree = "<group>"; };
		57C401A8262426B100EFFCA3 /* CentreCell.swift */ = {isa = PBXFileReference; lastKnownFileType = sourcecode.swift; path = CentreCell.swift; sourceTree = "<group>"; };
		57C401A9262426B100EFFCA3 /* CentreCell.xib */ = {isa = PBXFileReference; lastKnownFileType = file.xib; path = CentreCell.xib; sourceTree = "<group>"; };
		57DEAA04263444BB005E8628 /* fr */ = {isa = PBXFileReference; lastKnownFileType = text.plist.stringsdict; name = fr; path = fr.lproj/Localizable.stringsdict; sourceTree = "<group>"; };
		57DEAA1226346D9D005E8628 /* FormatterUtils.swift */ = {isa = PBXFileReference; lastKnownFileType = sourcecode.swift; path = FormatterUtils.swift; sourceTree = "<group>"; };
		57EC46FE262B1DC500FBA991 /* HomeTitleCell.xib */ = {isa = PBXFileReference; lastKnownFileType = file.xib; path = HomeTitleCell.xib; sourceTree = "<group>"; };
		57ECA226262B031F001B368F /* UserDefaultsWrapper.swift */ = {isa = PBXFileReference; lastKnownFileType = sourcecode.swift; path = UserDefaultsWrapper.swift; sourceTree = "<group>"; };
		57FE5C0E261FA84D0012B66D /* UIColor+VideMaDose.swift */ = {isa = PBXFileReference; lastKnownFileType = sourcecode.swift; path = "UIColor+VideMaDose.swift"; sourceTree = "<group>"; };
		6A28354B262DC06C00FA6456 /* ViteMaDose.entitlements */ = {isa = PBXFileReference; lastKnownFileType = text.plist.entitlements; path = ViteMaDose.entitlements; sourceTree = "<group>"; };
		889B9A49263307EC00175E24 /* .swiftlint.yml */ = {isa = PBXFileReference; lastKnownFileType = text.yaml; path = .swiftlint.yml; sourceTree = "<group>"; };
		DA234DC22626494600D6F71C /* remote-configuration.plist */ = {isa = PBXFileReference; lastKnownFileType = text.plist.xml; path = "remote-configuration.plist"; sourceTree = "<group>"; };
		DA234DD02626506600D6F71C /* RemoteConfig.swift */ = {isa = PBXFileReference; lastKnownFileType = sourcecode.swift; path = RemoteConfig.swift; sourceTree = "<group>"; };
		DA4D9952261E6B6A00D28AD0 /* CountySelectionViewController.swift */ = {isa = PBXFileReference; lastKnownFileType = sourcecode.swift; path = CountySelectionViewController.swift; sourceTree = "<group>"; };
		DA4D995D261E6D6300D28AD0 /* CountySelectionViewModel.swift */ = {isa = PBXFileReference; lastKnownFileType = sourcecode.swift; path = CountySelectionViewModel.swift; sourceTree = "<group>"; };
		DA68647A2627A1CA005B2AC2 /* AppAnalytics.swift */ = {isa = PBXFileReference; lastKnownFileType = sourcecode.swift; path = AppAnalytics.swift; sourceTree = "<group>"; };
/* End PBXFileReference section */

/* Begin PBXFrameworksBuildPhase section */
		576738B9261E329C004A700D /* Frameworks */ = {
			isa = PBXFrameworksBuildPhase;
			buildActionMask = 2147483647;
			files = (
				57613EFF2625085000AB6F2F /* SwiftDateStatic in Frameworks */,
				57B7CD50262E28460065DD80 /* Haptica in Frameworks */,
				6A0FA1A0262CAB6C002D3AA8 /* APIRequest in Frameworks */,
				575CC211262AD8F7008D1869 /* PhoneNumberKit in Frameworks */,
				57613EFD2625085000AB6F2F /* SwiftDate in Frameworks */,
				575CC21C262ADA0D008D1869 /* FirebaseCrashlytics in Frameworks */,
				575CC21A262ADA0D008D1869 /* FirebaseAnalytics in Frameworks */,
				575CC218262ADA0D008D1869 /* FirebaseRemoteConfig in Frameworks */,
			);
			runOnlyForDeploymentPostprocessing = 0;
		};
		576738CF261E32A3004A700D /* Frameworks */ = {
			isa = PBXFrameworksBuildPhase;
			buildActionMask = 2147483647;
			files = (
			);
			runOnlyForDeploymentPostprocessing = 0;
		};
		576738DA261E32A3004A700D /* Frameworks */ = {
			isa = PBXFrameworksBuildPhase;
			buildActionMask = 2147483647;
			files = (
			);
			runOnlyForDeploymentPostprocessing = 0;
		};
/* End PBXFrameworksBuildPhase section */

/* Begin PBXGroup section */
		57471427262B6B7500535DF1 /* Cells */ = {
			isa = PBXGroup;
			children = (
				57471428262B6BA300535DF1 /* CountyCell.swift */,
				57471429262B6BA300535DF1 /* CountyCell.xib */,
			);
			path = Cells;
			sourceTree = "<group>";
		};
		576738B3261E329C004A700D = {
			isa = PBXGroup;
			children = (
				889B9A49263307EC00175E24 /* .swiftlint.yml */,
				576738BE261E329C004A700D /* ViteMaDose */,
				576738D5261E32A3004A700D /* ViteMaDoseTests */,
				576738E0261E32A3004A700D /* ViteMaDoseUITests */,
				576738BD261E329C004A700D /* Products */,
			);
			sourceTree = "<group>";
		};
		576738BD261E329C004A700D /* Products */ = {
			isa = PBXGroup;
			children = (
				576738BC261E329C004A700D /* ViteMaDose.app */,
				576738D2261E32A3004A700D /* ViteMaDoseTests.xctest */,
				576738DD261E32A3004A700D /* ViteMaDoseUITests.xctest */,
			);
			name = Products;
			sourceTree = "<group>";
		};
		576738BE261E329C004A700D /* ViteMaDose */ = {
			isa = PBXGroup;
			children = (
				6A28354B262DC06C00FA6456 /* ViteMaDose.entitlements */,
				57673986261E5AF3004A700D /* Application */,
				5767392A261E3B99004A700D /* Views */,
				5767393C261E3BFD004A700D /* ViewModels */,
				57673908261E383D004A700D /* Models */,
				57673907261E37F8004A700D /* Networking */,
				576738F9261E3709004A700D /* Helpers */,
				57673977261E5A37004A700D /* Resources */,
			);
			path = ViteMaDose;
			sourceTree = "<group>";
		};
		576738D5261E32A3004A700D /* ViteMaDoseTests */ = {
			isa = PBXGroup;
			children = (
				576738D6261E32A3004A700D /* ViteMaDoseTests.swift */,
				576738D8261E32A3004A700D /* Info.plist */,
			);
			path = ViteMaDoseTests;
			sourceTree = "<group>";
		};
		576738E0261E32A3004A700D /* ViteMaDoseUITests */ = {
			isa = PBXGroup;
			children = (
				576738E1261E32A3004A700D /* ViteMaDoseUITests.swift */,
				576738E3261E32A3004A700D /* Info.plist */,
			);
			path = ViteMaDoseUITests;
			sourceTree = "<group>";
		};
		576738F9261E3709004A700D /* Helpers */ = {
			isa = PBXGroup;
			children = (
				DA6864792627A1BC005B2AC2 /* Utils */,
				5767397D261E5A81004A700D /* Protocols */,
				5767397C261E5A7A004A700D /* Extensions */,
			);
			path = Helpers;
			sourceTree = "<group>";
		};
		57673907261E37F8004A700D /* Networking */ = {
			isa = PBXGroup;
			children = (
				576738F2261E353D004A700D /* APIService.swift */,
				DA234DD02626506600D6F71C /* RemoteConfig.swift */,
			);
			path = Networking;
			sourceTree = "<group>";
		};
		57673908261E383D004A700D /* Models */ = {
			isa = PBXGroup;
			children = (
				57673909261E3875004A700D /* County.swift */,
				57673911261E3962004A700D /* VaccinationCentre.swift */,
				5793484B262241B900F8A4A0 /* Stats.swift */,
				57613F02262510D700AB6F2F /* PartnerLogo.swift */,
			);
			path = Models;
			sourceTree = "<group>";
		};
		5767392A261E3B99004A700D /* Views */ = {
			isa = PBXGroup;
			children = (
				5767392E261E3BB2004A700D /* Home */,
				57AD21E22621067D00ED2B95 /* CountySelection */,
				57AD21D4262103F000ED2B95 /* CentresList */,
				57B6BEA2263605DE00D9AAC1 /* Maintenance */,
			);
			path = Views;
			sourceTree = "<group>";
		};
		5767392E261E3BB2004A700D /* Home */ = {
			isa = PBXGroup;
			children = (
				579348282621DA9D00F8A4A0 /* Cells */,
				57EC4706262B629B00FBA991 /* Footer */,
				5767392F261E3BC5004A700D /* HomeViewController.swift */,
				57673937261E3BDE004A700D /* HomeViewController.storyboard */,
			);
			path = Home;
			sourceTree = "<group>";
		};
		5767393C261E3BFD004A700D /* ViewModels */ = {
			isa = PBXGroup;
			children = (
				5767393D261E3C10004A700D /* Home */,
				57AD21E9262106E100ED2B95 /* CountySelection */,
				57AD21FA2621098500ED2B95 /* CentresList */,
			);
			path = ViewModels;
			sourceTree = "<group>";
		};
		5767393D261E3C10004A700D /* Home */ = {
			isa = PBXGroup;
			children = (
				5767393E261E3C1F004A700D /* HomeViewModel.swift */,
			);
			path = Home;
			sourceTree = "<group>";
		};
		57673977261E5A37004A700D /* Resources */ = {
			isa = PBXGroup;
			children = (
				576738C8261E32A2004A700D /* Assets.xcassets */,
				57B6BEA92636153000D9AAC1 /* maintenance.html */,
				57DEAA1826346FA7005E8628 /* Localization */,
			);
			path = Resources;
			sourceTree = "<group>";
		};
		5767397C261E5A7A004A700D /* Extensions */ = {
			isa = PBXGroup;
			children = (
				576738FA261E374A004A700D /* URL+Commons.swift */,
				57673902261E3783004A700D /* Data+Commons.swift */,
				57673916261E3B1A004A700D /* UITableView+Commons.swift */,
				579348462621E41400F8A4A0 /* UICollectionView+Commons.swift */,
				5767391B261E3B40004A700D /* Storyboard+Common.swift */,
				57673920261E3B59004A700D /* Collection+Commons.swift */,
				57673925261E3B6C004A700D /* UIView+Common.swift */,
				57FE5C0E261FA84D0012B66D /* UIColor+VideMaDose.swift */,
				57AD21C7261FD47B00ED2B95 /* NSMutableAttributedString+Commons.swift */,
				57AD21CC262102F700ED2B95 /* UIViewControllerController+Commons.swift */,
				57C4017B262383D900EFFCA3 /* UIImage+Commons.swift */,
				57C4018026238ABC00EFFCA3 /* UIFont+Commons.swift */,
				57C38B5F2627826B00FE63B0 /* NSTextAttachment+Commons.swift */,
				577A7F61262C6D7E00B1D03C /* UIViewController+ErrorDisplayable.swift */,
				5795BE0F2633540C00A44849 /* String+Commons.swift */,
			);
			path = Extensions;
			sourceTree = "<group>";
		};
		5767397D261E5A81004A700D /* Protocols */ = {
			isa = PBXGroup;
			children = (
				57673954261E4145004A700D /* ClassNameProtocol.swift */,
				577A7F5D262C6D6400B1D03C /* ErrorDisplayable.swift */,
			);
			path = Protocols;
			sourceTree = "<group>";
		};
		57673986261E5AF3004A700D /* Application */ = {
			isa = PBXGroup;
			children = (
				579D713126373A030021CB56 /* GoogleService-Info-debug.plist */,
				577A7F6B262CA3D000B1D03C /* GoogleService-Info-prod.plist */,
				576738BF261E329C004A700D /* AppDelegate.swift */,
				576738C1261E329C004A700D /* SceneDelegate.swift */,
				576738CA261E32A2004A700D /* LaunchScreen.storyboard */,
				576738CD261E32A2004A700D /* Info.plist */,
				DA234DC22626494600D6F71C /* remote-configuration.plist */,
			);
			name = Application;
			sourceTree = "<group>";
		};
		579348282621DA9D00F8A4A0 /* Cells */ = {
			isa = PBXGroup;
			children = (
				575CC223262AECA7008D1869 /* HomeTitleCell.swift */,
				57EC46FE262B1DC500FBA991 /* HomeTitleCell.xib */,
				5793483B2621E2F100F8A4A0 /* HomeStatsCell.swift */,
				5793482E2621E1E200F8A4A0 /* HomeStatsCell.xib */,
				575CC22D262AF4E0008D1869 /* HomeCountySelectionCell.swift */,
				575CC22E262AF4E1008D1869 /* HomeCountySelectionCell.xib */,
				57C401942623929800EFFCA3 /* HomeCountyCell.swift */,
				57C401952623929800EFFCA3 /* HomeCountyCell.xib */,
			);
			path = Cells;
			sourceTree = "<group>";
		};
		57AD21D4262103F000ED2B95 /* CentresList */ = {
			isa = PBXGroup;
			children = (
				57C401A72624266800EFFCA3 /* Cells */,
				57AD21D52621041200ED2B95 /* CentresListViewController.swift */,
				57AD21DD2621042700ED2B95 /* CentresListViewController.storyboard */,
			);
			path = CentresList;
			sourceTree = "<group>";
		};
		57AD21E22621067D00ED2B95 /* CountySelection */ = {
			isa = PBXGroup;
			children = (
				57471427262B6B7500535DF1 /* Cells */,
				57C4018526238E2200EFFCA3 /* Header */,
				DA4D9952261E6B6A00D28AD0 /* CountySelectionViewController.swift */,
				57AD21ED2621073200ED2B95 /* CountySelectionViewController.storyboard */,
			);
			path = CountySelection;
			sourceTree = "<group>";
		};
		57AD21E9262106E100ED2B95 /* CountySelection */ = {
			isa = PBXGroup;
			children = (
				DA4D995D261E6D6300D28AD0 /* CountySelectionViewModel.swift */,
			);
			path = CountySelection;
			sourceTree = "<group>";
		};
		57AD21FA2621098500ED2B95 /* CentresList */ = {
			isa = PBXGroup;
			children = (
				57AD21F52621097A00ED2B95 /* CentresListViewModel.swift */,
			);
			path = CentresList;
			sourceTree = "<group>";
		};
		57B6BEA2263605DE00D9AAC1 /* Maintenance */ = {
			isa = PBXGroup;
			children = (
				57B6BEA32636060200D9AAC1 /* MaintenanceViewController.swift */,
			);
			path = Maintenance;
			sourceTree = "<group>";
		};
		57C4018526238E2200EFFCA3 /* Header */ = {
			isa = PBXGroup;
			children = (
				57C4018626238E4900EFFCA3 /* CountySelectionHeaderView.swift */,
				57C4018E26238E5300EFFCA3 /* CountySelectionHeaderView.xib */,
			);
			path = Header;
			sourceTree = "<group>";
		};
		57C401A72624266800EFFCA3 /* Cells */ = {
			isa = PBXGroup;
			children = (
				57AF504E262CDD5A0085E3C1 /* CentresTitleCell.swift */,
				57AF5054262CE28E0085E3C1 /* CentresTitleCell.xib */,
				57AF5048262CDB3D0085E3C1 /* CentresStatsCell.swift */,
				57AF5049262CDB3D0085E3C1 /* CentresStatsCell.xib */,
				57C401A8262426B100EFFCA3 /* CentreCell.swift */,
				57C401A9262426B100EFFCA3 /* CentreCell.xib */,
			);
			path = Cells;
			sourceTree = "<group>";
		};
		57DEAA1826346FA7005E8628 /* Localization */ = {
			isa = PBXGroup;
			children = (
				57B2BCA52633B254001B3D61 /* Localizable.strings */,
				57DEAA05263444BB005E8628 /* Localizable.stringsdict */,
				57B2BC9F2633AC5B001B3D61 /* Localization.swift */,
			);
			path = Localization;
			sourceTree = "<group>";
		};
		57EC4706262B629B00FBA991 /* Footer */ = {
			isa = PBXGroup;
			children = (
				57C4017426235B6200EFFCA3 /* HomePartnersFooterView.swift */,
				57C4017526235B6200EFFCA3 /* HomePartnersFooterView.xib */,
			);
			path = Footer;
			sourceTree = "<group>";
		};
		DA6864792627A1BC005B2AC2 /* Utils */ = {
			isa = PBXGroup;
			children = (
				57ECA226262B031F001B368F /* UserDefaultsWrapper.swift */,
				DA68647A2627A1CA005B2AC2 /* AppAnalytics.swift */,
				57DEAA1226346D9D005E8628 /* FormatterUtils.swift */,
			);
			path = Utils;
			sourceTree = "<group>";
		};
/* End PBXGroup section */

/* Begin PBXNativeTarget section */
		576738BB261E329C004A700D /* ViteMaDose */ = {
			isa = PBXNativeTarget;
			buildConfigurationList = 576738E6261E32A3004A700D /* Build configuration list for PBXNativeTarget "ViteMaDose" */;
			buildPhases = (
				889B9A48263307BC00175E24 /* Swiftlint */,
				576738B8261E329C004A700D /* Sources */,
				576738B9261E329C004A700D /* Frameworks */,
				576738BA261E329C004A700D /* Resources */,
				57613EF8262507C800AB6F2F /* Embed Frameworks */,
				579D712C263738E20021CB56 /* Firebase Configuration */,
				DA68646626276624005B2AC2 /* Crashlytics */,
				577A7F2B262B8AB600B1D03C /* Firebase SPM  */,
				57B7CD53262E36A60065DD80 /* Build Number */,
			);
			buildRules = (
			);
			dependencies = (
				577A7F39262B900200B1D03C /* PBXTargetDependency */,
				577A7F3B262B900200B1D03C /* PBXTargetDependency */,
				577A7F33262B8FF200B1D03C /* PBXTargetDependency */,
				577A7F35262B8FF200B1D03C /* PBXTargetDependency */,
				577A7F37262B8FF200B1D03C /* PBXTargetDependency */,
			);
			name = ViteMaDose;
			packageProductDependencies = (
				57613EFC2625085000AB6F2F /* SwiftDate */,
				57613EFE2625085000AB6F2F /* SwiftDateStatic */,
				575CC210262AD8F7008D1869 /* PhoneNumberKit */,
				575CC217262ADA0D008D1869 /* FirebaseRemoteConfig */,
				575CC219262ADA0D008D1869 /* FirebaseAnalytics */,
				575CC21B262ADA0D008D1869 /* FirebaseCrashlytics */,
				6A0FA19F262CAB6C002D3AA8 /* APIRequest */,
				57B7CD4F262E28460065DD80 /* Haptica */,
			);
			productName = ViteMaDose;
			productReference = 576738BC261E329C004A700D /* ViteMaDose.app */;
			productType = "com.apple.product-type.application";
		};
		576738D1261E32A3004A700D /* ViteMaDoseTests */ = {
			isa = PBXNativeTarget;
			buildConfigurationList = 576738E9261E32A3004A700D /* Build configuration list for PBXNativeTarget "ViteMaDoseTests" */;
			buildPhases = (
				576738CE261E32A3004A700D /* Sources */,
				576738CF261E32A3004A700D /* Frameworks */,
				576738D0261E32A3004A700D /* Resources */,
			);
			buildRules = (
			);
			dependencies = (
				576738D4261E32A3004A700D /* PBXTargetDependency */,
			);
			name = ViteMaDoseTests;
			productName = ViteMaDoseTests;
			productReference = 576738D2261E32A3004A700D /* ViteMaDoseTests.xctest */;
			productType = "com.apple.product-type.bundle.unit-test";
		};
		576738DC261E32A3004A700D /* ViteMaDoseUITests */ = {
			isa = PBXNativeTarget;
			buildConfigurationList = 576738EC261E32A3004A700D /* Build configuration list for PBXNativeTarget "ViteMaDoseUITests" */;
			buildPhases = (
				576738D9261E32A3004A700D /* Sources */,
				576738DA261E32A3004A700D /* Frameworks */,
				576738DB261E32A3004A700D /* Resources */,
			);
			buildRules = (
			);
			dependencies = (
				576738DF261E32A3004A700D /* PBXTargetDependency */,
			);
			name = ViteMaDoseUITests;
			productName = ViteMaDoseUITests;
			productReference = 576738DD261E32A3004A700D /* ViteMaDoseUITests.xctest */;
			productType = "com.apple.product-type.bundle.ui-testing";
		};
/* End PBXNativeTarget section */

/* Begin PBXProject section */
		576738B4261E329C004A700D /* Project object */ = {
			isa = PBXProject;
			attributes = {
				LastSwiftUpdateCheck = 1240;
				LastUpgradeCheck = 1240;
				TargetAttributes = {
					576738BB261E329C004A700D = {
						CreatedOnToolsVersion = 12.4;
					};
					576738D1261E32A3004A700D = {
						CreatedOnToolsVersion = 12.4;
						TestTargetID = 576738BB261E329C004A700D;
					};
					576738DC261E32A3004A700D = {
						CreatedOnToolsVersion = 12.4;
						TestTargetID = 576738BB261E329C004A700D;
					};
				};
			};
			buildConfigurationList = 576738B7261E329C004A700D /* Build configuration list for PBXProject "ViteMaDose" */;
			compatibilityVersion = "Xcode 9.3";
			developmentRegion = fr;
			hasScannedForEncodings = 0;
			knownRegions = (
				fr,
				Base,
			);
			mainGroup = 576738B3261E329C004A700D;
			packageReferences = (
				57613EFB2625085000AB6F2F /* XCRemoteSwiftPackageReference "SwiftDate" */,
				575CC20F262AD8F6008D1869 /* XCRemoteSwiftPackageReference "PhoneNumberKit" */,
				575CC216262ADA0D008D1869 /* XCRemoteSwiftPackageReference "firebase-ios-sdk" */,
				6A0FA19E262CAB6C002D3AA8 /* XCRemoteSwiftPackageReference "APIRequest.swift" */,
				57B7CD4E262E28460065DD80 /* XCRemoteSwiftPackageReference "Haptica" */,
			);
			productRefGroup = 576738BD261E329C004A700D /* Products */;
			projectDirPath = "";
			projectRoot = "";
			targets = (
				576738BB261E329C004A700D /* ViteMaDose */,
				576738D1261E32A3004A700D /* ViteMaDoseTests */,
				576738DC261E32A3004A700D /* ViteMaDoseUITests */,
			);
		};
/* End PBXProject section */

/* Begin PBXResourcesBuildPhase section */
		576738BA261E329C004A700D /* Resources */ = {
			isa = PBXResourcesBuildPhase;
			buildActionMask = 2147483647;
			files = (
				57AD21DE2621042700ED2B95 /* CentresListViewController.storyboard in Resources */,
				5747142B262B6BA300535DF1 /* CountyCell.xib in Resources */,
				57B6BEAA2636153000D9AAC1 /* maintenance.html in Resources */,
				57C4018F26238E5300EFFCA3 /* CountySelectionHeaderView.xib in Resources */,
				57C4017726235B6200EFFCA3 /* HomePartnersFooterView.xib in Resources */,
				57673938261E3BDE004A700D /* HomeViewController.storyboard in Resources */,
				57AD21EE2621073200ED2B95 /* CountySelectionViewController.storyboard in Resources */,
				DA234DC32626494600D6F71C /* remote-configuration.plist in Resources */,
				57C401972623929800EFFCA3 /* HomeCountyCell.xib in Resources */,
				57C401AB262426B100EFFCA3 /* CentreCell.xib in Resources */,
				577A7F6C262CA3D000B1D03C /* GoogleService-Info-prod.plist in Resources */,
				57AF5055262CE28E0085E3C1 /* CentresTitleCell.xib in Resources */,
				579D713226373A030021CB56 /* GoogleService-Info-debug.plist in Resources */,
				576738CC261E32A2004A700D /* LaunchScreen.storyboard in Resources */,
				575CC230262AF4E1008D1869 /* HomeCountySelectionCell.xib in Resources */,
				57B2BCA32633B254001B3D61 /* Localizable.strings in Resources */,
				57DEAA03263444BB005E8628 /* Localizable.stringsdict in Resources */,
				57AF504B262CDB3D0085E3C1 /* CentresStatsCell.xib in Resources */,
				57EC46FF262B1DC500FBA991 /* HomeTitleCell.xib in Resources */,
				5793482F2621E1E200F8A4A0 /* HomeStatsCell.xib in Resources */,
				576738C9261E32A2004A700D /* Assets.xcassets in Resources */,
			);
			runOnlyForDeploymentPostprocessing = 0;
		};
		576738D0261E32A3004A700D /* Resources */ = {
			isa = PBXResourcesBuildPhase;
			buildActionMask = 2147483647;
			files = (
			);
			runOnlyForDeploymentPostprocessing = 0;
		};
		576738DB261E32A3004A700D /* Resources */ = {
			isa = PBXResourcesBuildPhase;
			buildActionMask = 2147483647;
			files = (
			);
			runOnlyForDeploymentPostprocessing = 0;
		};
/* End PBXResourcesBuildPhase section */

/* Begin PBXShellScriptBuildPhase section */
		577A7F2B262B8AB600B1D03C /* Firebase SPM  */ = {
			isa = PBXShellScriptBuildPhase;
			buildActionMask = 2147483647;
			files = (
			);
			inputFileListPaths = (
			);
			inputPaths = (
			);
			name = "Firebase SPM ";
			outputFileListPaths = (
			);
			outputPaths = (
			);
			runOnlyForDeploymentPostprocessing = 0;
			shellPath = /bin/sh;
			shellScript = "$SRCROOT/Scripts/firebase-spm.sh\n";
		};
		579D712C263738E20021CB56 /* Firebase Configuration */ = {
			isa = PBXShellScriptBuildPhase;
			buildActionMask = 2147483647;
			files = (
			);
			inputFileListPaths = (
			);
			inputPaths = (
			);
			name = "Firebase Configuration";
			outputFileListPaths = (
			);
			outputPaths = (
			);
			runOnlyForDeploymentPostprocessing = 0;
			shellPath = /bin/sh;
			shellScript = "$SRCROOT/Scripts/set-google-plist.sh\n\n";
		};
		57B7CD53262E36A60065DD80 /* Build Number */ = {
			isa = PBXShellScriptBuildPhase;
			buildActionMask = 2147483647;
			files = (
			);
			inputFileListPaths = (
			);
			inputPaths = (
			);
			name = "Build Number";
			outputFileListPaths = (
			);
			outputPaths = (
			);
			runOnlyForDeploymentPostprocessing = 0;
			shellPath = /bin/sh;
			shellScript = "$SRCROOT/Scripts/set_build_number.sh\n";
		};
		889B9A48263307BC00175E24 /* Swiftlint */ = {
			isa = PBXShellScriptBuildPhase;
			buildActionMask = 2147483647;
			files = (
			);
			inputFileListPaths = (
			);
			inputPaths = (
			);
			name = Swiftlint;
			outputFileListPaths = (
			);
			outputPaths = (
			);
			runOnlyForDeploymentPostprocessing = 0;
			shellPath = /bin/sh;
			shellScript = "if which swiftlint >/dev/null; then\n  swiftlint\nelse\n  echo \"warning: SwiftLint not installed, download from https://github.com/realm/SwiftLint\"\nfi\n";
		};
		DA68646626276624005B2AC2 /* Crashlytics */ = {
			isa = PBXShellScriptBuildPhase;
			alwaysOutOfDate = 1;
			buildActionMask = 12;
			files = (
			);
			inputFileListPaths = (
			);
			inputPaths = (
			);
			name = Crashlytics;
			outputFileListPaths = (
			);
			outputPaths = (
			);
			runOnlyForDeploymentPostprocessing = 0;
			shellPath = /bin/sh;
			shellScript = "${BUILD_DIR%Build/*}/SourcePackages/checkouts/firebase-ios-sdk/Crashlytics/run\n";
		};
/* End PBXShellScriptBuildPhase section */

/* Begin PBXSourcesBuildPhase section */
		576738B8261E329C004A700D /* Sources */ = {
			isa = PBXSourcesBuildPhase;
			buildActionMask = 2147483647;
			files = (
				57B6BEA42636060200D9AAC1 /* MaintenanceViewController.swift in Sources */,
				576738FB261E374A004A700D /* URL+Commons.swift in Sources */,
				57613F03262510D700AB6F2F /* PartnerLogo.swift in Sources */,
				575CC22F262AF4E1008D1869 /* HomeCountySelectionCell.swift in Sources */,
				5793483C2621E2F100F8A4A0 /* HomeStatsCell.swift in Sources */,
				57DEAA1326346D9D005E8628 /* FormatterUtils.swift in Sources */,
				5795BE102633540C00A44849 /* String+Commons.swift in Sources */,
				577A7F5E262C6D6400B1D03C /* ErrorDisplayable.swift in Sources */,
				57673917261E3B1A004A700D /* UITableView+Commons.swift in Sources */,
				5767391C261E3B40004A700D /* Storyboard+Common.swift in Sources */,
				57C4018126238ABC00EFFCA3 /* UIFont+Commons.swift in Sources */,
				57673921261E3B59004A700D /* Collection+Commons.swift in Sources */,
				57AD21F62621097A00ED2B95 /* CentresListViewModel.swift in Sources */,
				57AF504A262CDB3D0085E3C1 /* CentresStatsCell.swift in Sources */,
				57673912261E3962004A700D /* VaccinationCentre.swift in Sources */,
				57C4017C262383DA00EFFCA3 /* UIImage+Commons.swift in Sources */,
				5767390A261E3875004A700D /* County.swift in Sources */,
				57AD21C8261FD47B00ED2B95 /* NSMutableAttributedString+Commons.swift in Sources */,
				57FE5C0F261FA84D0012B66D /* UIColor+VideMaDose.swift in Sources */,
				57673903261E3783004A700D /* Data+Commons.swift in Sources */,
				DA234DD12626506600D6F71C /* RemoteConfig.swift in Sources */,
				576738C0261E329C004A700D /* AppDelegate.swift in Sources */,
				575CC224262AECA7008D1869 /* HomeTitleCell.swift in Sources */,
				57C4018726238E4900EFFCA3 /* CountySelectionHeaderView.swift in Sources */,
				DA4D9953261E6B6A00D28AD0 /* CountySelectionViewController.swift in Sources */,
				57B2BCA02633AC5B001B3D61 /* Localization.swift in Sources */,
				5747142A262B6BA300535DF1 /* CountyCell.swift in Sources */,
				DA4D995E261E6D6300D28AD0 /* CountySelectionViewModel.swift in Sources */,
				5767393F261E3C1F004A700D /* HomeViewModel.swift in Sources */,
				57673955261E4145004A700D /* ClassNameProtocol.swift in Sources */,
				57C38B602627826B00FE63B0 /* NSTextAttachment+Commons.swift in Sources */,
				5793484C262241B900F8A4A0 /* Stats.swift in Sources */,
				57AD21CD262102F700ED2B95 /* UIViewControllerController+Commons.swift in Sources */,
				DA68647B2627A1CA005B2AC2 /* AppAnalytics.swift in Sources */,
				57C4017626235B6200EFFCA3 /* HomePartnersFooterView.swift in Sources */,
				576738F3261E353E004A700D /* APIService.swift in Sources */,
				576738C2261E329C004A700D /* SceneDelegate.swift in Sources */,
				57AD21D62621041200ED2B95 /* CentresListViewController.swift in Sources */,
				57C401AA262426B100EFFCA3 /* CentreCell.swift in Sources */,
				57C401962623929800EFFCA3 /* HomeCountyCell.swift in Sources */,
				57ECA227262B031F001B368F /* UserDefaultsWrapper.swift in Sources */,
				579348472621E41400F8A4A0 /* UICollectionView+Commons.swift in Sources */,
				57673930261E3BC5004A700D /* HomeViewController.swift in Sources */,
				577A7F62262C6D7E00B1D03C /* UIViewController+ErrorDisplayable.swift in Sources */,
				57AF504F262CDD5A0085E3C1 /* CentresTitleCell.swift in Sources */,
				57673926261E3B6C004A700D /* UIView+Common.swift in Sources */,
			);
			runOnlyForDeploymentPostprocessing = 0;
		};
		576738CE261E32A3004A700D /* Sources */ = {
			isa = PBXSourcesBuildPhase;
			buildActionMask = 2147483647;
			files = (
				576738D7261E32A3004A700D /* ViteMaDoseTests.swift in Sources */,
			);
			runOnlyForDeploymentPostprocessing = 0;
		};
		576738D9261E32A3004A700D /* Sources */ = {
			isa = PBXSourcesBuildPhase;
			buildActionMask = 2147483647;
			files = (
				576738E2261E32A3004A700D /* ViteMaDoseUITests.swift in Sources */,
			);
			runOnlyForDeploymentPostprocessing = 0;
		};
/* End PBXSourcesBuildPhase section */

/* Begin PBXTargetDependency section */
		576738D4261E32A3004A700D /* PBXTargetDependency */ = {
			isa = PBXTargetDependency;
			target = 576738BB261E329C004A700D /* ViteMaDose */;
			targetProxy = 576738D3261E32A3004A700D /* PBXContainerItemProxy */;
		};
		576738DF261E32A3004A700D /* PBXTargetDependency */ = {
			isa = PBXTargetDependency;
			target = 576738BB261E329C004A700D /* ViteMaDose */;
			targetProxy = 576738DE261E32A3004A700D /* PBXContainerItemProxy */;
		};
		577A7F33262B8FF200B1D03C /* PBXTargetDependency */ = {
			isa = PBXTargetDependency;
			productRef = 577A7F32262B8FF200B1D03C /* FirebaseAnalytics */;
		};
		577A7F35262B8FF200B1D03C /* PBXTargetDependency */ = {
			isa = PBXTargetDependency;
			productRef = 577A7F34262B8FF200B1D03C /* FirebaseCrashlytics */;
		};
		577A7F37262B8FF200B1D03C /* PBXTargetDependency */ = {
			isa = PBXTargetDependency;
			productRef = 577A7F36262B8FF200B1D03C /* FirebaseRemoteConfig */;
		};
		577A7F39262B900200B1D03C /* PBXTargetDependency */ = {
			isa = PBXTargetDependency;
			productRef = 577A7F38262B900200B1D03C /* SwiftDate */;
		};
		577A7F3B262B900200B1D03C /* PBXTargetDependency */ = {
			isa = PBXTargetDependency;
			productRef = 577A7F3A262B900200B1D03C /* PhoneNumberKit */;
		};
/* End PBXTargetDependency section */

/* Begin PBXVariantGroup section */
		576738CA261E32A2004A700D /* LaunchScreen.storyboard */ = {
			isa = PBXVariantGroup;
			children = (
				576738CB261E32A2004A700D /* Base */,
			);
			name = LaunchScreen.storyboard;
			sourceTree = "<group>";
		};
		57B2BCA52633B254001B3D61 /* Localizable.strings */ = {
			isa = PBXVariantGroup;
			children = (
				57B2BCA42633B254001B3D61 /* fr */,
			);
			name = Localizable.strings;
			sourceTree = "<group>";
		};
		57DEAA05263444BB005E8628 /* Localizable.stringsdict */ = {
			isa = PBXVariantGroup;
			children = (
				57DEAA04263444BB005E8628 /* fr */,
			);
			name = Localizable.stringsdict;
			sourceTree = "<group>";
		};
/* End PBXVariantGroup section */

/* Begin XCBuildConfiguration section */
		576738E4261E32A3004A700D /* Debug */ = {
			isa = XCBuildConfiguration;
			buildSettings = {
				ALWAYS_SEARCH_USER_PATHS = NO;
				CLANG_ANALYZER_NONNULL = YES;
				CLANG_ANALYZER_NUMBER_OBJECT_CONVERSION = YES_AGGRESSIVE;
				CLANG_CXX_LANGUAGE_STANDARD = "gnu++14";
				CLANG_CXX_LIBRARY = "libc++";
				CLANG_ENABLE_MODULES = YES;
				CLANG_ENABLE_OBJC_ARC = YES;
				CLANG_ENABLE_OBJC_WEAK = YES;
				CLANG_WARN_BLOCK_CAPTURE_AUTORELEASING = YES;
				CLANG_WARN_BOOL_CONVERSION = YES;
				CLANG_WARN_COMMA = YES;
				CLANG_WARN_CONSTANT_CONVERSION = YES;
				CLANG_WARN_DEPRECATED_OBJC_IMPLEMENTATIONS = YES;
				CLANG_WARN_DIRECT_OBJC_ISA_USAGE = YES_ERROR;
				CLANG_WARN_DOCUMENTATION_COMMENTS = YES;
				CLANG_WARN_EMPTY_BODY = YES;
				CLANG_WARN_ENUM_CONVERSION = YES;
				CLANG_WARN_INFINITE_RECURSION = YES;
				CLANG_WARN_INT_CONVERSION = YES;
				CLANG_WARN_NON_LITERAL_NULL_CONVERSION = YES;
				CLANG_WARN_OBJC_IMPLICIT_RETAIN_SELF = YES;
				CLANG_WARN_OBJC_LITERAL_CONVERSION = YES;
				CLANG_WARN_OBJC_ROOT_CLASS = YES_ERROR;
				CLANG_WARN_QUOTED_INCLUDE_IN_FRAMEWORK_HEADER = YES;
				CLANG_WARN_RANGE_LOOP_ANALYSIS = YES;
				CLANG_WARN_STRICT_PROTOTYPES = YES;
				CLANG_WARN_SUSPICIOUS_MOVE = YES;
				CLANG_WARN_UNGUARDED_AVAILABILITY = YES_AGGRESSIVE;
				CLANG_WARN_UNREACHABLE_CODE = YES;
				CLANG_WARN__DUPLICATE_METHOD_MATCH = YES;
				COPY_PHASE_STRIP = NO;
				DEBUG_INFORMATION_FORMAT = dwarf;
				ENABLE_STRICT_OBJC_MSGSEND = YES;
				ENABLE_TESTABILITY = YES;
				GCC_C_LANGUAGE_STANDARD = gnu11;
				GCC_DYNAMIC_NO_PIC = NO;
				GCC_NO_COMMON_BLOCKS = YES;
				GCC_OPTIMIZATION_LEVEL = 0;
				GCC_PREPROCESSOR_DEFINITIONS = (
					"DEBUG=1",
					"$(inherited)",
				);
				GCC_WARN_64_TO_32_BIT_CONVERSION = YES;
				GCC_WARN_ABOUT_RETURN_TYPE = YES_ERROR;
				GCC_WARN_UNDECLARED_SELECTOR = YES;
				GCC_WARN_UNINITIALIZED_AUTOS = YES_AGGRESSIVE;
				GCC_WARN_UNUSED_FUNCTION = YES;
				GCC_WARN_UNUSED_VARIABLE = YES;
				IPHONEOS_DEPLOYMENT_TARGET = 13.0;
				MTL_ENABLE_DEBUG_INFO = INCLUDE_SOURCE;
				MTL_FAST_MATH = YES;
				ONLY_ACTIVE_ARCH = YES;
				OTHER_LDFLAGS = "-ObjC";
				SDKROOT = iphoneos;
				SWIFT_ACTIVE_COMPILATION_CONDITIONS = DEBUG;
				SWIFT_OPTIMIZATION_LEVEL = "-Onone";
			};
			name = Debug;
		};
		576738E5261E32A3004A700D /* Release */ = {
			isa = XCBuildConfiguration;
			buildSettings = {
				ALWAYS_SEARCH_USER_PATHS = NO;
				CLANG_ANALYZER_NONNULL = YES;
				CLANG_ANALYZER_NUMBER_OBJECT_CONVERSION = YES_AGGRESSIVE;
				CLANG_CXX_LANGUAGE_STANDARD = "gnu++14";
				CLANG_CXX_LIBRARY = "libc++";
				CLANG_ENABLE_MODULES = YES;
				CLANG_ENABLE_OBJC_ARC = YES;
				CLANG_ENABLE_OBJC_WEAK = YES;
				CLANG_WARN_BLOCK_CAPTURE_AUTORELEASING = YES;
				CLANG_WARN_BOOL_CONVERSION = YES;
				CLANG_WARN_COMMA = YES;
				CLANG_WARN_CONSTANT_CONVERSION = YES;
				CLANG_WARN_DEPRECATED_OBJC_IMPLEMENTATIONS = YES;
				CLANG_WARN_DIRECT_OBJC_ISA_USAGE = YES_ERROR;
				CLANG_WARN_DOCUMENTATION_COMMENTS = YES;
				CLANG_WARN_EMPTY_BODY = YES;
				CLANG_WARN_ENUM_CONVERSION = YES;
				CLANG_WARN_INFINITE_RECURSION = YES;
				CLANG_WARN_INT_CONVERSION = YES;
				CLANG_WARN_NON_LITERAL_NULL_CONVERSION = YES;
				CLANG_WARN_OBJC_IMPLICIT_RETAIN_SELF = YES;
				CLANG_WARN_OBJC_LITERAL_CONVERSION = YES;
				CLANG_WARN_OBJC_ROOT_CLASS = YES_ERROR;
				CLANG_WARN_QUOTED_INCLUDE_IN_FRAMEWORK_HEADER = YES;
				CLANG_WARN_RANGE_LOOP_ANALYSIS = YES;
				CLANG_WARN_STRICT_PROTOTYPES = YES;
				CLANG_WARN_SUSPICIOUS_MOVE = YES;
				CLANG_WARN_UNGUARDED_AVAILABILITY = YES_AGGRESSIVE;
				CLANG_WARN_UNREACHABLE_CODE = YES;
				CLANG_WARN__DUPLICATE_METHOD_MATCH = YES;
				COPY_PHASE_STRIP = NO;
				DEBUG_INFORMATION_FORMAT = "dwarf-with-dsym";
				ENABLE_NS_ASSERTIONS = NO;
				ENABLE_STRICT_OBJC_MSGSEND = YES;
				GCC_C_LANGUAGE_STANDARD = gnu11;
				GCC_NO_COMMON_BLOCKS = YES;
				GCC_WARN_64_TO_32_BIT_CONVERSION = YES;
				GCC_WARN_ABOUT_RETURN_TYPE = YES_ERROR;
				GCC_WARN_UNDECLARED_SELECTOR = YES;
				GCC_WARN_UNINITIALIZED_AUTOS = YES_AGGRESSIVE;
				GCC_WARN_UNUSED_FUNCTION = YES;
				GCC_WARN_UNUSED_VARIABLE = YES;
				IPHONEOS_DEPLOYMENT_TARGET = 13.0;
				MTL_ENABLE_DEBUG_INFO = NO;
				MTL_FAST_MATH = YES;
				OTHER_LDFLAGS = "-ObjC";
				SDKROOT = iphoneos;
				SWIFT_COMPILATION_MODE = wholemodule;
				SWIFT_OPTIMIZATION_LEVEL = "-O";
				VALIDATE_PRODUCT = YES;
			};
			name = Release;
		};
		576738E7261E32A3004A700D /* Debug */ = {
			isa = XCBuildConfiguration;
			buildSettings = {
				ASSETCATALOG_COMPILER_APPICON_NAME = AppIconDebug;
				ASSETCATALOG_COMPILER_GLOBAL_ACCENT_COLOR_NAME = AccentColor;
				CODE_SIGN_ENTITLEMENTS = ViteMaDose/ViteMaDose.entitlements;
				CODE_SIGN_STYLE = Automatic;
				CURRENT_PROJECT_VERSION = 841539;
				DEBUG_INFORMATION_FORMAT = "dwarf-with-dsym";
				DEVELOPMENT_TEAM = ZL9396WK65;
				INFOPLIST_FILE = ViteMaDose/Info.plist;
				LD_RUNPATH_SEARCH_PATHS = (
					"$(inherited)",
					"@executable_path/Frameworks",
				);
				MARKETING_VERSION = 1.0;
				PRODUCT_BUNDLE_IDENTIFIER = app.vitemadose.debug;
				PRODUCT_NAME = "$(TARGET_NAME)";
				SWIFT_VERSION = 5.0;
				TARGETED_DEVICE_FAMILY = "1,2";
			};
			name = Debug;
		};
		576738E8261E32A3004A700D /* Release */ = {
			isa = XCBuildConfiguration;
			buildSettings = {
				ASSETCATALOG_COMPILER_APPICON_NAME = AppIcon;
				ASSETCATALOG_COMPILER_GLOBAL_ACCENT_COLOR_NAME = AccentColor;
				CODE_SIGN_ENTITLEMENTS = ViteMaDose/ViteMaDose.entitlements;
				CODE_SIGN_STYLE = Automatic;
				CURRENT_PROJECT_VERSION = 841539;
				DEVELOPMENT_TEAM = ZL9396WK65;
				INFOPLIST_FILE = ViteMaDose/Info.plist;
				LD_RUNPATH_SEARCH_PATHS = (
					"$(inherited)",
					"@executable_path/Frameworks",
				);
				MARKETING_VERSION = 1.0;
				PRODUCT_BUNDLE_IDENTIFIER = app.vitemadose;
				PRODUCT_NAME = "$(TARGET_NAME)";
				SWIFT_VERSION = 5.0;
				TARGETED_DEVICE_FAMILY = "1,2";
			};
			name = Release;
		};
		576738EA261E32A3004A700D /* Debug */ = {
			isa = XCBuildConfiguration;
			buildSettings = {
				ALWAYS_EMBED_SWIFT_STANDARD_LIBRARIES = YES;
				BUNDLE_LOADER = "$(TEST_HOST)";
				CODE_SIGN_STYLE = Automatic;
				INFOPLIST_FILE = ViteMaDoseTests/Info.plist;
				IPHONEOS_DEPLOYMENT_TARGET = 14.4;
				LD_RUNPATH_SEARCH_PATHS = (
					"$(inherited)",
					"@executable_path/Frameworks",
					"@loader_path/Frameworks",
				);
				PRODUCT_BUNDLE_IDENTIFIER = fr.victorsarda.ViteMaDoseTests;
				PRODUCT_NAME = "$(TARGET_NAME)";
				SWIFT_VERSION = 5.0;
				TARGETED_DEVICE_FAMILY = "1,2";
				TEST_HOST = "$(BUILT_PRODUCTS_DIR)/ViteMaDose.app/ViteMaDose";
			};
			name = Debug;
		};
		576738EB261E32A3004A700D /* Release */ = {
			isa = XCBuildConfiguration;
			buildSettings = {
				ALWAYS_EMBED_SWIFT_STANDARD_LIBRARIES = YES;
				BUNDLE_LOADER = "$(TEST_HOST)";
				CODE_SIGN_STYLE = Automatic;
				INFOPLIST_FILE = ViteMaDoseTests/Info.plist;
				IPHONEOS_DEPLOYMENT_TARGET = 14.4;
				LD_RUNPATH_SEARCH_PATHS = (
					"$(inherited)",
					"@executable_path/Frameworks",
					"@loader_path/Frameworks",
				);
				PRODUCT_BUNDLE_IDENTIFIER = fr.victorsarda.ViteMaDoseTests;
				PRODUCT_NAME = "$(TARGET_NAME)";
				SWIFT_VERSION = 5.0;
				TARGETED_DEVICE_FAMILY = "1,2";
				TEST_HOST = "$(BUILT_PRODUCTS_DIR)/ViteMaDose.app/ViteMaDose";
			};
			name = Release;
		};
		576738ED261E32A3004A700D /* Debug */ = {
			isa = XCBuildConfiguration;
			buildSettings = {
				ALWAYS_EMBED_SWIFT_STANDARD_LIBRARIES = YES;
				CODE_SIGN_STYLE = Automatic;
				INFOPLIST_FILE = ViteMaDoseUITests/Info.plist;
				LD_RUNPATH_SEARCH_PATHS = (
					"$(inherited)",
					"@executable_path/Frameworks",
					"@loader_path/Frameworks",
				);
				PRODUCT_BUNDLE_IDENTIFIER = fr.victorsarda.ViteMaDoseUITests;
				PRODUCT_NAME = "$(TARGET_NAME)";
				SWIFT_VERSION = 5.0;
				TARGETED_DEVICE_FAMILY = "1,2";
				TEST_TARGET_NAME = ViteMaDose;
			};
			name = Debug;
		};
		576738EE261E32A3004A700D /* Release */ = {
			isa = XCBuildConfiguration;
			buildSettings = {
				ALWAYS_EMBED_SWIFT_STANDARD_LIBRARIES = YES;
				CODE_SIGN_STYLE = Automatic;
				INFOPLIST_FILE = ViteMaDoseUITests/Info.plist;
				LD_RUNPATH_SEARCH_PATHS = (
					"$(inherited)",
					"@executable_path/Frameworks",
					"@loader_path/Frameworks",
				);
				PRODUCT_BUNDLE_IDENTIFIER = fr.victorsarda.ViteMaDoseUITests;
				PRODUCT_NAME = "$(TARGET_NAME)";
				SWIFT_VERSION = 5.0;
				TARGETED_DEVICE_FAMILY = "1,2";
				TEST_TARGET_NAME = ViteMaDose;
			};
			name = Release;
		};
/* End XCBuildConfiguration section */

/* Begin XCConfigurationList section */
		576738B7261E329C004A700D /* Build configuration list for PBXProject "ViteMaDose" */ = {
			isa = XCConfigurationList;
			buildConfigurations = (
				576738E4261E32A3004A700D /* Debug */,
				576738E5261E32A3004A700D /* Release */,
			);
			defaultConfigurationIsVisible = 0;
			defaultConfigurationName = Release;
		};
		576738E6261E32A3004A700D /* Build configuration list for PBXNativeTarget "ViteMaDose" */ = {
			isa = XCConfigurationList;
			buildConfigurations = (
				576738E7261E32A3004A700D /* Debug */,
				576738E8261E32A3004A700D /* Release */,
			);
			defaultConfigurationIsVisible = 0;
			defaultConfigurationName = Release;
		};
		576738E9261E32A3004A700D /* Build configuration list for PBXNativeTarget "ViteMaDoseTests" */ = {
			isa = XCConfigurationList;
			buildConfigurations = (
				576738EA261E32A3004A700D /* Debug */,
				576738EB261E32A3004A700D /* Release */,
			);
			defaultConfigurationIsVisible = 0;
			defaultConfigurationName = Release;
		};
		576738EC261E32A3004A700D /* Build configuration list for PBXNativeTarget "ViteMaDoseUITests" */ = {
			isa = XCConfigurationList;
			buildConfigurations = (
				576738ED261E32A3004A700D /* Debug */,
				576738EE261E32A3004A700D /* Release */,
			);
			defaultConfigurationIsVisible = 0;
			defaultConfigurationName = Release;
		};
/* End XCConfigurationList section */

/* Begin XCRemoteSwiftPackageReference section */
		575CC20F262AD8F6008D1869 /* XCRemoteSwiftPackageReference "PhoneNumberKit" */ = {
			isa = XCRemoteSwiftPackageReference;
			repositoryURL = "https://github.com/marmelroy/PhoneNumberKit.git";
			requirement = {
				kind = upToNextMajorVersion;
				minimumVersion = 3.3.3;
			};
		};
		575CC216262ADA0D008D1869 /* XCRemoteSwiftPackageReference "firebase-ios-sdk" */ = {
			isa = XCRemoteSwiftPackageReference;
			repositoryURL = "https://github.com/firebase/firebase-ios-sdk.git";
			requirement = {
				kind = upToNextMajorVersion;
				minimumVersion = 7.10.0;
			};
		};
		57613EFB2625085000AB6F2F /* XCRemoteSwiftPackageReference "SwiftDate" */ = {
			isa = XCRemoteSwiftPackageReference;
			repositoryURL = "https://github.com/malcommac/SwiftDate.git";
			requirement = {
				kind = upToNextMajorVersion;
				minimumVersion = 6.3.1;
			};
		};
		57B7CD4E262E28460065DD80 /* XCRemoteSwiftPackageReference "Haptica" */ = {
			isa = XCRemoteSwiftPackageReference;
			repositoryURL = "https://github.com/efremidze/Haptica.git";
			requirement = {
				kind = upToNextMajorVersion;
				minimumVersion = 3.0.2;
			};
		};
		6A0FA19E262CAB6C002D3AA8 /* XCRemoteSwiftPackageReference "APIRequest.swift" */ = {
			isa = XCRemoteSwiftPackageReference;
			repositoryURL = "https://github.com/GroupeMINASTE/APIRequest.swift.git";
			requirement = {
				kind = upToNextMajorVersion;
				minimumVersion = 1.3.2;
			};
		};
/* End XCRemoteSwiftPackageReference section */

/* Begin XCSwiftPackageProductDependency section */
		575CC210262AD8F7008D1869 /* PhoneNumberKit */ = {
			isa = XCSwiftPackageProductDependency;
			package = 575CC20F262AD8F6008D1869 /* XCRemoteSwiftPackageReference "PhoneNumberKit" */;
			productName = PhoneNumberKit;
		};
		575CC217262ADA0D008D1869 /* FirebaseRemoteConfig */ = {
			isa = XCSwiftPackageProductDependency;
			package = 575CC216262ADA0D008D1869 /* XCRemoteSwiftPackageReference "firebase-ios-sdk" */;
			productName = FirebaseRemoteConfig;
		};
		575CC219262ADA0D008D1869 /* FirebaseAnalytics */ = {
			isa = XCSwiftPackageProductDependency;
			package = 575CC216262ADA0D008D1869 /* XCRemoteSwiftPackageReference "firebase-ios-sdk" */;
			productName = FirebaseAnalytics;
		};
		575CC21B262ADA0D008D1869 /* FirebaseCrashlytics */ = {
			isa = XCSwiftPackageProductDependency;
			package = 575CC216262ADA0D008D1869 /* XCRemoteSwiftPackageReference "firebase-ios-sdk" */;
			productName = FirebaseCrashlytics;
		};
		57613EFC2625085000AB6F2F /* SwiftDate */ = {
			isa = XCSwiftPackageProductDependency;
			package = 57613EFB2625085000AB6F2F /* XCRemoteSwiftPackageReference "SwiftDate" */;
			productName = SwiftDate;
		};
		57613EFE2625085000AB6F2F /* SwiftDateStatic */ = {
			isa = XCSwiftPackageProductDependency;
			package = 57613EFB2625085000AB6F2F /* XCRemoteSwiftPackageReference "SwiftDate" */;
			productName = SwiftDateStatic;
		};
		577A7F32262B8FF200B1D03C /* FirebaseAnalytics */ = {
			isa = XCSwiftPackageProductDependency;
			package = 575CC216262ADA0D008D1869 /* XCRemoteSwiftPackageReference "firebase-ios-sdk" */;
			productName = FirebaseAnalytics;
		};
		577A7F34262B8FF200B1D03C /* FirebaseCrashlytics */ = {
			isa = XCSwiftPackageProductDependency;
			package = 575CC216262ADA0D008D1869 /* XCRemoteSwiftPackageReference "firebase-ios-sdk" */;
			productName = FirebaseCrashlytics;
		};
		577A7F36262B8FF200B1D03C /* FirebaseRemoteConfig */ = {
			isa = XCSwiftPackageProductDependency;
			package = 575CC216262ADA0D008D1869 /* XCRemoteSwiftPackageReference "firebase-ios-sdk" */;
			productName = FirebaseRemoteConfig;
		};
		577A7F38262B900200B1D03C /* SwiftDate */ = {
			isa = XCSwiftPackageProductDependency;
			package = 57613EFB2625085000AB6F2F /* XCRemoteSwiftPackageReference "SwiftDate" */;
			productName = SwiftDate;
		};
		577A7F3A262B900200B1D03C /* PhoneNumberKit */ = {
			isa = XCSwiftPackageProductDependency;
			package = 575CC20F262AD8F6008D1869 /* XCRemoteSwiftPackageReference "PhoneNumberKit" */;
			productName = PhoneNumberKit;
		};
		57B7CD4F262E28460065DD80 /* Haptica */ = {
			isa = XCSwiftPackageProductDependency;
			package = 57B7CD4E262E28460065DD80 /* XCRemoteSwiftPackageReference "Haptica" */;
			productName = Haptica;
		};
		6A0FA19F262CAB6C002D3AA8 /* APIRequest */ = {
			isa = XCSwiftPackageProductDependency;
			package = 6A0FA19E262CAB6C002D3AA8 /* XCRemoteSwiftPackageReference "APIRequest.swift" */;
			productName = APIRequest;
		};
/* End XCSwiftPackageProductDependency section */
	};
	rootObject = 576738B4261E329C004A700D /* Project object */;
}
